
Terraform used the selected providers to generate the following execution
plan. Resource actions are indicated with the following symbols:
  [32m+[0m create
[0m
Terraform will perform the following actions:

[1m  # module.ansible.local_file.ansible_hosts[0m will be created[0m[0m
[0m  [32m+[0m[0m resource "local_file" "ansible_hosts" {
      [32m+[0m [0m[1m[0mcontent[0m[0m              = (known after apply)
      [32m+[0m [0m[1m[0mdirectory_permission[0m[0m = "0777"
      [32m+[0m [0m[1m[0mfile_permission[0m[0m      = "0777"
      [32m+[0m [0m[1m[0mfilename[0m[0m             = "ansible/hosts"
      [32m+[0m [0m[1m[0mid[0m[0m                   = (known after apply)
    }

[1m  # module.ansible.local_file.ansible_vars[0m will be created[0m[0m
[0m  [32m+[0m[0m resource "local_file" "ansible_vars" {
      [32m+[0m [0m[1m[0mcontent[0m[0m              = (sensitive)
      [32m+[0m [0m[1m[0mdirectory_permission[0m[0m = "0777"
      [32m+[0m [0m[1m[0mfile_permission[0m[0m      = "0666"
      [32m+[0m [0m[1m[0mfilename[0m[0m             = "modules/ansible/../../ansible/group_vars/all"
      [32m+[0m [0m[1m[0mid[0m[0m                   = (known after apply)
    }

[1m  # module.ec2.aws_iam_instance_profile.all_profile[0m will be created[0m[0m
[0m  [32m+[0m[0m resource "aws_iam_instance_profile" "all_profile" {
      [32m+[0m [0m[1m[0marn[0m[0m         = (known after apply)
      [32m+[0m [0m[1m[0mcreate_date[0m[0m = (known after apply)
      [32m+[0m [0m[1m[0mid[0m[0m          = (known after apply)
      [32m+[0m [0m[1m[0mname[0m[0m        = "mon_ec2_profile"
      [32m+[0m [0m[1m[0mpath[0m[0m        = "/"
      [32m+[0m [0m[1m[0mrole[0m[0m        = "test_role"
      [32m+[0m [0m[1m[0mtags_all[0m[0m    = (known after apply)
      [32m+[0m [0m[1m[0munique_id[0m[0m   = (known after apply)
    }

[1m  # module.ec2.aws_iam_policy.all_policy[0m will be created[0m[0m
[0m  [32m+[0m[0m resource "aws_iam_policy" "all_policy" {
      [32m+[0m [0m[1m[0marn[0m[0m         = (known after apply)
      [32m+[0m [0m[1m[0mdescription[0m[0m = "A test policy"
      [32m+[0m [0m[1m[0mid[0m[0m          = (known after apply)
      [32m+[0m [0m[1m[0mname[0m[0m        = "test-policy"
      [32m+[0m [0m[1m[0mpath[0m[0m        = "/"
      [32m+[0m [0m[1m[0mpolicy[0m[0m      = jsonencode(
            {
              [32m+[0m [0mStatement = [
                  [32m+[0m [0m{
                      [32m+[0m [0mAction   = [
                          [32m+[0m [0m"*",
                        ]
                      [32m+[0m [0mEffect   = "Allow"
                      [32m+[0m [0mResource = "*"
                    },
                ]
              [32m+[0m [0mVersion   = "2012-10-17"
            }
        )
      [32m+[0m [0m[1m[0mpolicy_id[0m[0m   = (known after apply)
      [32m+[0m [0m[1m[0mtags_all[0m[0m    = (known after apply)
    }

[1m  # module.ec2.aws_iam_role.all_role[0m will be created[0m[0m
[0m  [32m+[0m[0m resource "aws_iam_role" "all_role" {
      [32m+[0m [0m[1m[0marn[0m[0m                   = (known after apply)
      [32m+[0m [0m[1m[0massume_role_policy[0m[0m    = jsonencode(
            {
              [32m+[0m [0mStatement = [
                  [32m+[0m [0m{
                      [32m+[0m [0mAction    = "sts:AssumeRole"
                      [32m+[0m [0mEffect    = "Allow"
                      [32m+[0m [0mPrincipal = {
                          [32m+[0m [0mService = "ec2.amazonaws.com"
                        }
                      [32m+[0m [0mSid       = "Vivi"
                    },
                ]
              [32m+[0m [0mVersion   = "2012-10-17"
            }
        )
      [32m+[0m [0m[1m[0mcreate_date[0m[0m           = (known after apply)
      [32m+[0m [0m[1m[0mforce_detach_policies[0m[0m = false
      [32m+[0m [0m[1m[0mid[0m[0m                    = (known after apply)
      [32m+[0m [0m[1m[0mmanaged_policy_arns[0m[0m   = (known after apply)
      [32m+[0m [0m[1m[0mmax_session_duration[0m[0m  = 3600
      [32m+[0m [0m[1m[0mname[0m[0m                  = "test_role"
      [32m+[0m [0m[1m[0mpath[0m[0m                  = "/"
      [32m+[0m [0m[1m[0mtags_all[0m[0m              = (known after apply)
      [32m+[0m [0m[1m[0munique_id[0m[0m             = (known after apply)

      [32m+[0m [0minline_policy {
          [32m+[0m [0m[1m[0mname[0m[0m   = (known after apply)
          [32m+[0m [0m[1m[0mpolicy[0m[0m = (known after apply)
        }
    }

[1m  # module.ec2.aws_iam_role_policy_attachment.test-attach[0m will be created[0m[0m
[0m  [32m+[0m[0m resource "aws_iam_role_policy_attachment" "test-attach" {
      [32m+[0m [0m[1m[0mid[0m[0m         = (known after apply)
      [32m+[0m [0m[1m[0mpolicy_arn[0m[0m = (known after apply)
      [32m+[0m [0m[1m[0mrole[0m[0m       = "test_role"
    }

[1m  # module.ec2.aws_instance.app-1[0][0m will be created[0m[0m
[0m  [32m+[0m[0m resource "aws_instance" "app-1" {
      [32m+[0m [0m[1m[0mami[0m[0m                                  = "ami-059f1cc52e6c85908"
      [32m+[0m [0m[1m[0marn[0m[0m                                  = (known after apply)
      [32m+[0m [0m[1m[0massociate_public_ip_address[0m[0m          = true
      [32m+[0m [0m[1m[0mavailability_zone[0m[0m                    = (known after apply)
      [32m+[0m [0m[1m[0mcpu_core_count[0m[0m                       = (known after apply)
      [32m+[0m [0m[1m[0mcpu_threads_per_core[0m[0m                 = (known after apply)
      [32m+[0m [0m[1m[0mdisable_api_termination[0m[0m              = false
      [32m+[0m [0m[1m[0mebs_optimized[0m[0m                        = true
      [32m+[0m [0m[1m[0mget_password_data[0m[0m                    = false
      [32m+[0m [0m[1m[0mhost_id[0m[0m                              = (known after apply)
      [32m+[0m [0m[1m[0mid[0m[0m                                   = (known after apply)
      [32m+[0m [0m[1m[0minstance_initiated_shutdown_behavior[0m[0m = (known after apply)
      [32m+[0m [0m[1m[0minstance_state[0m[0m                       = (known after apply)
      [32m+[0m [0m[1m[0minstance_type[0m[0m                        = "m5.xlarge"
      [32m+[0m [0m[1m[0mipv6_address_count[0m[0m                   = (known after apply)
      [32m+[0m [0m[1m[0mipv6_addresses[0m[0m                       = (known after apply)
      [32m+[0m [0m[1m[0mkey_name[0m[0m                             = "gitlab"
      [32m+[0m [0m[1m[0moutpost_arn[0m[0m                          = (known after apply)
      [32m+[0m [0m[1m[0mpassword_data[0m[0m                        = (known after apply)
      [32m+[0m [0m[1m[0mplacement_group[0m[0m                      = (known after apply)
      [32m+[0m [0m[1m[0mprimary_network_interface_id[0m[0m         = (known after apply)
      [32m+[0m [0m[1m[0mprivate_dns[0m[0m                          = (known after apply)
      [32m+[0m [0m[1m[0mprivate_ip[0m[0m                           = (known after apply)
      [32m+[0m [0m[1m[0mpublic_dns[0m[0m                           = (known after apply)
      [32m+[0m [0m[1m[0mpublic_ip[0m[0m                            = (known after apply)
      [32m+[0m [0m[1m[0msecondary_private_ips[0m[0m                = (known after apply)
      [32m+[0m [0m[1m[0msecurity_groups[0m[0m                      = (known after apply)
      [32m+[0m [0m[1m[0msource_dest_check[0m[0m                    = true
      [32m+[0m [0m[1m[0msubnet_id[0m[0m                            = (known after apply)
      [32m+[0m [0m[1m[0mtags[0m[0m                                 = {
          [32m+[0m [0m"app"  = "gitlab"
          [32m+[0m [0m"role" = "application"
        }
      [32m+[0m [0m[1m[0mtags_all[0m[0m                             = {
          [32m+[0m [0m"app"  = "gitlab"
          [32m+[0m [0m"role" = "application"
        }
      [32m+[0m [0m[1m[0mtenancy[0m[0m                              = (known after apply)
      [32m+[0m [0m[1m[0mvpc_security_group_ids[0m[0m               = (known after apply)

      [32m+[0m [0mcapacity_reservation_specification {
          [32m+[0m [0m[1m[0mcapacity_reservation_preference[0m[0m = (known after apply)

          [32m+[0m [0mcapacity_reservation_target {
              [32m+[0m [0m[1m[0mcapacity_reservation_id[0m[0m = (known after apply)
            }
        }

      [32m+[0m [0mebs_block_device {
          [32m+[0m [0m[1m[0mdelete_on_termination[0m[0m = (known after apply)
          [32m+[0m [0m[1m[0mdevice_name[0m[0m           = (known after apply)
          [32m+[0m [0m[1m[0mencrypted[0m[0m             = (known after apply)
          [32m+[0m [0m[1m[0miops[0m[0m                  = (known after apply)
          [32m+[0m [0m[1m[0mkms_key_id[0m[0m            = (known after apply)
          [32m+[0m [0m[1m[0msnapshot_id[0m[0m           = (known after apply)
          [32m+[0m [0m[1m[0mtags[0m[0m                  = (known after apply)
          [32m+[0m [0m[1m[0mthroughput[0m[0m            = (known after apply)
          [32m+[0m [0m[1m[0mvolume_id[0m[0m             = (known after apply)
          [32m+[0m [0m[1m[0mvolume_size[0m[0m           = (known after apply)
          [32m+[0m [0m[1m[0mvolume_type[0m[0m           = (known after apply)
        }

      [32m+[0m [0menclave_options {
          [32m+[0m [0m[1m[0menabled[0m[0m = (known after apply)
        }

      [32m+[0m [0mephemeral_block_device {
          [32m+[0m [0m[1m[0mdevice_name[0m[0m  = (known after apply)
          [32m+[0m [0m[1m[0mno_device[0m[0m    = (known after apply)
          [32m+[0m [0m[1m[0mvirtual_name[0m[0m = (known after apply)
        }

      [32m+[0m [0mmetadata_options {
          [32m+[0m [0m[1m[0mhttp_endpoint[0m[0m               = (known after apply)
          [32m+[0m [0m[1m[0mhttp_put_response_hop_limit[0m[0m = (known after apply)
          [32m+[0m [0m[1m[0mhttp_tokens[0m[0m                 = (known after apply)
        }

      [32m+[0m [0mnetwork_interface {
          [32m+[0m [0m[1m[0mdelete_on_termination[0m[0m = (known after apply)
          [32m+[0m [0m[1m[0mdevice_index[0m[0m          = (known after apply)
          [32m+[0m [0m[1m[0mnetwork_interface_id[0m[0m  = (known after apply)
        }

      [32m+[0m [0mroot_block_device {
          [32m+[0m [0m[1m[0mdelete_on_termination[0m[0m = true
          [32m+[0m [0m[1m[0mdevice_name[0m[0m           = (known after apply)
          [32m+[0m [0m[1m[0mencrypted[0m[0m             = (known after apply)
          [32m+[0m [0m[1m[0miops[0m[0m                  = (known after apply)
          [32m+[0m [0m[1m[0mkms_key_id[0m[0m            = (known after apply)
          [32m+[0m [0m[1m[0mthroughput[0m[0m            = (known after apply)
          [32m+[0m [0m[1m[0mvolume_id[0m[0m             = (known after apply)
          [32m+[0m [0m[1m[0mvolume_size[0m[0m           = 20
          [32m+[0m [0m[1m[0mvolume_type[0m[0m           = (known after apply)
        }
    }

[1m  # module.ec2.aws_instance.bastion[0][0m will be created[0m[0m
[0m  [32m+[0m[0m resource "aws_instance" "bastion" {
      [32m+[0m [0m[1m[0mami[0m[0m                                  = "ami-059f1cc52e6c85908"
      [32m+[0m [0m[1m[0marn[0m[0m                                  = (known after apply)
      [32m+[0m [0m[1m[0massociate_public_ip_address[0m[0m          = true
      [32m+[0m [0m[1m[0mavailability_zone[0m[0m                    = (known after apply)
      [32m+[0m [0m[1m[0mcpu_core_count[0m[0m                       = (known after apply)
      [32m+[0m [0m[1m[0mcpu_threads_per_core[0m[0m                 = (known after apply)
      [32m+[0m [0m[1m[0mdisable_api_termination[0m[0m              = false
      [32m+[0m [0m[1m[0mebs_optimized[0m[0m                        = true
      [32m+[0m [0m[1m[0mget_password_data[0m[0m                    = false
      [32m+[0m [0m[1m[0mhost_id[0m[0m                              = (known after apply)
      [32m+[0m [0m[1m[0mid[0m[0m                                   = (known after apply)
      [32m+[0m [0m[1m[0minstance_initiated_shutdown_behavior[0m[0m = (known after apply)
      [32m+[0m [0m[1m[0minstance_state[0m[0m                       = (known after apply)
      [32m+[0m [0m[1m[0minstance_type[0m[0m                        = "t3.medium"
      [32m+[0m [0m[1m[0mipv6_address_count[0m[0m                   = (known after apply)
      [32m+[0m [0m[1m[0mipv6_addresses[0m[0m                       = (known after apply)
      [32m+[0m [0m[1m[0mkey_name[0m[0m                             = "gitlab"
      [32m+[0m [0m[1m[0moutpost_arn[0m[0m                          = (known after apply)
      [32m+[0m [0m[1m[0mpassword_data[0m[0m                        = (known after apply)
      [32m+[0m [0m[1m[0mplacement_group[0m[0m                      = (known after apply)
      [32m+[0m [0m[1m[0mprimary_network_interface_id[0m[0m         = (known after apply)
      [32m+[0m [0m[1m[0mprivate_dns[0m[0m                          = (known after apply)
      [32m+[0m [0m[1m[0mprivate_ip[0m[0m                           = (known after apply)
      [32m+[0m [0m[1m[0mpublic_dns[0m[0m                           = (known after apply)
      [32m+[0m [0m[1m[0mpublic_ip[0m[0m                            = (known after apply)
      [32m+[0m [0m[1m[0msecondary_private_ips[0m[0m                = (known after apply)
      [32m+[0m [0m[1m[0msecurity_groups[0m[0m                      = (known after apply)
      [32m+[0m [0m[1m[0msource_dest_check[0m[0m                    = true
      [32m+[0m [0m[1m[0msubnet_id[0m[0m                            = (known after apply)
      [32m+[0m [0m[1m[0mtags_all[0m[0m                             = (known after apply)
      [32m+[0m [0m[1m[0mtenancy[0m[0m                              = (known after apply)
      [32m+[0m [0m[1m[0mvpc_security_group_ids[0m[0m               = (known after apply)

      [32m+[0m [0mcapacity_reservation_specification {
          [32m+[0m [0m[1m[0mcapacity_reservation_preference[0m[0m = (known after apply)

          [32m+[0m [0mcapacity_reservation_target {
              [32m+[0m [0m[1m[0mcapacity_reservation_id[0m[0m = (known after apply)
            }
        }

      [32m+[0m [0mebs_block_device {
          [32m+[0m [0m[1m[0mdelete_on_termination[0m[0m = (known after apply)
          [32m+[0m [0m[1m[0mdevice_name[0m[0m           = (known after apply)
          [32m+[0m [0m[1m[0mencrypted[0m[0m             = (known after apply)
          [32m+[0m [0m[1m[0miops[0m[0m                  = (known after apply)
          [32m+[0m [0m[1m[0mkms_key_id[0m[0m            = (known after apply)
          [32m+[0m [0m[1m[0msnapshot_id[0m[0m           = (known after apply)
          [32m+[0m [0m[1m[0mtags[0m[0m                  = (known after apply)
          [32m+[0m [0m[1m[0mthroughput[0m[0m            = (known after apply)
          [32m+[0m [0m[1m[0mvolume_id[0m[0m             = (known after apply)
          [32m+[0m [0m[1m[0mvolume_size[0m[0m           = (known after apply)
          [32m+[0m [0m[1m[0mvolume_type[0m[0m           = (known after apply)
        }

      [32m+[0m [0menclave_options {
          [32m+[0m [0m[1m[0menabled[0m[0m = (known after apply)
        }

      [32m+[0m [0mephemeral_block_device {
          [32m+[0m [0m[1m[0mdevice_name[0m[0m  = (known after apply)
          [32m+[0m [0m[1m[0mno_device[0m[0m    = (known after apply)
          [32m+[0m [0m[1m[0mvirtual_name[0m[0m = (known after apply)
        }

      [32m+[0m [0mmetadata_options {
          [32m+[0m [0m[1m[0mhttp_endpoint[0m[0m               = (known after apply)
          [32m+[0m [0m[1m[0mhttp_put_response_hop_limit[0m[0m = (known after apply)
          [32m+[0m [0m[1m[0mhttp_tokens[0m[0m                 = (known after apply)
        }

      [32m+[0m [0mnetwork_interface {
          [32m+[0m [0m[1m[0mdelete_on_termination[0m[0m = (known after apply)
          [32m+[0m [0m[1m[0mdevice_index[0m[0m          = (known after apply)
          [32m+[0m [0m[1m[0mnetwork_interface_id[0m[0m  = (known after apply)
        }

      [32m+[0m [0mroot_block_device {
          [32m+[0m [0m[1m[0mdelete_on_termination[0m[0m = true
          [32m+[0m [0m[1m[0mdevice_name[0m[0m           = (known after apply)
          [32m+[0m [0m[1m[0mencrypted[0m[0m             = (known after apply)
          [32m+[0m [0m[1m[0miops[0m[0m                  = (known after apply)
          [32m+[0m [0m[1m[0mkms_key_id[0m[0m            = (known after apply)
          [32m+[0m [0m[1m[0mthroughput[0m[0m            = (known after apply)
          [32m+[0m [0m[1m[0mvolume_id[0m[0m             = (known after apply)
          [32m+[0m [0m[1m[0mvolume_size[0m[0m           = 20
          [32m+[0m [0m[1m[0mvolume_type[0m[0m           = (known after apply)
        }
    }

[1m  # module.ec2.aws_instance.gitaly-1[0][0m will be created[0m[0m
[0m  [32m+[0m[0m resource "aws_instance" "gitaly-1" {
      [32m+[0m [0m[1m[0mami[0m[0m                                  = "ami-059f1cc52e6c85908"
      [32m+[0m [0m[1m[0marn[0m[0m                                  = (known after apply)
      [32m+[0m [0m[1m[0massociate_public_ip_address[0m[0m          = (known after apply)
      [32m+[0m [0m[1m[0mavailability_zone[0m[0m                    = (known after apply)
      [32m+[0m [0m[1m[0mcpu_core_count[0m[0m                       = (known after apply)
      [32m+[0m [0m[1m[0mcpu_threads_per_core[0m[0m                 = (known after apply)
      [32m+[0m [0m[1m[0mdisable_api_termination[0m[0m              = false
      [32m+[0m [0m[1m[0mebs_optimized[0m[0m                        = true
      [32m+[0m [0m[1m[0mget_password_data[0m[0m                    = false
      [32m+[0m [0m[1m[0mhost_id[0m[0m                              = (known after apply)
      [32m+[0m [0m[1m[0mid[0m[0m                                   = (known after apply)
      [32m+[0m [0m[1m[0minstance_initiated_shutdown_behavior[0m[0m = (known after apply)
      [32m+[0m [0m[1m[0minstance_state[0m[0m                       = (known after apply)
      [32m+[0m [0m[1m[0minstance_type[0m[0m                        = "t3.medium"
      [32m+[0m [0m[1m[0mipv6_address_count[0m[0m                   = (known after apply)
      [32m+[0m [0m[1m[0mipv6_addresses[0m[0m                       = (known after apply)
      [32m+[0m [0m[1m[0mkey_name[0m[0m                             = "gitlab"
      [32m+[0m [0m[1m[0moutpost_arn[0m[0m                          = (known after apply)
      [32m+[0m [0m[1m[0mpassword_data[0m[0m                        = (known after apply)
      [32m+[0m [0m[1m[0mplacement_group[0m[0m                      = (known after apply)
      [32m+[0m [0m[1m[0mprimary_network_interface_id[0m[0m         = (known after apply)
      [32m+[0m [0m[1m[0mprivate_dns[0m[0m                          = (known after apply)
      [32m+[0m [0m[1m[0mprivate_ip[0m[0m                           = (known after apply)
      [32m+[0m [0m[1m[0mpublic_dns[0m[0m                           = (known after apply)
      [32m+[0m [0m[1m[0mpublic_ip[0m[0m                            = (known after apply)
      [32m+[0m [0m[1m[0msecondary_private_ips[0m[0m                = (known after apply)
      [32m+[0m [0m[1m[0msecurity_groups[0m[0m                      = (known after apply)
      [32m+[0m [0m[1m[0msource_dest_check[0m[0m                    = true
      [32m+[0m [0m[1m[0msubnet_id[0m[0m                            = (known after apply)
      [32m+[0m [0m[1m[0mtags[0m[0m                                 = {
          [32m+[0m [0m"app"  = "gitlab"
          [32m+[0m [0m"role" = "gitaly"
        }
      [32m+[0m [0m[1m[0mtags_all[0m[0m                             = {
          [32m+[0m [0m"app"  = "gitlab"
          [32m+[0m [0m"role" = "gitaly"
        }
      [32m+[0m [0m[1m[0mtenancy[0m[0m                              = (known after apply)
      [32m+[0m [0m[1m[0mvpc_security_group_ids[0m[0m               = (known after apply)

      [32m+[0m [0mcapacity_reservation_specification {
          [32m+[0m [0m[1m[0mcapacity_reservation_preference[0m[0m = (known after apply)

          [32m+[0m [0mcapacity_reservation_target {
              [32m+[0m [0m[1m[0mcapacity_reservation_id[0m[0m = (known after apply)
            }
        }

      [32m+[0m [0mebs_block_device {
          [32m+[0m [0m[1m[0mdelete_on_termination[0m[0m = true
          [32m+[0m [0m[1m[0mdevice_name[0m[0m           = "/dev/xvdb"
          [32m+[0m [0m[1m[0mencrypted[0m[0m             = (known after apply)
          [32m+[0m [0m[1m[0miops[0m[0m                  = (known after apply)
          [32m+[0m [0m[1m[0mkms_key_id[0m[0m            = (known after apply)
          [32m+[0m [0m[1m[0msnapshot_id[0m[0m           = (known after apply)
          [32m+[0m [0m[1m[0mthroughput[0m[0m            = (known after apply)
          [32m+[0m [0m[1m[0mvolume_id[0m[0m             = (known after apply)
          [32m+[0m [0m[1m[0mvolume_size[0m[0m           = 80
          [32m+[0m [0m[1m[0mvolume_type[0m[0m           = (known after apply)
        }

      [32m+[0m [0menclave_options {
          [32m+[0m [0m[1m[0menabled[0m[0m = (known after apply)
        }

      [32m+[0m [0mephemeral_block_device {
          [32m+[0m [0m[1m[0mdevice_name[0m[0m  = (known after apply)
          [32m+[0m [0m[1m[0mno_device[0m[0m    = (known after apply)
          [32m+[0m [0m[1m[0mvirtual_name[0m[0m = (known after apply)
        }

      [32m+[0m [0mmetadata_options {
          [32m+[0m [0m[1m[0mhttp_endpoint[0m[0m               = (known after apply)
          [32m+[0m [0m[1m[0mhttp_put_response_hop_limit[0m[0m = (known after apply)
          [32m+[0m [0m[1m[0mhttp_tokens[0m[0m                 = (known after apply)
        }

      [32m+[0m [0mnetwork_interface {
          [32m+[0m [0m[1m[0mdelete_on_termination[0m[0m = (known after apply)
          [32m+[0m [0m[1m[0mdevice_index[0m[0m          = (known after apply)
          [32m+[0m [0m[1m[0mnetwork_interface_id[0m[0m  = (known after apply)
        }

      [32m+[0m [0mroot_block_device {
          [32m+[0m [0m[1m[0mdelete_on_termination[0m[0m = true
          [32m+[0m [0m[1m[0mdevice_name[0m[0m           = (known after apply)
          [32m+[0m [0m[1m[0mencrypted[0m[0m             = (known after apply)
          [32m+[0m [0m[1m[0miops[0m[0m                  = (known after apply)
          [32m+[0m [0m[1m[0mkms_key_id[0m[0m            = (known after apply)
          [32m+[0m [0m[1m[0mthroughput[0m[0m            = (known after apply)
          [32m+[0m [0m[1m[0mvolume_id[0m[0m             = (known after apply)
          [32m+[0m [0m[1m[0mvolume_size[0m[0m           = 20
          [32m+[0m [0m[1m[0mvolume_type[0m[0m           = (known after apply)
        }
    }

[1m  # module.ec2.aws_instance.gitaly-1[1][0m will be created[0m[0m
[0m  [32m+[0m[0m resource "aws_instance" "gitaly-1" {
      [32m+[0m [0m[1m[0mami[0m[0m                                  = "ami-059f1cc52e6c85908"
      [32m+[0m [0m[1m[0marn[0m[0m                                  = (known after apply)
      [32m+[0m [0m[1m[0massociate_public_ip_address[0m[0m          = (known after apply)
      [32m+[0m [0m[1m[0mavailability_zone[0m[0m                    = (known after apply)
      [32m+[0m [0m[1m[0mcpu_core_count[0m[0m                       = (known after apply)
      [32m+[0m [0m[1m[0mcpu_threads_per_core[0m[0m                 = (known after apply)
      [32m+[0m [0m[1m[0mdisable_api_termination[0m[0m              = false
      [32m+[0m [0m[1m[0mebs_optimized[0m[0m                        = true
      [32m+[0m [0m[1m[0mget_password_data[0m[0m                    = false
      [32m+[0m [0m[1m[0mhost_id[0m[0m                              = (known after apply)
      [32m+[0m [0m[1m[0mid[0m[0m                                   = (known after apply)
      [32m+[0m [0m[1m[0minstance_initiated_shutdown_behavior[0m[0m = (known after apply)
      [32m+[0m [0m[1m[0minstance_state[0m[0m                       = (known after apply)
      [32m+[0m [0m[1m[0minstance_type[0m[0m                        = "t3.medium"
      [32m+[0m [0m[1m[0mipv6_address_count[0m[0m                   = (known after apply)
      [32m+[0m [0m[1m[0mipv6_addresses[0m[0m                       = (known after apply)
      [32m+[0m [0m[1m[0mkey_name[0m[0m                             = "gitlab"
      [32m+[0m [0m[1m[0moutpost_arn[0m[0m                          = (known after apply)
      [32m+[0m [0m[1m[0mpassword_data[0m[0m                        = (known after apply)
      [32m+[0m [0m[1m[0mplacement_group[0m[0m                      = (known after apply)
      [32m+[0m [0m[1m[0mprimary_network_interface_id[0m[0m         = (known after apply)
      [32m+[0m [0m[1m[0mprivate_dns[0m[0m                          = (known after apply)
      [32m+[0m [0m[1m[0mprivate_ip[0m[0m                           = (known after apply)
      [32m+[0m [0m[1m[0mpublic_dns[0m[0m                           = (known after apply)
      [32m+[0m [0m[1m[0mpublic_ip[0m[0m                            = (known after apply)
      [32m+[0m [0m[1m[0msecondary_private_ips[0m[0m                = (known after apply)
      [32m+[0m [0m[1m[0msecurity_groups[0m[0m                      = (known after apply)
      [32m+[0m [0m[1m[0msource_dest_check[0m[0m                    = true
      [32m+[0m [0m[1m[0msubnet_id[0m[0m                            = (known after apply)
      [32m+[0m [0m[1m[0mtags[0m[0m                                 = {
          [32m+[0m [0m"app"  = "gitlab"
          [32m+[0m [0m"role" = "gitaly"
        }
      [32m+[0m [0m[1m[0mtags_all[0m[0m                             = {
          [32m+[0m [0m"app"  = "gitlab"
          [32m+[0m [0m"role" = "gitaly"
        }
      [32m+[0m [0m[1m[0mtenancy[0m[0m                              = (known after apply)
      [32m+[0m [0m[1m[0mvpc_security_group_ids[0m[0m               = (known after apply)

      [32m+[0m [0mcapacity_reservation_specification {
          [32m+[0m [0m[1m[0mcapacity_reservation_preference[0m[0m = (known after apply)

          [32m+[0m [0mcapacity_reservation_target {
              [32m+[0m [0m[1m[0mcapacity_reservation_id[0m[0m = (known after apply)
            }
        }

      [32m+[0m [0mebs_block_device {
          [32m+[0m [0m[1m[0mdelete_on_termination[0m[0m = true
          [32m+[0m [0m[1m[0mdevice_name[0m[0m           = "/dev/xvdb"
          [32m+[0m [0m[1m[0mencrypted[0m[0m             = (known after apply)
          [32m+[0m [0m[1m[0miops[0m[0m                  = (known after apply)
          [32m+[0m [0m[1m[0mkms_key_id[0m[0m            = (known after apply)
          [32m+[0m [0m[1m[0msnapshot_id[0m[0m           = (known after apply)
          [32m+[0m [0m[1m[0mthroughput[0m[0m            = (known after apply)
          [32m+[0m [0m[1m[0mvolume_id[0m[0m             = (known after apply)
          [32m+[0m [0m[1m[0mvolume_size[0m[0m           = 80
          [32m+[0m [0m[1m[0mvolume_type[0m[0m           = (known after apply)
        }

      [32m+[0m [0menclave_options {
          [32m+[0m [0m[1m[0menabled[0m[0m = (known after apply)
        }

      [32m+[0m [0mephemeral_block_device {
          [32m+[0m [0m[1m[0mdevice_name[0m[0m  = (known after apply)
          [32m+[0m [0m[1m[0mno_device[0m[0m    = (known after apply)
          [32m+[0m [0m[1m[0mvirtual_name[0m[0m = (known after apply)
        }

      [32m+[0m [0mmetadata_options {
          [32m+[0m [0m[1m[0mhttp_endpoint[0m[0m               = (known after apply)
          [32m+[0m [0m[1m[0mhttp_put_response_hop_limit[0m[0m = (known after apply)
          [32m+[0m [0m[1m[0mhttp_tokens[0m[0m                 = (known after apply)
        }

      [32m+[0m [0mnetwork_interface {
          [32m+[0m [0m[1m[0mdelete_on_termination[0m[0m = (known after apply)
          [32m+[0m [0m[1m[0mdevice_index[0m[0m          = (known after apply)
          [32m+[0m [0m[1m[0mnetwork_interface_id[0m[0m  = (known after apply)
        }

      [32m+[0m [0mroot_block_device {
          [32m+[0m [0m[1m[0mdelete_on_termination[0m[0m = true
          [32m+[0m [0m[1m[0mdevice_name[0m[0m           = (known after apply)
          [32m+[0m [0m[1m[0mencrypted[0m[0m             = (known after apply)
          [32m+[0m [0m[1m[0miops[0m[0m                  = (known after apply)
          [32m+[0m [0m[1m[0mkms_key_id[0m[0m            = (known after apply)
          [32m+[0m [0m[1m[0mthroughput[0m[0m            = (known after apply)
          [32m+[0m [0m[1m[0mvolume_id[0m[0m             = (known after apply)
          [32m+[0m [0m[1m[0mvolume_size[0m[0m           = 20
          [32m+[0m [0m[1m[0mvolume_type[0m[0m           = (known after apply)
        }
    }

[1m  # module.ec2.aws_instance.mon-1[0][0m will be created[0m[0m
[0m  [32m+[0m[0m resource "aws_instance" "mon-1" {
      [32m+[0m [0m[1m[0mami[0m[0m                                  = "ami-059f1cc52e6c85908"
      [32m+[0m [0m[1m[0marn[0m[0m                                  = (known after apply)
      [32m+[0m [0m[1m[0massociate_public_ip_address[0m[0m          = (known after apply)
      [32m+[0m [0m[1m[0mavailability_zone[0m[0m                    = (known after apply)
      [32m+[0m [0m[1m[0mcpu_core_count[0m[0m                       = (known after apply)
      [32m+[0m [0m[1m[0mcpu_threads_per_core[0m[0m                 = (known after apply)
      [32m+[0m [0m[1m[0mdisable_api_termination[0m[0m              = false
      [32m+[0m [0m[1m[0mebs_optimized[0m[0m                        = true
      [32m+[0m [0m[1m[0mget_password_data[0m[0m                    = false
      [32m+[0m [0m[1m[0mhost_id[0m[0m                              = (known after apply)
      [32m+[0m [0m[1m[0miam_instance_profile[0m[0m                 = "mon_ec2_profile"
      [32m+[0m [0m[1m[0mid[0m[0m                                   = (known after apply)
      [32m+[0m [0m[1m[0minstance_initiated_shutdown_behavior[0m[0m = (known after apply)
      [32m+[0m [0m[1m[0minstance_state[0m[0m                       = (known after apply)
      [32m+[0m [0m[1m[0minstance_type[0m[0m                        = "t3.medium"
      [32m+[0m [0m[1m[0mipv6_address_count[0m[0m                   = (known after apply)
      [32m+[0m [0m[1m[0mipv6_addresses[0m[0m                       = (known after apply)
      [32m+[0m [0m[1m[0mkey_name[0m[0m                             = "gitlab"
      [32m+[0m [0m[1m[0moutpost_arn[0m[0m                          = (known after apply)
      [32m+[0m [0m[1m[0mpassword_data[0m[0m                        = (known after apply)
      [32m+[0m [0m[1m[0mplacement_group[0m[0m                      = (known after apply)
      [32m+[0m [0m[1m[0mprimary_network_interface_id[0m[0m         = (known after apply)
      [32m+[0m [0m[1m[0mprivate_dns[0m[0m                          = (known after apply)
      [32m+[0m [0m[1m[0mprivate_ip[0m[0m                           = (known after apply)
      [32m+[0m [0m[1m[0mpublic_dns[0m[0m                           = (known after apply)
      [32m+[0m [0m[1m[0mpublic_ip[0m[0m                            = (known after apply)
      [32m+[0m [0m[1m[0msecondary_private_ips[0m[0m                = (known after apply)
      [32m+[0m [0m[1m[0msecurity_groups[0m[0m                      = (known after apply)
      [32m+[0m [0m[1m[0msource_dest_check[0m[0m                    = true
      [32m+[0m [0m[1m[0msubnet_id[0m[0m                            = (known after apply)
      [32m+[0m [0m[1m[0mtags[0m[0m                                 = {
          [32m+[0m [0m"app"  = "gitlab"
          [32m+[0m [0m"role" = "monitoring"
        }
      [32m+[0m [0m[1m[0mtags_all[0m[0m                             = {
          [32m+[0m [0m"app"  = "gitlab"
          [32m+[0m [0m"role" = "monitoring"
        }
      [32m+[0m [0m[1m[0mtenancy[0m[0m                              = (known after apply)
      [32m+[0m [0m[1m[0mvpc_security_group_ids[0m[0m               = (known after apply)

      [32m+[0m [0mcapacity_reservation_specification {
          [32m+[0m [0m[1m[0mcapacity_reservation_preference[0m[0m = (known after apply)

          [32m+[0m [0mcapacity_reservation_target {
              [32m+[0m [0m[1m[0mcapacity_reservation_id[0m[0m = (known after apply)
            }
        }

      [32m+[0m [0mebs_block_device {
          [32m+[0m [0m[1m[0mdelete_on_termination[0m[0m = true
          [32m+[0m [0m[1m[0mdevice_name[0m[0m           = "/dev/xvdb"
          [32m+[0m [0m[1m[0mencrypted[0m[0m             = (known after apply)
          [32m+[0m [0m[1m[0miops[0m[0m                  = (known after apply)
          [32m+[0m [0m[1m[0mkms_key_id[0m[0m            = (known after apply)
          [32m+[0m [0m[1m[0msnapshot_id[0m[0m           = (known after apply)
          [32m+[0m [0m[1m[0mthroughput[0m[0m            = (known after apply)
          [32m+[0m [0m[1m[0mvolume_id[0m[0m             = (known after apply)
          [32m+[0m [0m[1m[0mvolume_size[0m[0m           = 80
          [32m+[0m [0m[1m[0mvolume_type[0m[0m           = (known after apply)
        }

      [32m+[0m [0menclave_options {
          [32m+[0m [0m[1m[0menabled[0m[0m = (known after apply)
        }

      [32m+[0m [0mephemeral_block_device {
          [32m+[0m [0m[1m[0mdevice_name[0m[0m  = (known after apply)
          [32m+[0m [0m[1m[0mno_device[0m[0m    = (known after apply)
          [32m+[0m [0m[1m[0mvirtual_name[0m[0m = (known after apply)
        }

      [32m+[0m [0mmetadata_options {
          [32m+[0m [0m[1m[0mhttp_endpoint[0m[0m               = (known after apply)
          [32m+[0m [0m[1m[0mhttp_put_response_hop_limit[0m[0m = (known after apply)
          [32m+[0m [0m[1m[0mhttp_tokens[0m[0m                 = (known after apply)
        }

      [32m+[0m [0mnetwork_interface {
          [32m+[0m [0m[1m[0mdelete_on_termination[0m[0m = (known after apply)
          [32m+[0m [0m[1m[0mdevice_index[0m[0m          = (known after apply)
          [32m+[0m [0m[1m[0mnetwork_interface_id[0m[0m  = (known after apply)
        }

      [32m+[0m [0mroot_block_device {
          [32m+[0m [0m[1m[0mdelete_on_termination[0m[0m = true
          [32m+[0m [0m[1m[0mdevice_name[0m[0m           = (known after apply)
          [32m+[0m [0m[1m[0mencrypted[0m[0m             = (known after apply)
          [32m+[0m [0m[1m[0miops[0m[0m                  = (known after apply)
          [32m+[0m [0m[1m[0mkms_key_id[0m[0m            = (known after apply)
          [32m+[0m [0m[1m[0mthroughput[0m[0m            = (known after apply)
          [32m+[0m [0m[1m[0mvolume_id[0m[0m             = (known after apply)
          [32m+[0m [0m[1m[0mvolume_size[0m[0m           = 20
          [32m+[0m [0m[1m[0mvolume_type[0m[0m           = (known after apply)
        }
    }

[1m  # module.ec2.aws_instance.praefect-1[0][0m will be created[0m[0m
[0m  [32m+[0m[0m resource "aws_instance" "praefect-1" {
      [32m+[0m [0m[1m[0mami[0m[0m                                  = "ami-059f1cc52e6c85908"
      [32m+[0m [0m[1m[0marn[0m[0m                                  = (known after apply)
      [32m+[0m [0m[1m[0massociate_public_ip_address[0m[0m          = (known after apply)
      [32m+[0m [0m[1m[0mavailability_zone[0m[0m                    = (known after apply)
      [32m+[0m [0m[1m[0mcpu_core_count[0m[0m                       = (known after apply)
      [32m+[0m [0m[1m[0mcpu_threads_per_core[0m[0m                 = (known after apply)
      [32m+[0m [0m[1m[0mdisable_api_termination[0m[0m              = false
      [32m+[0m [0m[1m[0mebs_optimized[0m[0m                        = true
      [32m+[0m [0m[1m[0mget_password_data[0m[0m                    = false
      [32m+[0m [0m[1m[0mhost_id[0m[0m                              = (known after apply)
      [32m+[0m [0m[1m[0mid[0m[0m                                   = (known after apply)
      [32m+[0m [0m[1m[0minstance_initiated_shutdown_behavior[0m[0m = (known after apply)
      [32m+[0m [0m[1m[0minstance_state[0m[0m                       = (known after apply)
      [32m+[0m [0m[1m[0minstance_type[0m[0m                        = "t3.medium"
      [32m+[0m [0m[1m[0mipv6_address_count[0m[0m                   = (known after apply)
      [32m+[0m [0m[1m[0mipv6_addresses[0m[0m                       = (known after apply)
      [32m+[0m [0m[1m[0mkey_name[0m[0m                             = "gitlab"
      [32m+[0m [0m[1m[0moutpost_arn[0m[0m                          = (known after apply)
      [32m+[0m [0m[1m[0mpassword_data[0m[0m                        = (known after apply)
      [32m+[0m [0m[1m[0mplacement_group[0m[0m                      = (known after apply)
      [32m+[0m [0m[1m[0mprimary_network_interface_id[0m[0m         = (known after apply)
      [32m+[0m [0m[1m[0mprivate_dns[0m[0m                          = (known after apply)
      [32m+[0m [0m[1m[0mprivate_ip[0m[0m                           = (known after apply)
      [32m+[0m [0m[1m[0mpublic_dns[0m[0m                           = (known after apply)
      [32m+[0m [0m[1m[0mpublic_ip[0m[0m                            = (known after apply)
      [32m+[0m [0m[1m[0msecondary_private_ips[0m[0m                = (known after apply)
      [32m+[0m [0m[1m[0msecurity_groups[0m[0m                      = (known after apply)
      [32m+[0m [0m[1m[0msource_dest_check[0m[0m                    = true
      [32m+[0m [0m[1m[0msubnet_id[0m[0m                            = (known after apply)
      [32m+[0m [0m[1m[0mtags[0m[0m                                 = {
          [32m+[0m [0m"app"  = "gitlab"
          [32m+[0m [0m"role" = "praefect"
        }
      [32m+[0m [0m[1m[0mtags_all[0m[0m                             = {
          [32m+[0m [0m"app"  = "gitlab"
          [32m+[0m [0m"role" = "praefect"
        }
      [32m+[0m [0m[1m[0mtenancy[0m[0m                              = (known after apply)
      [32m+[0m [0m[1m[0mvpc_security_group_ids[0m[0m               = (known after apply)

      [32m+[0m [0mcapacity_reservation_specification {
          [32m+[0m [0m[1m[0mcapacity_reservation_preference[0m[0m = (known after apply)

          [32m+[0m [0mcapacity_reservation_target {
              [32m+[0m [0m[1m[0mcapacity_reservation_id[0m[0m = (known after apply)
            }
        }

      [32m+[0m [0mebs_block_device {
          [32m+[0m [0m[1m[0mdelete_on_termination[0m[0m = (known after apply)
          [32m+[0m [0m[1m[0mdevice_name[0m[0m           = (known after apply)
          [32m+[0m [0m[1m[0mencrypted[0m[0m             = (known after apply)
          [32m+[0m [0m[1m[0miops[0m[0m                  = (known after apply)
          [32m+[0m [0m[1m[0mkms_key_id[0m[0m            = (known after apply)
          [32m+[0m [0m[1m[0msnapshot_id[0m[0m           = (known after apply)
          [32m+[0m [0m[1m[0mtags[0m[0m                  = (known after apply)
          [32m+[0m [0m[1m[0mthroughput[0m[0m            = (known after apply)
          [32m+[0m [0m[1m[0mvolume_id[0m[0m             = (known after apply)
          [32m+[0m [0m[1m[0mvolume_size[0m[0m           = (known after apply)
          [32m+[0m [0m[1m[0mvolume_type[0m[0m           = (known after apply)
        }

      [32m+[0m [0menclave_options {
          [32m+[0m [0m[1m[0menabled[0m[0m = (known after apply)
        }

      [32m+[0m [0mephemeral_block_device {
          [32m+[0m [0m[1m[0mdevice_name[0m[0m  = (known after apply)
          [32m+[0m [0m[1m[0mno_device[0m[0m    = (known after apply)
          [32m+[0m [0m[1m[0mvirtual_name[0m[0m = (known after apply)
        }

      [32m+[0m [0mmetadata_options {
          [32m+[0m [0m[1m[0mhttp_endpoint[0m[0m               = (known after apply)
          [32m+[0m [0m[1m[0mhttp_put_response_hop_limit[0m[0m = (known after apply)
          [32m+[0m [0m[1m[0mhttp_tokens[0m[0m                 = (known after apply)
        }

      [32m+[0m [0mnetwork_interface {
          [32m+[0m [0m[1m[0mdelete_on_termination[0m[0m = (known after apply)
          [32m+[0m [0m[1m[0mdevice_index[0m[0m          = (known after apply)
          [32m+[0m [0m[1m[0mnetwork_interface_id[0m[0m  = (known after apply)
        }

      [32m+[0m [0mroot_block_device {
          [32m+[0m [0m[1m[0mdelete_on_termination[0m[0m = true
          [32m+[0m [0m[1m[0mdevice_name[0m[0m           = (known after apply)
          [32m+[0m [0m[1m[0mencrypted[0m[0m             = (known after apply)
          [32m+[0m [0m[1m[0miops[0m[0m                  = (known after apply)
          [32m+[0m [0m[1m[0mkms_key_id[0m[0m            = (known after apply)
          [32m+[0m [0m[1m[0mthroughput[0m[0m            = (known after apply)
          [32m+[0m [0m[1m[0mvolume_id[0m[0m             = (known after apply)
          [32m+[0m [0m[1m[0mvolume_size[0m[0m           = 20
          [32m+[0m [0m[1m[0mvolume_type[0m[0m           = (known after apply)
        }
    }

[1m  # module.ec2.aws_key_pair.gitlab[0m will be created[0m[0m
[0m  [32m+[0m[0m resource "aws_key_pair" "gitlab" {
      [32m+[0m [0m[1m[0marn[0m[0m         = (known after apply)
      [32m+[0m [0m[1m[0mfingerprint[0m[0m = (known after apply)
      [32m+[0m [0m[1m[0mid[0m[0m          = (known after apply)
      [32m+[0m [0m[1m[0mkey_name[0m[0m    = "gitlab"
      [32m+[0m [0m[1m[0mkey_pair_id[0m[0m = (known after apply)
      [32m+[0m [0m[1m[0mpublic_key[0m[0m  = "ssh-rsa AAAAB3NzaC1yc2EAAAADAQABAAABgQCoHP8OCPkUVIJC21V1/ofHkVaC2zRtuuuezo+lkpE8gfA8IKBwXO4RRxzArzQHG2PjsB/F5KEbD17eC5twIcOn0KqEffMOgDG8NXQNENxrJEPC5KTsEPIum2M2oCcuPB7ilbmxYcL6lltx5NSxJSNbGGYn+36RdqfnSqI+dKDKZySSBIKebKZGdOhkYPLDtAndNRnUUB0o82XDdarcLylSEaN1DlgbzCv+l6BJDbEhg5dDK5mZnYdeHdwaSOKL6alNtDW9+bTaVEJ6UYzQJ0Eyfuidl27/lCVFQh/bJvVKaMUH7+ScY293REaeP00R6zjfrWAmHUE4x6e8xavhMTNVRobWp7TgDQ2R5FqZb94Ik4eW97T1cVNMyxke9xzzVmDhOqcYZfePqECB4Pl6NDszyaxYAW997UXLdmSnziOK8xrs98iCpoTkdHMaq/oizORYQlf4XUXQ8GlA15UpnYXn7zF3TrKspwmGE7flJIeX3UMqaQrYhvJHAmIRqd8o7fs= avishnia-redhat.com@bastion.31b5.internal"
      [32m+[0m [0m[1m[0mtags_all[0m[0m    = (known after apply)
    }

[1m  # module.eks.aws_eks_cluster.gitlab[0m will be created[0m[0m
[0m  [32m+[0m[0m resource "aws_eks_cluster" "gitlab" {
      [32m+[0m [0m[1m[0marn[0m[0m                   = (known after apply)
      [32m+[0m [0m[1m[0mcertificate_authority[0m[0m = (known after apply)
      [32m+[0m [0m[1m[0mcreated_at[0m[0m            = (known after apply)
      [32m+[0m [0m[1m[0mendpoint[0m[0m              = (known after apply)
      [32m+[0m [0m[1m[0mid[0m[0m                    = (known after apply)
      [32m+[0m [0m[1m[0midentity[0m[0m              = (known after apply)
      [32m+[0m [0m[1m[0mname[0m[0m                  = "gitlab-eks"
      [32m+[0m [0m[1m[0mplatform_version[0m[0m      = (known after apply)
      [32m+[0m [0m[1m[0mrole_arn[0m[0m              = (known after apply)
      [32m+[0m [0m[1m[0mstatus[0m[0m                = (known after apply)
      [32m+[0m [0m[1m[0mtags_all[0m[0m              = (known after apply)
      [32m+[0m [0m[1m[0mversion[0m[0m               = (known after apply)

      [32m+[0m [0mkubernetes_network_config {
          [32m+[0m [0m[1m[0mservice_ipv4_cidr[0m[0m = (known after apply)
        }

      [32m+[0m [0mvpc_config {
          [32m+[0m [0m[1m[0mcluster_security_group_id[0m[0m = (known after apply)
          [32m+[0m [0m[1m[0mendpoint_private_access[0m[0m   = false
          [32m+[0m [0m[1m[0mendpoint_public_access[0m[0m    = true
          [32m+[0m [0m[1m[0mpublic_access_cidrs[0m[0m       = (known after apply)
          [32m+[0m [0m[1m[0msubnet_ids[0m[0m                = (known after apply)
          [32m+[0m [0m[1m[0mvpc_id[0m[0m                    = (known after apply)
        }
    }

[1m  # module.eks.aws_eks_node_group.gitlab[0m will be created[0m[0m
[0m  [32m+[0m[0m resource "aws_eks_node_group" "gitlab" {
      [32m+[0m [0m[1m[0mami_type[0m[0m               = (known after apply)
      [32m+[0m [0m[1m[0marn[0m[0m                    = (known after apply)
      [32m+[0m [0m[1m[0mcapacity_type[0m[0m          = (known after apply)
      [32m+[0m [0m[1m[0mcluster_name[0m[0m           = "gitlab-eks"
      [32m+[0m [0m[1m[0mdisk_size[0m[0m              = (known after apply)
      [32m+[0m [0m[1m[0mid[0m[0m                     = (known after apply)
      [32m+[0m [0m[1m[0minstance_types[0m[0m         = [
          [32m+[0m [0m"t3.medium",
        ]
      [32m+[0m [0m[1m[0mnode_group_name[0m[0m        = "default"
      [32m+[0m [0m[1m[0mnode_group_name_prefix[0m[0m = (known after apply)
      [32m+[0m [0m[1m[0mnode_role_arn[0m[0m          = (known after apply)
      [32m+[0m [0m[1m[0mrelease_version[0m[0m        = (known after apply)
      [32m+[0m [0m[1m[0mresources[0m[0m              = (known after apply)
      [32m+[0m [0m[1m[0mstatus[0m[0m                 = (known after apply)
      [32m+[0m [0m[1m[0msubnet_ids[0m[0m             = (known after apply)
      [32m+[0m [0m[1m[0mtags_all[0m[0m               = (known after apply)
      [32m+[0m [0m[1m[0mversion[0m[0m                = (known after apply)

      [32m+[0m [0mscaling_config {
          [32m+[0m [0m[1m[0mdesired_size[0m[0m = 2
          [32m+[0m [0m[1m[0mmax_size[0m[0m     = 3
          [32m+[0m [0m[1m[0mmin_size[0m[0m     = 2
        }
    }

[1m  # module.eks.aws_iam_role.eks-node-role[0m will be created[0m[0m
[0m  [32m+[0m[0m resource "aws_iam_role" "eks-node-role" {
      [32m+[0m [0m[1m[0marn[0m[0m                   = (known after apply)
      [32m+[0m [0m[1m[0massume_role_policy[0m[0m    = jsonencode(
            {
              [32m+[0m [0mStatement = [
                  [32m+[0m [0m{
                      [32m+[0m [0mAction    = "sts:AssumeRole"
                      [32m+[0m [0mEffect    = "Allow"
                      [32m+[0m [0mPrincipal = {
                          [32m+[0m [0mService = "ec2.amazonaws.com"
                        }
                    },
                ]
              [32m+[0m [0mVersion   = "2012-10-17"
            }
        )
      [32m+[0m [0m[1m[0mcreate_date[0m[0m           = (known after apply)
      [32m+[0m [0m[1m[0mforce_detach_policies[0m[0m = false
      [32m+[0m [0m[1m[0mid[0m[0m                    = (known after apply)
      [32m+[0m [0m[1m[0mmanaged_policy_arns[0m[0m   = (known after apply)
      [32m+[0m [0m[1m[0mmax_session_duration[0m[0m  = 3600
      [32m+[0m [0m[1m[0mname[0m[0m                  = "eks-node-role"
      [32m+[0m [0m[1m[0mpath[0m[0m                  = "/"
      [32m+[0m [0m[1m[0mtags_all[0m[0m              = (known after apply)
      [32m+[0m [0m[1m[0munique_id[0m[0m             = (known after apply)

      [32m+[0m [0minline_policy {
          [32m+[0m [0m[1m[0mname[0m[0m   = (known after apply)
          [32m+[0m [0m[1m[0mpolicy[0m[0m = (known after apply)
        }
    }

[1m  # module.eks.aws_iam_role.eks-role[0m will be created[0m[0m
[0m  [32m+[0m[0m resource "aws_iam_role" "eks-role" {
      [32m+[0m [0m[1m[0marn[0m[0m                   = (known after apply)
      [32m+[0m [0m[1m[0massume_role_policy[0m[0m    = jsonencode(
            {
              [32m+[0m [0mStatement = [
                  [32m+[0m [0m{
                      [32m+[0m [0mAction    = "sts:AssumeRole"
                      [32m+[0m [0mEffect    = "Allow"
                      [32m+[0m [0mPrincipal = {
                          [32m+[0m [0mService = "eks.amazonaws.com"
                        }
                    },
                ]
              [32m+[0m [0mVersion   = "2012-10-17"
            }
        )
      [32m+[0m [0m[1m[0mcreate_date[0m[0m           = (known after apply)
      [32m+[0m [0m[1m[0mforce_detach_policies[0m[0m = false
      [32m+[0m [0m[1m[0mid[0m[0m                    = (known after apply)
      [32m+[0m [0m[1m[0mmanaged_policy_arns[0m[0m   = (known after apply)
      [32m+[0m [0m[1m[0mmax_session_duration[0m[0m  = 3600
      [32m+[0m [0m[1m[0mname[0m[0m                  = "eks-cluster"
      [32m+[0m [0m[1m[0mpath[0m[0m                  = "/"
      [32m+[0m [0m[1m[0mtags_all[0m[0m              = (known after apply)
      [32m+[0m [0m[1m[0munique_id[0m[0m             = (known after apply)

      [32m+[0m [0minline_policy {
          [32m+[0m [0m[1m[0mname[0m[0m   = (known after apply)
          [32m+[0m [0m[1m[0mpolicy[0m[0m = (known after apply)
        }
    }

[1m  # module.eks.aws_iam_role_policy_attachment.eks-AmazonEKSClusterPolicy[0m will be created[0m[0m
[0m  [32m+[0m[0m resource "aws_iam_role_policy_attachment" "eks-AmazonEKSClusterPolicy" {
      [32m+[0m [0m[1m[0mid[0m[0m         = (known after apply)
      [32m+[0m [0m[1m[0mpolicy_arn[0m[0m = "arn:aws:iam::aws:policy/AmazonEKSClusterPolicy"
      [32m+[0m [0m[1m[0mrole[0m[0m       = "eks-cluster"
    }

[1m  # module.eks.aws_iam_role_policy_attachment.eks-AmazonEKSVPCResourceController[0m will be created[0m[0m
[0m  [32m+[0m[0m resource "aws_iam_role_policy_attachment" "eks-AmazonEKSVPCResourceController" {
      [32m+[0m [0m[1m[0mid[0m[0m         = (known after apply)
      [32m+[0m [0m[1m[0mpolicy_arn[0m[0m = "arn:aws:iam::aws:policy/AmazonEKSVPCResourceController"
      [32m+[0m [0m[1m[0mrole[0m[0m       = "eks-cluster"
    }

[1m  # module.eks.aws_iam_role_policy_attachment.eks-node-AmazonEC2ContainerRegistryReadOnly[0m will be created[0m[0m
[0m  [32m+[0m[0m resource "aws_iam_role_policy_attachment" "eks-node-AmazonEC2ContainerRegistryReadOnly" {
      [32m+[0m [0m[1m[0mid[0m[0m         = (known after apply)
      [32m+[0m [0m[1m[0mpolicy_arn[0m[0m = "arn:aws:iam::aws:policy/AmazonEC2ContainerRegistryReadOnly"
      [32m+[0m [0m[1m[0mrole[0m[0m       = "eks-node-role"
    }

[1m  # module.eks.aws_iam_role_policy_attachment.eks-node-AmazonEKSWorkerNodePolicy[0m will be created[0m[0m
[0m  [32m+[0m[0m resource "aws_iam_role_policy_attachment" "eks-node-AmazonEKSWorkerNodePolicy" {
      [32m+[0m [0m[1m[0mid[0m[0m         = (known after apply)
      [32m+[0m [0m[1m[0mpolicy_arn[0m[0m = "arn:aws:iam::aws:policy/AmazonEKSWorkerNodePolicy"
      [32m+[0m [0m[1m[0mrole[0m[0m       = "eks-node-role"
    }

[1m  # module.eks.aws_iam_role_policy_attachment.eks-node-AmazonEKS_CNI_Policy[0m will be created[0m[0m
[0m  [32m+[0m[0m resource "aws_iam_role_policy_attachment" "eks-node-AmazonEKS_CNI_Policy" {
      [32m+[0m [0m[1m[0mid[0m[0m         = (known after apply)
      [32m+[0m [0m[1m[0mpolicy_arn[0m[0m = "arn:aws:iam::aws:policy/AmazonEKS_CNI_Policy"
      [32m+[0m [0m[1m[0mrole[0m[0m       = "eks-node-role"
    }

[1m  # module.elasticache.aws_elasticache_replication_group.gitlab[0m will be created[0m[0m
[0m  [32m+[0m[0m resource "aws_elasticache_replication_group" "gitlab" {
      [32m+[0m [0m[1m[0mapply_immediately[0m[0m              = (known after apply)
      [32m+[0m [0m[1m[0marn[0m[0m                            = (known after apply)
      [32m+[0m [0m[1m[0mat_rest_encryption_enabled[0m[0m     = true
      [32m+[0m [0m[1m[0mauto_minor_version_upgrade[0m[0m     = true
      [32m+[0m [0m[1m[0mautomatic_failover_enabled[0m[0m     = false
      [32m+[0m [0m[1m[0mavailability_zones[0m[0m             = [
          [32m+[0m [0m"us-east-1a",
        ]
      [32m+[0m [0m[1m[0mcluster_enabled[0m[0m                = (known after apply)
      [32m+[0m [0m[1m[0mconfiguration_endpoint_address[0m[0m = (known after apply)
      [32m+[0m [0m[1m[0mengine[0m[0m                         = "redis"
      [32m+[0m [0m[1m[0mengine_version[0m[0m                 = "5.0.6"
      [32m+[0m [0m[1m[0mengine_version_actual[0m[0m          = (known after apply)
      [32m+[0m [0m[1m[0mglobal_replication_group_id[0m[0m    = (known after apply)
      [32m+[0m [0m[1m[0mid[0m[0m                             = (known after apply)
      [32m+[0m [0m[1m[0mmaintenance_window[0m[0m             = (known after apply)
      [32m+[0m [0m[1m[0mmember_clusters[0m[0m                = (known after apply)
      [32m+[0m [0m[1m[0mmulti_az_enabled[0m[0m               = false
      [32m+[0m [0m[1m[0mnode_type[0m[0m                      = "cache.t3.medium"
      [32m+[0m [0m[1m[0mnumber_cache_clusters[0m[0m          = 1
      [32m+[0m [0m[1m[0mparameter_group_name[0m[0m           = "default.redis5.0"
      [32m+[0m [0m[1m[0mport[0m[0m                           = 6379
      [32m+[0m [0m[1m[0mprimary_endpoint_address[0m[0m       = (known after apply)
      [32m+[0m [0m[1m[0mreader_endpoint_address[0m[0m        = (known after apply)
      [32m+[0m [0m[1m[0mreplication_group_description[0m[0m  = "Redis cluster for Gitlab cluster"
      [32m+[0m [0m[1m[0mreplication_group_id[0m[0m           = "gitlab"
      [32m+[0m [0m[1m[0msecurity_group_ids[0m[0m             = (known after apply)
      [32m+[0m [0m[1m[0msecurity_group_names[0m[0m           = (known after apply)
      [32m+[0m [0m[1m[0msnapshot_window[0m[0m                = (known after apply)
      [32m+[0m [0m[1m[0msubnet_group_name[0m[0m              = "gitlab"
      [32m+[0m [0m[1m[0mtags_all[0m[0m                       = (known after apply)
      [32m+[0m [0m[1m[0mtransit_encryption_enabled[0m[0m     = true

      [32m+[0m [0mcluster_mode {
          [32m+[0m [0m[1m[0mnum_node_groups[0m[0m         = (known after apply)
          [32m+[0m [0m[1m[0mreplicas_per_node_group[0m[0m = (known after apply)
        }
    }

[1m  # module.elasticache.aws_elasticache_subnet_group.default[0m will be created[0m[0m
[0m  [32m+[0m[0m resource "aws_elasticache_subnet_group" "default" {
      [32m+[0m [0m[1m[0marn[0m[0m         = (known after apply)
      [32m+[0m [0m[1m[0mdescription[0m[0m = "Managed by Terraform"
      [32m+[0m [0m[1m[0mid[0m[0m          = (known after apply)
      [32m+[0m [0m[1m[0mname[0m[0m        = "gitlab"
      [32m+[0m [0m[1m[0msubnet_ids[0m[0m  = (known after apply)
      [32m+[0m [0m[1m[0mtags_all[0m[0m    = (known after apply)
    }

[1m  # module.lb.aws_elb.gitlab-monitoring-internal[0m will be created[0m[0m
[0m  [32m+[0m[0m resource "aws_elb" "gitlab-monitoring-internal" {
      [32m+[0m [0m[1m[0marn[0m[0m                         = (known after apply)
      [32m+[0m [0m[1m[0mavailability_zones[0m[0m          = (known after apply)
      [32m+[0m [0m[1m[0mconnection_draining[0m[0m         = true
      [32m+[0m [0m[1m[0mconnection_draining_timeout[0m[0m = 300
      [32m+[0m [0m[1m[0mcross_zone_load_balancing[0m[0m   = true
      [32m+[0m [0m[1m[0mdns_name[0m[0m                    = (known after apply)
      [32m+[0m [0m[1m[0mid[0m[0m                          = (known after apply)
      [32m+[0m [0m[1m[0midle_timeout[0m[0m                = 60
      [32m+[0m [0m[1m[0minstances[0m[0m                   = (known after apply)
      [32m+[0m [0m[1m[0minternal[0m[0m                    = true
      [32m+[0m [0m[1m[0mname[0m[0m                        = "gitlab-monitoring"
      [32m+[0m [0m[1m[0msecurity_groups[0m[0m             = (known after apply)
      [32m+[0m [0m[1m[0msource_security_group[0m[0m       = (known after apply)
      [32m+[0m [0m[1m[0msource_security_group_id[0m[0m    = (known after apply)
      [32m+[0m [0m[1m[0msubnets[0m[0m                     = (known after apply)
      [32m+[0m [0m[1m[0mtags[0m[0m                        = {
          [32m+[0m [0m"Name" = "gitlab-monitoring-internal"
          [32m+[0m [0m"app"  = "gitlab"
        }
      [32m+[0m [0m[1m[0mtags_all[0m[0m                    = {
          [32m+[0m [0m"Name" = "gitlab-monitoring-internal"
          [32m+[0m [0m"app"  = "gitlab"
        }
      [32m+[0m [0m[1m[0mzone_id[0m[0m                     = (known after apply)

      [32m+[0m [0mhealth_check {
          [32m+[0m [0m[1m[0mhealthy_threshold[0m[0m   = 2
          [32m+[0m [0m[1m[0minterval[0m[0m            = 30
          [32m+[0m [0m[1m[0mtarget[0m[0m              = "TCP:9090"
          [32m+[0m [0m[1m[0mtimeout[0m[0m             = 3
          [32m+[0m [0m[1m[0munhealthy_threshold[0m[0m = 2
        }

      [32m+[0m [0mlistener {
          [32m+[0m [0m[1m[0minstance_port[0m[0m     = 9090
          [32m+[0m [0m[1m[0minstance_protocol[0m[0m = "TCP"
          [32m+[0m [0m[1m[0mlb_port[0m[0m           = 9090
          [32m+[0m [0m[1m[0mlb_protocol[0m[0m       = "TCP"
        }
    }

[1m  # module.lb.aws_elb.gitlab-nlb-public[0m will be created[0m[0m
[0m  [32m+[0m[0m resource "aws_elb" "gitlab-nlb-public" {
      [32m+[0m [0m[1m[0marn[0m[0m                         = (known after apply)
      [32m+[0m [0m[1m[0mavailability_zones[0m[0m          = (known after apply)
      [32m+[0m [0m[1m[0mconnection_draining[0m[0m         = true
      [32m+[0m [0m[1m[0mconnection_draining_timeout[0m[0m = 300
      [32m+[0m [0m[1m[0mcross_zone_load_balancing[0m[0m   = true
      [32m+[0m [0m[1m[0mdns_name[0m[0m                    = (known after apply)
      [32m+[0m [0m[1m[0mid[0m[0m                          = (known after apply)
      [32m+[0m [0m[1m[0midle_timeout[0m[0m                = 60
      [32m+[0m [0m[1m[0minstances[0m[0m                   = (known after apply)
      [32m+[0m [0m[1m[0minternal[0m[0m                    = false
      [32m+[0m [0m[1m[0mname[0m[0m                        = "gitlab-nlb-public"
      [32m+[0m [0m[1m[0msecurity_groups[0m[0m             = (known after apply)
      [32m+[0m [0m[1m[0msource_security_group[0m[0m       = (known after apply)
      [32m+[0m [0m[1m[0msource_security_group_id[0m[0m    = (known after apply)
      [32m+[0m [0m[1m[0msubnets[0m[0m                     = (known after apply)
      [32m+[0m [0m[1m[0mtags[0m[0m                        = {
          [32m+[0m [0m"Name" = "gitlab-nlb-public"
          [32m+[0m [0m"app"  = "gitlab"
        }
      [32m+[0m [0m[1m[0mtags_all[0m[0m                    = {
          [32m+[0m [0m"Name" = "gitlab-nlb-public"
          [32m+[0m [0m"app"  = "gitlab"
        }
      [32m+[0m [0m[1m[0mzone_id[0m[0m                     = (known after apply)

      [32m+[0m [0mhealth_check {
          [32m+[0m [0m[1m[0mhealthy_threshold[0m[0m   = 2
          [32m+[0m [0m[1m[0minterval[0m[0m            = 30
          [32m+[0m [0m[1m[0mtarget[0m[0m              = "TCP:80"
          [32m+[0m [0m[1m[0mtimeout[0m[0m             = 3
          [32m+[0m [0m[1m[0munhealthy_threshold[0m[0m = 2
        }

      [32m+[0m [0mlistener {
          [32m+[0m [0m[1m[0minstance_port[0m[0m     = 22
          [32m+[0m [0m[1m[0minstance_protocol[0m[0m = "TCP"
          [32m+[0m [0m[1m[0mlb_port[0m[0m           = 22
          [32m+[0m [0m[1m[0mlb_protocol[0m[0m       = "TCP"
        }
      [32m+[0m [0mlistener {
          [32m+[0m [0m[1m[0minstance_port[0m[0m     = 80
          [32m+[0m [0m[1m[0minstance_protocol[0m[0m = "TCP"
          [32m+[0m [0m[1m[0mlb_port[0m[0m           = 443
          [32m+[0m [0m[1m[0mlb_protocol[0m[0m       = "TCP"
        }
      [32m+[0m [0mlistener {
          [32m+[0m [0m[1m[0minstance_port[0m[0m     = 80
          [32m+[0m [0m[1m[0minstance_protocol[0m[0m = "TCP"
          [32m+[0m [0m[1m[0mlb_port[0m[0m           = 80
          [32m+[0m [0m[1m[0mlb_protocol[0m[0m       = "TCP"
        }
    }

[1m  # module.lb.aws_elb.gitlab-storage-internal[0m will be created[0m[0m
[0m  [32m+[0m[0m resource "aws_elb" "gitlab-storage-internal" {
      [32m+[0m [0m[1m[0marn[0m[0m                         = (known after apply)
      [32m+[0m [0m[1m[0mavailability_zones[0m[0m          = (known after apply)
      [32m+[0m [0m[1m[0mconnection_draining[0m[0m         = true
      [32m+[0m [0m[1m[0mconnection_draining_timeout[0m[0m = 300
      [32m+[0m [0m[1m[0mcross_zone_load_balancing[0m[0m   = true
      [32m+[0m [0m[1m[0mdns_name[0m[0m                    = (known after apply)
      [32m+[0m [0m[1m[0mid[0m[0m                          = (known after apply)
      [32m+[0m [0m[1m[0midle_timeout[0m[0m                = 60
      [32m+[0m [0m[1m[0minstances[0m[0m                   = (known after apply)
      [32m+[0m [0m[1m[0minternal[0m[0m                    = true
      [32m+[0m [0m[1m[0mname[0m[0m                        = "gitlab-storage-internal"
      [32m+[0m [0m[1m[0msecurity_groups[0m[0m             = (known after apply)
      [32m+[0m [0m[1m[0msource_security_group[0m[0m       = (known after apply)
      [32m+[0m [0m[1m[0msource_security_group_id[0m[0m    = (known after apply)
      [32m+[0m [0m[1m[0msubnets[0m[0m                     = (known after apply)
      [32m+[0m [0m[1m[0mtags[0m[0m                        = {
          [32m+[0m [0m"Name" = "gitlab-storage-internal"
          [32m+[0m [0m"app"  = "gitlab"
        }
      [32m+[0m [0m[1m[0mtags_all[0m[0m                    = {
          [32m+[0m [0m"Name" = "gitlab-storage-internal"
          [32m+[0m [0m"app"  = "gitlab"
        }
      [32m+[0m [0m[1m[0mzone_id[0m[0m                     = (known after apply)

      [32m+[0m [0mhealth_check {
          [32m+[0m [0m[1m[0mhealthy_threshold[0m[0m   = 2
          [32m+[0m [0m[1m[0minterval[0m[0m            = 30
          [32m+[0m [0m[1m[0mtarget[0m[0m              = "TCP:2305"
          [32m+[0m [0m[1m[0mtimeout[0m[0m             = 3
          [32m+[0m [0m[1m[0munhealthy_threshold[0m[0m = 2
        }

      [32m+[0m [0mlistener {
          [32m+[0m [0m[1m[0minstance_port[0m[0m     = 2305
          [32m+[0m [0m[1m[0minstance_protocol[0m[0m = "TCP"
          [32m+[0m [0m[1m[0mlb_port[0m[0m           = 2305
          [32m+[0m [0m[1m[0mlb_protocol[0m[0m       = "TCP"
        }
    }

[1m  # module.networking.aws_eip.nat_eip[0m will be created[0m[0m
[0m  [32m+[0m[0m resource "aws_eip" "nat_eip" {
      [32m+[0m [0m[1m[0mallocation_id[0m[0m        = (known after apply)
      [32m+[0m [0m[1m[0massociation_id[0m[0m       = (known after apply)
      [32m+[0m [0m[1m[0mcarrier_ip[0m[0m           = (known after apply)
      [32m+[0m [0m[1m[0mcustomer_owned_ip[0m[0m    = (known after apply)
      [32m+[0m [0m[1m[0mdomain[0m[0m               = (known after apply)
      [32m+[0m [0m[1m[0mid[0m[0m                   = (known after apply)
      [32m+[0m [0m[1m[0minstance[0m[0m             = (known after apply)
      [32m+[0m [0m[1m[0mnetwork_border_group[0m[0m = (known after apply)
      [32m+[0m [0m[1m[0mnetwork_interface[0m[0m    = (known after apply)
      [32m+[0m [0m[1m[0mprivate_dns[0m[0m          = (known after apply)
      [32m+[0m [0m[1m[0mprivate_ip[0m[0m           = (known after apply)
      [32m+[0m [0m[1m[0mpublic_dns[0m[0m           = (known after apply)
      [32m+[0m [0m[1m[0mpublic_ip[0m[0m            = (known after apply)
      [32m+[0m [0m[1m[0mpublic_ipv4_pool[0m[0m     = (known after apply)
      [32m+[0m [0m[1m[0mtags_all[0m[0m             = (known after apply)
      [32m+[0m [0m[1m[0mvpc[0m[0m                  = true
    }

[1m  # module.networking.aws_internet_gateway.ig[0m will be created[0m[0m
[0m  [32m+[0m[0m resource "aws_internet_gateway" "ig" {
      [32m+[0m [0m[1m[0marn[0m[0m      = (known after apply)
      [32m+[0m [0m[1m[0mid[0m[0m       = (known after apply)
      [32m+[0m [0m[1m[0mowner_id[0m[0m = (known after apply)
      [32m+[0m [0m[1m[0mtags[0m[0m     = {
          [32m+[0m [0m"Environment" = "dev"
          [32m+[0m [0m"Name"        = "dev-igw"
        }
      [32m+[0m [0m[1m[0mtags_all[0m[0m = {
          [32m+[0m [0m"Environment" = "dev"
          [32m+[0m [0m"Name"        = "dev-igw"
        }
      [32m+[0m [0m[1m[0mvpc_id[0m[0m   = (known after apply)
    }

[1m  # module.networking.aws_nat_gateway.nat[0m will be created[0m[0m
[0m  [32m+[0m[0m resource "aws_nat_gateway" "nat" {
      [32m+[0m [0m[1m[0mallocation_id[0m[0m        = (known after apply)
      [32m+[0m [0m[1m[0mconnectivity_type[0m[0m    = "public"
      [32m+[0m [0m[1m[0mid[0m[0m                   = (known after apply)
      [32m+[0m [0m[1m[0mnetwork_interface_id[0m[0m = (known after apply)
      [32m+[0m [0m[1m[0mprivate_ip[0m[0m           = (known after apply)
      [32m+[0m [0m[1m[0mpublic_ip[0m[0m            = (known after apply)
      [32m+[0m [0m[1m[0msubnet_id[0m[0m            = (known after apply)
      [32m+[0m [0m[1m[0mtags[0m[0m                 = {
          [32m+[0m [0m"Environment" = "dev"
          [32m+[0m [0m"Name"        = "nat"
        }
      [32m+[0m [0m[1m[0mtags_all[0m[0m             = {
          [32m+[0m [0m"Environment" = "dev"
          [32m+[0m [0m"Name"        = "nat"
        }
    }

[1m  # module.networking.aws_route.private_nat_gateway[0m will be created[0m[0m
[0m  [32m+[0m[0m resource "aws_route" "private_nat_gateway" {
      [32m+[0m [0m[1m[0mdestination_cidr_block[0m[0m = "0.0.0.0/0"
      [32m+[0m [0m[1m[0mid[0m[0m                     = (known after apply)
      [32m+[0m [0m[1m[0minstance_id[0m[0m            = (known after apply)
      [32m+[0m [0m[1m[0minstance_owner_id[0m[0m      = (known after apply)
      [32m+[0m [0m[1m[0mnat_gateway_id[0m[0m         = (known after apply)
      [32m+[0m [0m[1m[0mnetwork_interface_id[0m[0m   = (known after apply)
      [32m+[0m [0m[1m[0morigin[0m[0m                 = (known after apply)
      [32m+[0m [0m[1m[0mroute_table_id[0m[0m         = (known after apply)
      [32m+[0m [0m[1m[0mstate[0m[0m                  = (known after apply)
    }

[1m  # module.networking.aws_route.public_internet_gateway[0m will be created[0m[0m
[0m  [32m+[0m[0m resource "aws_route" "public_internet_gateway" {
      [32m+[0m [0m[1m[0mdestination_cidr_block[0m[0m = "0.0.0.0/0"
      [32m+[0m [0m[1m[0mgateway_id[0m[0m             = (known after apply)
      [32m+[0m [0m[1m[0mid[0m[0m                     = (known after apply)
      [32m+[0m [0m[1m[0minstance_id[0m[0m            = (known after apply)
      [32m+[0m [0m[1m[0minstance_owner_id[0m[0m      = (known after apply)
      [32m+[0m [0m[1m[0mnetwork_interface_id[0m[0m   = (known after apply)
      [32m+[0m [0m[1m[0morigin[0m[0m                 = (known after apply)
      [32m+[0m [0m[1m[0mroute_table_id[0m[0m         = (known after apply)
      [32m+[0m [0m[1m[0mstate[0m[0m                  = (known after apply)
    }

[1m  # module.networking.aws_route_table.private[0m will be created[0m[0m
[0m  [32m+[0m[0m resource "aws_route_table" "private" {
      [32m+[0m [0m[1m[0marn[0m[0m              = (known after apply)
      [32m+[0m [0m[1m[0mid[0m[0m               = (known after apply)
      [32m+[0m [0m[1m[0mowner_id[0m[0m         = (known after apply)
      [32m+[0m [0m[1m[0mpropagating_vgws[0m[0m = (known after apply)
      [32m+[0m [0m[1m[0mroute[0m[0m            = (known after apply)
      [32m+[0m [0m[1m[0mtags[0m[0m             = {
          [32m+[0m [0m"Environment" = "dev"
          [32m+[0m [0m"Name"        = "dev-private-route-table"
        }
      [32m+[0m [0m[1m[0mtags_all[0m[0m         = {
          [32m+[0m [0m"Environment" = "dev"
          [32m+[0m [0m"Name"        = "dev-private-route-table"
        }
      [32m+[0m [0m[1m[0mvpc_id[0m[0m           = (known after apply)
    }

[1m  # module.networking.aws_route_table.public[0m will be created[0m[0m
[0m  [32m+[0m[0m resource "aws_route_table" "public" {
      [32m+[0m [0m[1m[0marn[0m[0m              = (known after apply)
      [32m+[0m [0m[1m[0mid[0m[0m               = (known after apply)
      [32m+[0m [0m[1m[0mowner_id[0m[0m         = (known after apply)
      [32m+[0m [0m[1m[0mpropagating_vgws[0m[0m = (known after apply)
      [32m+[0m [0m[1m[0mroute[0m[0m            = (known after apply)
      [32m+[0m [0m[1m[0mtags[0m[0m             = {
          [32m+[0m [0m"Environment" = "dev"
          [32m+[0m [0m"Name"        = "dev-public-route-table"
        }
      [32m+[0m [0m[1m[0mtags_all[0m[0m         = {
          [32m+[0m [0m"Environment" = "dev"
          [32m+[0m [0m"Name"        = "dev-public-route-table"
        }
      [32m+[0m [0m[1m[0mvpc_id[0m[0m           = (known after apply)
    }

[1m  # module.networking.aws_route_table_association.private[0][0m will be created[0m[0m
[0m  [32m+[0m[0m resource "aws_route_table_association" "private" {
      [32m+[0m [0m[1m[0mid[0m[0m             = (known after apply)
      [32m+[0m [0m[1m[0mroute_table_id[0m[0m = (known after apply)
      [32m+[0m [0m[1m[0msubnet_id[0m[0m      = (known after apply)
    }

[1m  # module.networking.aws_route_table_association.private[1][0m will be created[0m[0m
[0m  [32m+[0m[0m resource "aws_route_table_association" "private" {
      [32m+[0m [0m[1m[0mid[0m[0m             = (known after apply)
      [32m+[0m [0m[1m[0mroute_table_id[0m[0m = (known after apply)
      [32m+[0m [0m[1m[0msubnet_id[0m[0m      = (known after apply)
    }

[1m  # module.networking.aws_route_table_association.private[2][0m will be created[0m[0m
[0m  [32m+[0m[0m resource "aws_route_table_association" "private" {
      [32m+[0m [0m[1m[0mid[0m[0m             = (known after apply)
      [32m+[0m [0m[1m[0mroute_table_id[0m[0m = (known after apply)
      [32m+[0m [0m[1m[0msubnet_id[0m[0m      = (known after apply)
    }

[1m  # module.networking.aws_route_table_association.public[0][0m will be created[0m[0m
[0m  [32m+[0m[0m resource "aws_route_table_association" "public" {
      [32m+[0m [0m[1m[0mid[0m[0m             = (known after apply)
      [32m+[0m [0m[1m[0mroute_table_id[0m[0m = (known after apply)
      [32m+[0m [0m[1m[0msubnet_id[0m[0m      = (known after apply)
    }

[1m  # module.networking.aws_route_table_association.public[1][0m will be created[0m[0m
[0m  [32m+[0m[0m resource "aws_route_table_association" "public" {
      [32m+[0m [0m[1m[0mid[0m[0m             = (known after apply)
      [32m+[0m [0m[1m[0mroute_table_id[0m[0m = (known after apply)
      [32m+[0m [0m[1m[0msubnet_id[0m[0m      = (known after apply)
    }

[1m  # module.networking.aws_route_table_association.public[2][0m will be created[0m[0m
[0m  [32m+[0m[0m resource "aws_route_table_association" "public" {
      [32m+[0m [0m[1m[0mid[0m[0m             = (known after apply)
      [32m+[0m [0m[1m[0mroute_table_id[0m[0m = (known after apply)
      [32m+[0m [0m[1m[0msubnet_id[0m[0m      = (known after apply)
    }

[1m  # module.networking.aws_security_group.default[0m will be created[0m[0m
[0m  [32m+[0m[0m resource "aws_security_group" "default" {
      [32m+[0m [0m[1m[0marn[0m[0m                    = (known after apply)
      [32m+[0m [0m[1m[0mdescription[0m[0m            = "Default security group to allow inbound/outbound from the VPC"
      [32m+[0m [0m[1m[0megress[0m[0m                 = [
          [32m+[0m [0m{
              [32m+[0m [0mcidr_blocks      = [
                  [32m+[0m [0m"0.0.0.0/0",
                ]
              [32m+[0m [0mdescription      = ""
              [32m+[0m [0mfrom_port        = 0
              [32m+[0m [0mipv6_cidr_blocks = []
              [32m+[0m [0mprefix_list_ids  = []
              [32m+[0m [0mprotocol         = "-1"
              [32m+[0m [0msecurity_groups  = []
              [32m+[0m [0mself             = false
              [32m+[0m [0mto_port          = 0
            },
        ]
      [32m+[0m [0m[1m[0mid[0m[0m                     = (known after apply)
      [32m+[0m [0m[1m[0mingress[0m[0m                = [
          [32m+[0m [0m{
              [32m+[0m [0mcidr_blocks      = [
                  [32m+[0m [0m"0.0.0.0/0",
                ]
              [32m+[0m [0mdescription      = ""
              [32m+[0m [0mfrom_port        = 0
              [32m+[0m [0mipv6_cidr_blocks = []
              [32m+[0m [0mprefix_list_ids  = []
              [32m+[0m [0mprotocol         = "-1"
              [32m+[0m [0msecurity_groups  = []
              [32m+[0m [0mself             = false
              [32m+[0m [0mto_port          = 0
            },
        ]
      [32m+[0m [0m[1m[0mname[0m[0m                   = "dev-default-sg"
      [32m+[0m [0m[1m[0mname_prefix[0m[0m            = (known after apply)
      [32m+[0m [0m[1m[0mowner_id[0m[0m               = (known after apply)
      [32m+[0m [0m[1m[0mrevoke_rules_on_delete[0m[0m = false
      [32m+[0m [0m[1m[0mtags[0m[0m                   = {
          [32m+[0m [0m"Environment" = "dev"
        }
      [32m+[0m [0m[1m[0mtags_all[0m[0m               = {
          [32m+[0m [0m"Environment" = "dev"
        }
      [32m+[0m [0m[1m[0mvpc_id[0m[0m                 = (known after apply)
    }

[1m  # module.networking.aws_subnet.private_subnet[0][0m will be created[0m[0m
[0m  [32m+[0m[0m resource "aws_subnet" "private_subnet" {
      [32m+[0m [0m[1m[0marn[0m[0m                             = (known after apply)
      [32m+[0m [0m[1m[0massign_ipv6_address_on_creation[0m[0m = false
      [32m+[0m [0m[1m[0mavailability_zone[0m[0m               = "us-east-1a"
      [32m+[0m [0m[1m[0mavailability_zone_id[0m[0m            = (known after apply)
      [32m+[0m [0m[1m[0mcidr_block[0m[0m                      = "172.19.48.0/20"
      [32m+[0m [0m[1m[0mid[0m[0m                              = (known after apply)
      [32m+[0m [0m[1m[0mipv6_cidr_block_association_id[0m[0m  = (known after apply)
      [32m+[0m [0m[1m[0mmap_public_ip_on_launch[0m[0m         = false
      [32m+[0m [0m[1m[0mowner_id[0m[0m                        = (known after apply)
      [32m+[0m [0m[1m[0mtags[0m[0m                            = {
          [32m+[0m [0m"Environment" = "dev"
          [32m+[0m [0m"Name"        = "dev-us-east-1a-private-subnet"
        }
      [32m+[0m [0m[1m[0mtags_all[0m[0m                        = {
          [32m+[0m [0m"Environment" = "dev"
          [32m+[0m [0m"Name"        = "dev-us-east-1a-private-subnet"
        }
      [32m+[0m [0m[1m[0mvpc_id[0m[0m                          = (known after apply)
    }

[1m  # module.networking.aws_subnet.private_subnet[1][0m will be created[0m[0m
[0m  [32m+[0m[0m resource "aws_subnet" "private_subnet" {
      [32m+[0m [0m[1m[0marn[0m[0m                             = (known after apply)
      [32m+[0m [0m[1m[0massign_ipv6_address_on_creation[0m[0m = false
      [32m+[0m [0m[1m[0mavailability_zone[0m[0m               = "us-east-1b"
      [32m+[0m [0m[1m[0mavailability_zone_id[0m[0m            = (known after apply)
      [32m+[0m [0m[1m[0mcidr_block[0m[0m                      = "172.19.64.0/20"
      [32m+[0m [0m[1m[0mid[0m[0m                              = (known after apply)
      [32m+[0m [0m[1m[0mipv6_cidr_block_association_id[0m[0m  = (known after apply)
      [32m+[0m [0m[1m[0mmap_public_ip_on_launch[0m[0m         = false
      [32m+[0m [0m[1m[0mowner_id[0m[0m                        = (known after apply)
      [32m+[0m [0m[1m[0mtags[0m[0m                            = {
          [32m+[0m [0m"Environment" = "dev"
          [32m+[0m [0m"Name"        = "dev-us-east-1b-private-subnet"
        }
      [32m+[0m [0m[1m[0mtags_all[0m[0m                        = {
          [32m+[0m [0m"Environment" = "dev"
          [32m+[0m [0m"Name"        = "dev-us-east-1b-private-subnet"
        }
      [32m+[0m [0m[1m[0mvpc_id[0m[0m                          = (known after apply)
    }

[1m  # module.networking.aws_subnet.private_subnet[2][0m will be created[0m[0m
[0m  [32m+[0m[0m resource "aws_subnet" "private_subnet" {
      [32m+[0m [0m[1m[0marn[0m[0m                             = (known after apply)
      [32m+[0m [0m[1m[0massign_ipv6_address_on_creation[0m[0m = false
      [32m+[0m [0m[1m[0mavailability_zone[0m[0m               = "us-east-1c"
      [32m+[0m [0m[1m[0mavailability_zone_id[0m[0m            = (known after apply)
      [32m+[0m [0m[1m[0mcidr_block[0m[0m                      = "172.19.80.0/20"
      [32m+[0m [0m[1m[0mid[0m[0m                              = (known after apply)
      [32m+[0m [0m[1m[0mipv6_cidr_block_association_id[0m[0m  = (known after apply)
      [32m+[0m [0m[1m[0mmap_public_ip_on_launch[0m[0m         = false
      [32m+[0m [0m[1m[0mowner_id[0m[0m                        = (known after apply)
      [32m+[0m [0m[1m[0mtags[0m[0m                            = {
          [32m+[0m [0m"Environment" = "dev"
          [32m+[0m [0m"Name"        = "dev-us-east-1c-private-subnet"
        }
      [32m+[0m [0m[1m[0mtags_all[0m[0m                        = {
          [32m+[0m [0m"Environment" = "dev"
          [32m+[0m [0m"Name"        = "dev-us-east-1c-private-subnet"
        }
      [32m+[0m [0m[1m[0mvpc_id[0m[0m                          = (known after apply)
    }

[1m  # module.networking.aws_subnet.public_subnet[0][0m will be created[0m[0m
[0m  [32m+[0m[0m resource "aws_subnet" "public_subnet" {
      [32m+[0m [0m[1m[0marn[0m[0m                             = (known after apply)
      [32m+[0m [0m[1m[0massign_ipv6_address_on_creation[0m[0m = false
      [32m+[0m [0m[1m[0mavailability_zone[0m[0m               = "us-east-1a"
      [32m+[0m [0m[1m[0mavailability_zone_id[0m[0m            = (known after apply)
      [32m+[0m [0m[1m[0mcidr_block[0m[0m                      = "172.19.0.0/20"
      [32m+[0m [0m[1m[0mid[0m[0m                              = (known after apply)
      [32m+[0m [0m[1m[0mipv6_cidr_block_association_id[0m[0m  = (known after apply)
      [32m+[0m [0m[1m[0mmap_public_ip_on_launch[0m[0m         = false
      [32m+[0m [0m[1m[0mowner_id[0m[0m                        = (known after apply)
      [32m+[0m [0m[1m[0mtags[0m[0m                            = {
          [32m+[0m [0m"Environment" = "dev"
          [32m+[0m [0m"Name"        = "dev-us-east-1a-public-subnet"
        }
      [32m+[0m [0m[1m[0mtags_all[0m[0m                        = {
          [32m+[0m [0m"Environment" = "dev"
          [32m+[0m [0m"Name"        = "dev-us-east-1a-public-subnet"
        }
      [32m+[0m [0m[1m[0mvpc_id[0m[0m                          = (known after apply)
    }

[1m  # module.networking.aws_subnet.public_subnet[1][0m will be created[0m[0m
[0m  [32m+[0m[0m resource "aws_subnet" "public_subnet" {
      [32m+[0m [0m[1m[0marn[0m[0m                             = (known after apply)
      [32m+[0m [0m[1m[0massign_ipv6_address_on_creation[0m[0m = false
      [32m+[0m [0m[1m[0mavailability_zone[0m[0m               = "us-east-1b"
      [32m+[0m [0m[1m[0mavailability_zone_id[0m[0m            = (known after apply)
      [32m+[0m [0m[1m[0mcidr_block[0m[0m                      = "172.19.16.0/20"
      [32m+[0m [0m[1m[0mid[0m[0m                              = (known after apply)
      [32m+[0m [0m[1m[0mipv6_cidr_block_association_id[0m[0m  = (known after apply)
      [32m+[0m [0m[1m[0mmap_public_ip_on_launch[0m[0m         = false
      [32m+[0m [0m[1m[0mowner_id[0m[0m                        = (known after apply)
      [32m+[0m [0m[1m[0mtags[0m[0m                            = {
          [32m+[0m [0m"Environment" = "dev"
          [32m+[0m [0m"Name"        = "dev-us-east-1b-public-subnet"
        }
      [32m+[0m [0m[1m[0mtags_all[0m[0m                        = {
          [32m+[0m [0m"Environment" = "dev"
          [32m+[0m [0m"Name"        = "dev-us-east-1b-public-subnet"
        }
      [32m+[0m [0m[1m[0mvpc_id[0m[0m                          = (known after apply)
    }

[1m  # module.networking.aws_subnet.public_subnet[2][0m will be created[0m[0m
[0m  [32m+[0m[0m resource "aws_subnet" "public_subnet" {
      [32m+[0m [0m[1m[0marn[0m[0m                             = (known after apply)
      [32m+[0m [0m[1m[0massign_ipv6_address_on_creation[0m[0m = false
      [32m+[0m [0m[1m[0mavailability_zone[0m[0m               = "us-east-1c"
      [32m+[0m [0m[1m[0mavailability_zone_id[0m[0m            = (known after apply)
      [32m+[0m [0m[1m[0mcidr_block[0m[0m                      = "172.19.32.0/20"
      [32m+[0m [0m[1m[0mid[0m[0m                              = (known after apply)
      [32m+[0m [0m[1m[0mipv6_cidr_block_association_id[0m[0m  = (known after apply)
      [32m+[0m [0m[1m[0mmap_public_ip_on_launch[0m[0m         = false
      [32m+[0m [0m[1m[0mowner_id[0m[0m                        = (known after apply)
      [32m+[0m [0m[1m[0mtags[0m[0m                            = {
          [32m+[0m [0m"Environment" = "dev"
          [32m+[0m [0m"Name"        = "dev-us-east-1c-public-subnet"
        }
      [32m+[0m [0m[1m[0mtags_all[0m[0m                        = {
          [32m+[0m [0m"Environment" = "dev"
          [32m+[0m [0m"Name"        = "dev-us-east-1c-public-subnet"
        }
      [32m+[0m [0m[1m[0mvpc_id[0m[0m                          = (known after apply)
    }

[1m  # module.networking.aws_vpc.vpc[0m will be created[0m[0m
[0m  [32m+[0m[0m resource "aws_vpc" "vpc" {
      [32m+[0m [0m[1m[0marn[0m[0m                              = (known after apply)
      [32m+[0m [0m[1m[0massign_generated_ipv6_cidr_block[0m[0m = false
      [32m+[0m [0m[1m[0mcidr_block[0m[0m                       = "172.19.0.0/16"
      [32m+[0m [0m[1m[0mdefault_network_acl_id[0m[0m           = (known after apply)
      [32m+[0m [0m[1m[0mdefault_route_table_id[0m[0m           = (known after apply)
      [32m+[0m [0m[1m[0mdefault_security_group_id[0m[0m        = (known after apply)
      [32m+[0m [0m[1m[0mdhcp_options_id[0m[0m                  = (known after apply)
      [32m+[0m [0m[1m[0menable_classiclink[0m[0m               = (known after apply)
      [32m+[0m [0m[1m[0menable_classiclink_dns_support[0m[0m   = (known after apply)
      [32m+[0m [0m[1m[0menable_dns_hostnames[0m[0m             = true
      [32m+[0m [0m[1m[0menable_dns_support[0m[0m               = true
      [32m+[0m [0m[1m[0mid[0m[0m                               = (known after apply)
      [32m+[0m [0m[1m[0minstance_tenancy[0m[0m                 = "default"
      [32m+[0m [0m[1m[0mipv6_association_id[0m[0m              = (known after apply)
      [32m+[0m [0m[1m[0mipv6_cidr_block[0m[0m                  = (known after apply)
      [32m+[0m [0m[1m[0mmain_route_table_id[0m[0m              = (known after apply)
      [32m+[0m [0m[1m[0mowner_id[0m[0m                         = (known after apply)
      [32m+[0m [0m[1m[0mtags[0m[0m                             = {
          [32m+[0m [0m"Environment" = "dev"
          [32m+[0m [0m"Name"        = "dev-vpc"
        }
      [32m+[0m [0m[1m[0mtags_all[0m[0m                         = {
          [32m+[0m [0m"Environment" = "dev"
          [32m+[0m [0m"Name"        = "dev-vpc"
        }
    }

[1m  # module.rds.aws_db_subnet_group.default[0m will be created[0m[0m
[0m  [32m+[0m[0m resource "aws_db_subnet_group" "default" {
      [32m+[0m [0m[1m[0marn[0m[0m         = (known after apply)
      [32m+[0m [0m[1m[0mdescription[0m[0m = "Managed by Terraform"
      [32m+[0m [0m[1m[0mid[0m[0m          = (known after apply)
      [32m+[0m [0m[1m[0mname[0m[0m        = "gitlab"
      [32m+[0m [0m[1m[0mname_prefix[0m[0m = (known after apply)
      [32m+[0m [0m[1m[0msubnet_ids[0m[0m  = (known after apply)
      [32m+[0m [0m[1m[0mtags_all[0m[0m    = (known after apply)
    }

[1m  # module.route53.aws_route53_record.gui[0m will be created[0m[0m
[0m  [32m+[0m[0m resource "aws_route53_record" "gui" {
      [32m+[0m [0m[1m[0mallow_overwrite[0m[0m = (known after apply)
      [32m+[0m [0m[1m[0mfqdn[0m[0m            = (known after apply)
      [32m+[0m [0m[1m[0mid[0m[0m              = (known after apply)
      [32m+[0m [0m[1m[0mname[0m[0m            = "gui"
      [32m+[0m [0m[1m[0mtype[0m[0m            = "A"
      [32m+[0m [0m[1m[0mzone_id[0m[0m         = (known after apply)

      [32m+[0m [0malias {
          [32m+[0m [0m[1m[0mevaluate_target_health[0m[0m = true
          [32m+[0m [0m[1m[0mname[0m[0m                   = (known after apply)
          [32m+[0m [0m[1m[0mzone_id[0m[0m                = (known after apply)
        }
    }

[1m  # module.route53.aws_route53_record.pages[0m will be created[0m[0m
[0m  [32m+[0m[0m resource "aws_route53_record" "pages" {
      [32m+[0m [0m[1m[0mallow_overwrite[0m[0m = (known after apply)
      [32m+[0m [0m[1m[0mfqdn[0m[0m            = (known after apply)
      [32m+[0m [0m[1m[0mid[0m[0m              = (known after apply)
      [32m+[0m [0m[1m[0mname[0m[0m            = "pages"
      [32m+[0m [0m[1m[0mtype[0m[0m            = "A"
      [32m+[0m [0m[1m[0mzone_id[0m[0m         = (known after apply)

      [32m+[0m [0malias {
          [32m+[0m [0m[1m[0mevaluate_target_health[0m[0m = true
          [32m+[0m [0m[1m[0mname[0m[0m                   = (known after apply)
          [32m+[0m [0m[1m[0mzone_id[0m[0m                = (known after apply)
        }
    }

[1m  # module.route53.aws_route53_record.registry[0m will be created[0m[0m
[0m  [32m+[0m[0m resource "aws_route53_record" "registry" {
      [32m+[0m [0m[1m[0mallow_overwrite[0m[0m = (known after apply)
      [32m+[0m [0m[1m[0mfqdn[0m[0m            = (known after apply)
      [32m+[0m [0m[1m[0mid[0m[0m              = (known after apply)
      [32m+[0m [0m[1m[0mname[0m[0m            = "registry"
      [32m+[0m [0m[1m[0mtype[0m[0m            = "A"
      [32m+[0m [0m[1m[0mzone_id[0m[0m         = (known after apply)

      [32m+[0m [0malias {
          [32m+[0m [0m[1m[0mevaluate_target_health[0m[0m = true
          [32m+[0m [0m[1m[0mname[0m[0m                   = (known after apply)
          [32m+[0m [0m[1m[0mzone_id[0m[0m                = (known after apply)
        }
    }

[1m  # module.route53.aws_route53_zone.gitlab[0m will be created[0m[0m
[0m  [32m+[0m[0m resource "aws_route53_zone" "gitlab" {
      [32m+[0m [0m[1m[0mcomment[0m[0m       = "Managed by Terraform"
      [32m+[0m [0m[1m[0mforce_destroy[0m[0m = false
      [32m+[0m [0m[1m[0mid[0m[0m            = (known after apply)
      [32m+[0m [0m[1m[0mname[0m[0m          = "gitlab.sandbox783.opentlc.com"
      [32m+[0m [0m[1m[0mname_servers[0m[0m  = (known after apply)
      [32m+[0m [0m[1m[0mtags_all[0m[0m      = (known after apply)
      [32m+[0m [0m[1m[0mzone_id[0m[0m       = (known after apply)
    }

[1m  # module.s3.aws_s3_bucket.app[0m will be created[0m[0m
[0m  [32m+[0m[0m resource "aws_s3_bucket" "app" {
      [32m+[0m [0m[1m[0macceleration_status[0m[0m         = (known after apply)
      [32m+[0m [0m[1m[0macl[0m[0m                         = "public-read-write"
      [32m+[0m [0m[1m[0marn[0m[0m                         = (known after apply)
      [32m+[0m [0m[1m[0mbucket[0m[0m                      = "gitlab-app-vish"
      [32m+[0m [0m[1m[0mbucket_domain_name[0m[0m          = (known after apply)
      [32m+[0m [0m[1m[0mbucket_regional_domain_name[0m[0m = (known after apply)
      [32m+[0m [0m[1m[0mforce_destroy[0m[0m               = false
      [32m+[0m [0m[1m[0mhosted_zone_id[0m[0m              = (known after apply)
      [32m+[0m [0m[1m[0mid[0m[0m                          = (known after apply)
      [32m+[0m [0m[1m[0mregion[0m[0m                      = (known after apply)
      [32m+[0m [0m[1m[0mrequest_payer[0m[0m               = (known after apply)
      [32m+[0m [0m[1m[0mtags_all[0m[0m                    = (known after apply)
      [32m+[0m [0m[1m[0mwebsite_domain[0m[0m              = (known after apply)
      [32m+[0m [0m[1m[0mwebsite_endpoint[0m[0m            = (known after apply)

      [32m+[0m [0mversioning {
          [32m+[0m [0m[1m[0menabled[0m[0m    = (known after apply)
          [32m+[0m [0m[1m[0mmfa_delete[0m[0m = (known after apply)
        }
    }

[1m  # module.s3.aws_s3_bucket.artifacts[0m will be created[0m[0m
[0m  [32m+[0m[0m resource "aws_s3_bucket" "artifacts" {
      [32m+[0m [0m[1m[0macceleration_status[0m[0m         = (known after apply)
      [32m+[0m [0m[1m[0macl[0m[0m                         = "public-read-write"
      [32m+[0m [0m[1m[0marn[0m[0m                         = (known after apply)
      [32m+[0m [0m[1m[0mbucket[0m[0m                      = "gitlab-artifacts-vish"
      [32m+[0m [0m[1m[0mbucket_domain_name[0m[0m          = (known after apply)
      [32m+[0m [0m[1m[0mbucket_regional_domain_name[0m[0m = (known after apply)
      [32m+[0m [0m[1m[0mforce_destroy[0m[0m               = false
      [32m+[0m [0m[1m[0mhosted_zone_id[0m[0m              = (known after apply)
      [32m+[0m [0m[1m[0mid[0m[0m                          = (known after apply)
      [32m+[0m [0m[1m[0mregion[0m[0m                      = (known after apply)
      [32m+[0m [0m[1m[0mrequest_payer[0m[0m               = (known after apply)
      [32m+[0m [0m[1m[0mtags_all[0m[0m                    = (known after apply)
      [32m+[0m [0m[1m[0mwebsite_domain[0m[0m              = (known after apply)
      [32m+[0m [0m[1m[0mwebsite_endpoint[0m[0m            = (known after apply)

      [32m+[0m [0mversioning {
          [32m+[0m [0m[1m[0menabled[0m[0m    = (known after apply)
          [32m+[0m [0m[1m[0mmfa_delete[0m[0m = (known after apply)
        }
    }

[1m  # module.s3.aws_s3_bucket.backup[0m will be created[0m[0m
[0m  [32m+[0m[0m resource "aws_s3_bucket" "backup" {
      [32m+[0m [0m[1m[0macceleration_status[0m[0m         = (known after apply)
      [32m+[0m [0m[1m[0macl[0m[0m                         = "public-read-write"
      [32m+[0m [0m[1m[0marn[0m[0m                         = (known after apply)
      [32m+[0m [0m[1m[0mbucket[0m[0m                      = "gitlab-backup-vish"
      [32m+[0m [0m[1m[0mbucket_domain_name[0m[0m          = (known after apply)
      [32m+[0m [0m[1m[0mbucket_regional_domain_name[0m[0m = (known after apply)
      [32m+[0m [0m[1m[0mforce_destroy[0m[0m               = false
      [32m+[0m [0m[1m[0mhosted_zone_id[0m[0m              = (known after apply)
      [32m+[0m [0m[1m[0mid[0m[0m                          = (known after apply)
      [32m+[0m [0m[1m[0mregion[0m[0m                      = (known after apply)
      [32m+[0m [0m[1m[0mrequest_payer[0m[0m               = (known after apply)
      [32m+[0m [0m[1m[0mtags_all[0m[0m                    = (known after apply)
      [32m+[0m [0m[1m[0mwebsite_domain[0m[0m              = (known after apply)
      [32m+[0m [0m[1m[0mwebsite_endpoint[0m[0m            = (known after apply)

      [32m+[0m [0mversioning {
          [32m+[0m [0m[1m[0menabled[0m[0m    = (known after apply)
          [32m+[0m [0m[1m[0mmfa_delete[0m[0m = (known after apply)
        }
    }

[1m  # module.s3.aws_s3_bucket.diffs[0m will be created[0m[0m
[0m  [32m+[0m[0m resource "aws_s3_bucket" "diffs" {
      [32m+[0m [0m[1m[0macceleration_status[0m[0m         = (known after apply)
      [32m+[0m [0m[1m[0macl[0m[0m                         = "public-read-write"
      [32m+[0m [0m[1m[0marn[0m[0m                         = (known after apply)
      [32m+[0m [0m[1m[0mbucket[0m[0m                      = "gitlab-diffs-vish"
      [32m+[0m [0m[1m[0mbucket_domain_name[0m[0m          = (known after apply)
      [32m+[0m [0m[1m[0mbucket_regional_domain_name[0m[0m = (known after apply)
      [32m+[0m [0m[1m[0mforce_destroy[0m[0m               = false
      [32m+[0m [0m[1m[0mhosted_zone_id[0m[0m              = (known after apply)
      [32m+[0m [0m[1m[0mid[0m[0m                          = (known after apply)
      [32m+[0m [0m[1m[0mregion[0m[0m                      = (known after apply)
      [32m+[0m [0m[1m[0mrequest_payer[0m[0m               = (known after apply)
      [32m+[0m [0m[1m[0mtags_all[0m[0m                    = (known after apply)
      [32m+[0m [0m[1m[0mwebsite_domain[0m[0m              = (known after apply)
      [32m+[0m [0m[1m[0mwebsite_endpoint[0m[0m            = (known after apply)

      [32m+[0m [0mversioning {
          [32m+[0m [0m[1m[0menabled[0m[0m    = (known after apply)
          [32m+[0m [0m[1m[0mmfa_delete[0m[0m = (known after apply)
        }
    }

[1m  # module.s3.aws_s3_bucket.lfs[0m will be created[0m[0m
[0m  [32m+[0m[0m resource "aws_s3_bucket" "lfs" {
      [32m+[0m [0m[1m[0macceleration_status[0m[0m         = (known after apply)
      [32m+[0m [0m[1m[0macl[0m[0m                         = "public-read-write"
      [32m+[0m [0m[1m[0marn[0m[0m                         = (known after apply)
      [32m+[0m [0m[1m[0mbucket[0m[0m                      = "gitlab-lfs-vish"
      [32m+[0m [0m[1m[0mbucket_domain_name[0m[0m          = (known after apply)
      [32m+[0m [0m[1m[0mbucket_regional_domain_name[0m[0m = (known after apply)
      [32m+[0m [0m[1m[0mforce_destroy[0m[0m               = false
      [32m+[0m [0m[1m[0mhosted_zone_id[0m[0m              = (known after apply)
      [32m+[0m [0m[1m[0mid[0m[0m                          = (known after apply)
      [32m+[0m [0m[1m[0mregion[0m[0m                      = (known after apply)
      [32m+[0m [0m[1m[0mrequest_payer[0m[0m               = (known after apply)
      [32m+[0m [0m[1m[0mtags_all[0m[0m                    = (known after apply)
      [32m+[0m [0m[1m[0mwebsite_domain[0m[0m              = (known after apply)
      [32m+[0m [0m[1m[0mwebsite_endpoint[0m[0m            = (known after apply)

      [32m+[0m [0mversioning {
          [32m+[0m [0m[1m[0menabled[0m[0m    = (known after apply)
          [32m+[0m [0m[1m[0mmfa_delete[0m[0m = (known after apply)
        }
    }

[1m  # module.s3.aws_s3_bucket.registry[0m will be created[0m[0m
[0m  [32m+[0m[0m resource "aws_s3_bucket" "registry" {
      [32m+[0m [0m[1m[0macceleration_status[0m[0m         = (known after apply)
      [32m+[0m [0m[1m[0macl[0m[0m                         = "public-read-write"
      [32m+[0m [0m[1m[0marn[0m[0m                         = (known after apply)
      [32m+[0m [0m[1m[0mbucket[0m[0m                      = "gitlab-registry-vish"
      [32m+[0m [0m[1m[0mbucket_domain_name[0m[0m          = (known after apply)
      [32m+[0m [0m[1m[0mbucket_regional_domain_name[0m[0m = (known after apply)
      [32m+[0m [0m[1m[0mforce_destroy[0m[0m               = false
      [32m+[0m [0m[1m[0mhosted_zone_id[0m[0m              = (known after apply)
      [32m+[0m [0m[1m[0mid[0m[0m                          = (known after apply)
      [32m+[0m [0m[1m[0mregion[0m[0m                      = (known after apply)
      [32m+[0m [0m[1m[0mrequest_payer[0m[0m               = (known after apply)
      [32m+[0m [0m[1m[0mtags_all[0m[0m                    = (known after apply)
      [32m+[0m [0m[1m[0mwebsite_domain[0m[0m              = (known after apply)
      [32m+[0m [0m[1m[0mwebsite_endpoint[0m[0m            = (known after apply)

      [32m+[0m [0mversioning {
          [32m+[0m [0m[1m[0menabled[0m[0m    = (known after apply)
          [32m+[0m [0m[1m[0mmfa_delete[0m[0m = (known after apply)
        }
    }

[1m  # module.s3.aws_s3_bucket.uploads[0m will be created[0m[0m
[0m  [32m+[0m[0m resource "aws_s3_bucket" "uploads" {
      [32m+[0m [0m[1m[0macceleration_status[0m[0m         = (known after apply)
      [32m+[0m [0m[1m[0macl[0m[0m                         = "public-read-write"
      [32m+[0m [0m[1m[0marn[0m[0m                         = (known after apply)
      [32m+[0m [0m[1m[0mbucket[0m[0m                      = "gitlab-uploads-vish"
      [32m+[0m [0m[1m[0mbucket_domain_name[0m[0m          = (known after apply)
      [32m+[0m [0m[1m[0mbucket_regional_domain_name[0m[0m = (known after apply)
      [32m+[0m [0m[1m[0mforce_destroy[0m[0m               = false
      [32m+[0m [0m[1m[0mhosted_zone_id[0m[0m              = (known after apply)
      [32m+[0m [0m[1m[0mid[0m[0m                          = (known after apply)
      [32m+[0m [0m[1m[0mregion[0m[0m                      = (known after apply)
      [32m+[0m [0m[1m[0mrequest_payer[0m[0m               = (known after apply)
      [32m+[0m [0m[1m[0mtags_all[0m[0m                    = (known after apply)
      [32m+[0m [0m[1m[0mwebsite_domain[0m[0m              = (known after apply)
      [32m+[0m [0m[1m[0mwebsite_endpoint[0m[0m            = (known after apply)

      [32m+[0m [0mversioning {
          [32m+[0m [0m[1m[0menabled[0m[0m    = (known after apply)
          [32m+[0m [0m[1m[0mmfa_delete[0m[0m = (known after apply)
        }
    }

[1m  # module.rds.module.rds.module.db_instance.aws_db_instance.this[0][0m will be created[0m[0m
[0m  [32m+[0m[0m resource "aws_db_instance" "this" {
      [32m+[0m [0m[1m[0maddress[0m[0m                               = (known after apply)
      [32m+[0m [0m[1m[0mallocated_storage[0m[0m                     = 50
      [32m+[0m [0m[1m[0mallow_major_version_upgrade[0m[0m           = true
      [32m+[0m [0m[1m[0mapply_immediately[0m[0m                     = false
      [32m+[0m [0m[1m[0marn[0m[0m                                   = (known after apply)
      [32m+[0m [0m[1m[0mauto_minor_version_upgrade[0m[0m            = true
      [32m+[0m [0m[1m[0mavailability_zone[0m[0m                     = (known after apply)
      [32m+[0m [0m[1m[0mbackup_retention_period[0m[0m               = 0
      [32m+[0m [0m[1m[0mbackup_window[0m[0m                         = "03:00-06:00"
      [32m+[0m [0m[1m[0mca_cert_identifier[0m[0m                    = "rds-ca-2019"
      [32m+[0m [0m[1m[0mcharacter_set_name[0m[0m                    = (known after apply)
      [32m+[0m [0m[1m[0mcopy_tags_to_snapshot[0m[0m                 = true
      [32m+[0m [0m[1m[0mdb_subnet_group_name[0m[0m                  = "gitlab"
      [32m+[0m [0m[1m[0mdelete_automated_backups[0m[0m              = true
      [32m+[0m [0m[1m[0mdeletion_protection[0m[0m                   = false
      [32m+[0m [0m[1m[0mendpoint[0m[0m                              = (known after apply)
      [32m+[0m [0m[1m[0mengine[0m[0m                                = "postgres"
      [32m+[0m [0m[1m[0mengine_version[0m[0m                        = "13.1"
      [32m+[0m [0m[1m[0mhosted_zone_id[0m[0m                        = (known after apply)
      [32m+[0m [0m[1m[0miam_database_authentication_enabled[0m[0m   = false
      [32m+[0m [0m[1m[0mid[0m[0m                                    = (known after apply)
      [32m+[0m [0m[1m[0midentifier[0m[0m                            = "gitlab-db"
      [32m+[0m [0m[1m[0midentifier_prefix[0m[0m                     = (known after apply)
      [32m+[0m [0m[1m[0minstance_class[0m[0m                        = "db.t3.medium"
      [32m+[0m [0m[1m[0miops[0m[0m                                  = 0
      [32m+[0m [0m[1m[0mkms_key_id[0m[0m                            = (known after apply)
      [32m+[0m [0m[1m[0mlatest_restorable_time[0m[0m                = (known after apply)
      [32m+[0m [0m[1m[0mlicense_model[0m[0m                         = (known after apply)
      [32m+[0m [0m[1m[0mmaintenance_window[0m[0m                    = "mon:00:00-mon:03:00"
      [32m+[0m [0m[1m[0mmax_allocated_storage[0m[0m                 = 0
      [32m+[0m [0m[1m[0mmonitoring_interval[0m[0m                   = 0
      [32m+[0m [0m[1m[0mmonitoring_role_arn[0m[0m                   = (known after apply)
      [32m+[0m [0m[1m[0mmulti_az[0m[0m                              = false
      [32m+[0m [0m[1m[0mname[0m[0m                                  = "gitlabpg"
      [32m+[0m [0m[1m[0moption_group_name[0m[0m                     = (known after apply)
      [32m+[0m [0m[1m[0mparameter_group_name[0m[0m                  = "default.postgres13"
      [32m+[0m [0m[1m[0mpassword[0m[0m                              = (sensitive value)
      [32m+[0m [0m[1m[0mperformance_insights_enabled[0m[0m          = false
      [32m+[0m [0m[1m[0mperformance_insights_kms_key_id[0m[0m       = (known after apply)
      [32m+[0m [0m[1m[0mperformance_insights_retention_period[0m[0m = (known after apply)
      [32m+[0m [0m[1m[0mport[0m[0m                                  = 5432
      [32m+[0m [0m[1m[0mpublicly_accessible[0m[0m                   = false
      [32m+[0m [0m[1m[0mreplicas[0m[0m                              = (known after apply)
      [32m+[0m [0m[1m[0mresource_id[0m[0m                           = (known after apply)
      [32m+[0m [0m[1m[0mskip_final_snapshot[0m[0m                   = true
      [32m+[0m [0m[1m[0msnapshot_identifier[0m[0m                   = (known after apply)
      [32m+[0m [0m[1m[0mstatus[0m[0m                                = (known after apply)
      [32m+[0m [0m[1m[0mstorage_encrypted[0m[0m                     = true
      [32m+[0m [0m[1m[0mstorage_type[0m[0m                          = "gp2"
      [32m+[0m [0m[1m[0mtags[0m[0m                                  = {
          [32m+[0m [0m"Name" = "gitlab-db"
        }
      [32m+[0m [0m[1m[0mtags_all[0m[0m                              = {
          [32m+[0m [0m"Name" = "gitlab-db"
        }
      [32m+[0m [0m[1m[0mtimezone[0m[0m                              = (known after apply)
      [32m+[0m [0m[1m[0musername[0m[0m                              = "gitlab"
      [32m+[0m [0m[1m[0mvpc_security_group_ids[0m[0m                = (known after apply)

      [32m+[0m [0mtimeouts {
          [32m+[0m [0m[1m[0mcreate[0m[0m = "40m"
          [32m+[0m [0m[1m[0mdelete[0m[0m = "40m"
          [32m+[0m [0m[1m[0mupdate[0m[0m = "80m"
        }
    }

[1m  # module.rds.module.rds-storage.module.db_instance.aws_db_instance.this[0][0m will be created[0m[0m
[0m  [32m+[0m[0m resource "aws_db_instance" "this" {
      [32m+[0m [0m[1m[0maddress[0m[0m                               = (known after apply)
      [32m+[0m [0m[1m[0mallocated_storage[0m[0m                     = 50
      [32m+[0m [0m[1m[0mallow_major_version_upgrade[0m[0m           = true
      [32m+[0m [0m[1m[0mapply_immediately[0m[0m                     = false
      [32m+[0m [0m[1m[0marn[0m[0m                                   = (known after apply)
      [32m+[0m [0m[1m[0mauto_minor_version_upgrade[0m[0m            = true
      [32m+[0m [0m[1m[0mavailability_zone[0m[0m                     = (known after apply)
      [32m+[0m [0m[1m[0mbackup_retention_period[0m[0m               = 0
      [32m+[0m [0m[1m[0mbackup_window[0m[0m                         = "03:00-06:00"
      [32m+[0m [0m[1m[0mca_cert_identifier[0m[0m                    = "rds-ca-2019"
      [32m+[0m [0m[1m[0mcharacter_set_name[0m[0m                    = (known after apply)
      [32m+[0m [0m[1m[0mcopy_tags_to_snapshot[0m[0m                 = true
      [32m+[0m [0m[1m[0mdb_subnet_group_name[0m[0m                  = "gitlab"
      [32m+[0m [0m[1m[0mdelete_automated_backups[0m[0m              = true
      [32m+[0m [0m[1m[0mdeletion_protection[0m[0m                   = false
      [32m+[0m [0m[1m[0mendpoint[0m[0m                              = (known after apply)
      [32m+[0m [0m[1m[0mengine[0m[0m                                = "postgres"
      [32m+[0m [0m[1m[0mengine_version[0m[0m                        = "13.1"
      [32m+[0m [0m[1m[0mhosted_zone_id[0m[0m                        = (known after apply)
      [32m+[0m [0m[1m[0miam_database_authentication_enabled[0m[0m   = false
      [32m+[0m [0m[1m[0mid[0m[0m                                    = (known after apply)
      [32m+[0m [0m[1m[0midentifier[0m[0m                            = "gitlab-storage"
      [32m+[0m [0m[1m[0midentifier_prefix[0m[0m                     = (known after apply)
      [32m+[0m [0m[1m[0minstance_class[0m[0m                        = "db.t3.medium"
      [32m+[0m [0m[1m[0miops[0m[0m                                  = 0
      [32m+[0m [0m[1m[0mkms_key_id[0m[0m                            = (known after apply)
      [32m+[0m [0m[1m[0mlatest_restorable_time[0m[0m                = (known after apply)
      [32m+[0m [0m[1m[0mlicense_model[0m[0m                         = (known after apply)
      [32m+[0m [0m[1m[0mmaintenance_window[0m[0m                    = "mon:00:00-mon:03:00"
      [32m+[0m [0m[1m[0mmax_allocated_storage[0m[0m                 = 0
      [32m+[0m [0m[1m[0mmonitoring_interval[0m[0m                   = 0
      [32m+[0m [0m[1m[0mmonitoring_role_arn[0m[0m                   = (known after apply)
      [32m+[0m [0m[1m[0mmulti_az[0m[0m                              = true
      [32m+[0m [0m[1m[0mname[0m[0m                                  = "praefect"
      [32m+[0m [0m[1m[0moption_group_name[0m[0m                     = (known after apply)
      [32m+[0m [0m[1m[0mparameter_group_name[0m[0m                  = "default.postgres13"
      [32m+[0m [0m[1m[0mpassword[0m[0m                              = (sensitive value)
      [32m+[0m [0m[1m[0mperformance_insights_enabled[0m[0m          = false
      [32m+[0m [0m[1m[0mperformance_insights_kms_key_id[0m[0m       = (known after apply)
      [32m+[0m [0m[1m[0mperformance_insights_retention_period[0m[0m = (known after apply)
      [32m+[0m [0m[1m[0mport[0m[0m                                  = 5432
      [32m+[0m [0m[1m[0mpublicly_accessible[0m[0m                   = false
      [32m+[0m [0m[1m[0mreplicas[0m[0m                              = (known after apply)
      [32m+[0m [0m[1m[0mresource_id[0m[0m                           = (known after apply)
      [32m+[0m [0m[1m[0mskip_final_snapshot[0m[0m                   = true
      [32m+[0m [0m[1m[0msnapshot_identifier[0m[0m                   = (known after apply)
      [32m+[0m [0m[1m[0mstatus[0m[0m                                = (known after apply)
      [32m+[0m [0m[1m[0mstorage_encrypted[0m[0m                     = true
      [32m+[0m [0m[1m[0mstorage_type[0m[0m                          = "gp2"
      [32m+[0m [0m[1m[0mtags[0m[0m                                  = {
          [32m+[0m [0m"Name" = "gitlab-storage"
        }
      [32m+[0m [0m[1m[0mtags_all[0m[0m                              = {
          [32m+[0m [0m"Name" = "gitlab-storage"
        }
      [32m+[0m [0m[1m[0mtimezone[0m[0m                              = (known after apply)
      [32m+[0m [0m[1m[0musername[0m[0m                              = "praefect"
      [32m+[0m [0m[1m[0mvpc_security_group_ids[0m[0m                = (known after apply)

      [32m+[0m [0mtimeouts {
          [32m+[0m [0m[1m[0mcreate[0m[0m = "40m"
          [32m+[0m [0m[1m[0mdelete[0m[0m = "40m"
          [32m+[0m [0m[1m[0mupdate[0m[0m = "80m"
        }
    }

[0m[1mPlan:[0m 62 to add, 0 to change, 0 to destroy.
[0m[0m
[1mChanges to Outputs:[0m[0m
  [32m+[0m [0m[1m[0mapp-1-private-dns[0m[0m          = [
      [32m+[0m [0m(known after apply),
    ]
  [32m+[0m [0m[1m[0mapplication_elb[0m[0m            = (known after apply)
  [32m+[0m [0m[1m[0mbastion-public-dns[0m[0m         = (known after apply)
  [32m+[0m [0m[1m[0meks-cert[0m[0m                   = (sensitive value)
  [32m+[0m [0m[1m[0meks-url[0m[0m                    = (known after apply)
  [32m+[0m [0m[1m[0melasticache_endpoint[0m[0m       = (known after apply)
  [32m+[0m [0m[1m[0mgitaly-1-private-dns[0m[0m       = [
      [32m+[0m [0m(known after apply),
      [32m+[0m [0m(known after apply),
    ]
  [32m+[0m [0m[1m[0mgitlab-gui[0m[0m                 = (known after apply)
  [32m+[0m [0m[1m[0mgitlab_database_endpoint[0m[0m   = (known after apply)
  [32m+[0m [0m[1m[0mgitlab_database_password[0m[0m   = (sensitive value)
  [32m+[0m [0m[1m[0mmon-1-private-dns[0m[0m          = [
      [32m+[0m [0m(known after apply),
    ]
  [32m+[0m [0m[1m[0mmonitoring_elb[0m[0m             = (known after apply)
  [32m+[0m [0m[1m[0mpraefect-1-private-dns[0m[0m     = [
      [32m+[0m [0m(known after apply),
    ]
  [32m+[0m [0m[1m[0mpraefect_database_endpoint[0m[0m = (known after apply)
  [32m+[0m [0m[1m[0mpraefect_database_password[0m[0m = (sensitive value)
  [32m+[0m [0m[1m[0mstorage_elb[0m[0m                = (known after apply)
[0m[1mmodule.ec2.aws_iam_role.all_role: Creating...[0m[0m
[0m[1mmodule.networking.aws_vpc.vpc: Creating...[0m[0m
[0m[1mmodule.eks.aws_iam_role.eks-role: Creating...[0m[0m
[0m[1mmodule.route53.aws_route53_zone.gitlab: Creating...[0m[0m
[0m[1mmodule.ec2.aws_iam_policy.all_policy: Creating...[0m[0m
[0m[1mmodule.s3.aws_s3_bucket.registry: Creating...[0m[0m
[0m[1mmodule.ec2.aws_key_pair.gitlab: Creating...[0m[0m
[0m[1mmodule.s3.aws_s3_bucket.lfs: Creating...[0m[0m
[0m[1mmodule.s3.aws_s3_bucket.app: Creating...[0m[0m
[0m[1mmodule.s3.aws_s3_bucket.uploads: Creating...[0m[0m
[0m[1mmodule.ec2.aws_key_pair.gitlab: Creation complete after 0s [id=gitlab][0m
[0m[1mmodule.s3.aws_s3_bucket.backup: Creating...[0m[0m
[0m[1mmodule.ec2.aws_iam_policy.all_policy: Creation complete after 0s [id=arn:aws:iam::472403309745:policy/test-policy][0m
[0m[1mmodule.s3.aws_s3_bucket.artifacts: Creating...[0m[0m
[0m[1mmodule.eks.aws_iam_role.eks-role: Creation complete after 0s [id=eks-cluster][0m
[0m[1mmodule.eks.aws_iam_role.eks-node-role: Creating...[0m[0m
[0m[1mmodule.ec2.aws_iam_role.all_role: Creation complete after 0s [id=test_role][0m
[0m[1mmodule.s3.aws_s3_bucket.diffs: Creating...[0m[0m
[0m[1mmodule.eks.aws_iam_role.eks-node-role: Creation complete after 0s [id=eks-node-role][0m
[0m[1mmodule.eks.aws_iam_role_policy_attachment.eks-AmazonEKSClusterPolicy: Creating...[0m[0m
[0m[1mmodule.eks.aws_iam_role_policy_attachment.eks-AmazonEKSClusterPolicy: Creation complete after 1s [id=eks-cluster-20210722221020509600000002][0m
[0m[1mmodule.eks.aws_iam_role_policy_attachment.eks-AmazonEKSVPCResourceController: Creating...[0m[0m
[0m[1mmodule.eks.aws_iam_role_policy_attachment.eks-AmazonEKSVPCResourceController: Creation complete after 0s [id=eks-cluster-20210722221020755000000003][0m
[0m[1mmodule.ec2.aws_iam_instance_profile.all_profile: Creating...[0m[0m
[0m[1mmodule.s3.aws_s3_bucket.uploads: Creation complete after 1s [id=gitlab-uploads-vish][0m
[0m[1mmodule.ec2.aws_iam_role_policy_attachment.test-attach: Creating...[0m[0m
[0m[1mmodule.s3.aws_s3_bucket.registry: Creation complete after 1s [id=gitlab-registry-vish][0m
[0m[1mmodule.eks.aws_iam_role_policy_attachment.eks-node-AmazonEKSWorkerNodePolicy: Creating...[0m[0m
[0m[1mmodule.ec2.aws_iam_instance_profile.all_profile: Creation complete after 0s [id=mon_ec2_profile][0m
[0m[1mmodule.eks.aws_iam_role_policy_attachment.eks-node-AmazonEC2ContainerRegistryReadOnly: Creating...[0m[0m
[0m[1mmodule.s3.aws_s3_bucket.backup: Creation complete after 1s [id=gitlab-backup-vish][0m
[0m[1mmodule.eks.aws_iam_role_policy_attachment.eks-node-AmazonEKS_CNI_Policy: Creating...[0m[0m
[0m[1mmodule.s3.aws_s3_bucket.diffs: Creation complete after 1s [id=gitlab-diffs-vish][0m
[0m[1mmodule.ec2.aws_iam_role_policy_attachment.test-attach: Creation complete after 0s [id=test_role-20210722221021137200000004][0m
[0m[1mmodule.s3.aws_s3_bucket.app: Creation complete after 1s [id=gitlab-app-vish][0m
[0m[1mmodule.s3.aws_s3_bucket.artifacts: Creation complete after 1s [id=gitlab-artifacts-vish][0m
[0m[1mmodule.eks.aws_iam_role_policy_attachment.eks-node-AmazonEKSWorkerNodePolicy: Creation complete after 0s [id=eks-node-role-20210722221021231100000005][0m
[0m[1mmodule.s3.aws_s3_bucket.lfs: Creation complete after 1s [id=gitlab-lfs-vish][0m
[0m[1mmodule.eks.aws_iam_role_policy_attachment.eks-node-AmazonEC2ContainerRegistryReadOnly: Creation complete after 0s [id=eks-node-role-20210722221021282400000006][0m
[0m[1mmodule.eks.aws_iam_role_policy_attachment.eks-node-AmazonEKS_CNI_Policy: Creation complete after 1s [id=eks-node-role-20210722221022365600000007][0m
[0m[1mmodule.networking.aws_vpc.vpc: Still creating... [10s elapsed][0m[0m
[0m[1mmodule.route53.aws_route53_zone.gitlab: Still creating... [10s elapsed][0m[0m
[0m[1mmodule.networking.aws_vpc.vpc: Creation complete after 12s [id=vpc-069703d9cb5d2c075][0m
[0m[1mmodule.networking.aws_subnet.public_subnet[0]: Creating...[0m[0m
[0m[1mmodule.networking.aws_subnet.private_subnet[0]: Creating...[0m[0m
[0m[1mmodule.networking.aws_internet_gateway.ig: Creating...[0m[0m
[0m[1mmodule.networking.aws_subnet.public_subnet[2]: Creating...[0m[0m
[0m[1mmodule.networking.aws_subnet.public_subnet[1]: Creating...[0m[0m
[0m[1mmodule.networking.aws_route_table.private: Creating...[0m[0m
[0m[1mmodule.networking.aws_subnet.private_subnet[1]: Creating...[0m[0m
[0m[1mmodule.networking.aws_route_table.public: Creating...[0m[0m
[0m[1mmodule.networking.aws_security_group.default: Creating...[0m[0m
[0m[1mmodule.networking.aws_route_table.private: Creation complete after 0s [id=rtb-0c596442b66ff0317][0m
[0m[1mmodule.networking.aws_subnet.private_subnet[2]: Creating...[0m[0m
[0m[1mmodule.networking.aws_internet_gateway.ig: Creation complete after 0s [id=igw-0158813283edf0aa1][0m
[0m[1mmodule.networking.aws_eip.nat_eip: Creating...[0m[0m
[0m[1mmodule.networking.aws_subnet.public_subnet[2]: Creation complete after 0s [id=subnet-090e7a2adb251ea7a][0m
[0m[1mmodule.networking.aws_subnet.public_subnet[1]: Creation complete after 0s [id=subnet-0c6503d4bcc532e43][0m
[0m[1mmodule.networking.aws_route_table.public: Creation complete after 0s [id=rtb-0ab288ff3db0fb195][0m
[0m[1mmodule.networking.aws_route.public_internet_gateway: Creating...[0m[0m
[0m[1mmodule.networking.aws_subnet.private_subnet[1]: Creation complete after 1s [id=subnet-0b73225a535b45df6][0m
[0m[1mmodule.networking.aws_subnet.private_subnet[0]: Creation complete after 1s [id=subnet-00ecb7c20a2bbc331][0m
[0m[1mmodule.networking.aws_subnet.public_subnet[0]: Creation complete after 1s [id=subnet-02de8337f92f62592][0m
[0m[1mmodule.networking.aws_route_table_association.public[1]: Creating...[0m[0m
[0m[1mmodule.networking.aws_route_table_association.public[0]: Creating...[0m[0m
[0m[1mmodule.networking.aws_route_table_association.public[2]: Creating...[0m[0m
[0m[1mmodule.networking.aws_eip.nat_eip: Creation complete after 1s [id=eipalloc-0bbe1e6229059ccd7][0m
[0m[1mmodule.networking.aws_nat_gateway.nat: Creating...[0m[0m
[0m[1mmodule.networking.aws_subnet.private_subnet[2]: Creation complete after 1s [id=subnet-09f33b658716d9004][0m
[0m[1mmodule.networking.aws_route_table_association.private[1]: Creating...[0m[0m
[0m[1mmodule.networking.aws_route_table_association.private[0]: Creating...[0m[0m
[0m[1mmodule.networking.aws_route_table_association.private[2]: Creating...[0m[0m
[0m[1mmodule.networking.aws_route_table_association.public[0]: Creation complete after 0s [id=rtbassoc-035aac14888a400b2][0m
[0m[1mmodule.networking.aws_route_table_association.public[2]: Creation complete after 0s [id=rtbassoc-0052d9ac00c5a9769][0m
[0m[1mmodule.networking.aws_route.public_internet_gateway: Creation complete after 1s [id=r-rtb-0ab288ff3db0fb1951080289494][0m
[0m[1mmodule.rds.aws_db_subnet_group.default: Creating...[0m[0m
[0m[1mmodule.elasticache.aws_elasticache_subnet_group.default: Creating...[0m[0m
[0m[1mmodule.eks.aws_eks_cluster.gitlab: Creating...[0m[0m
[0m[1mmodule.networking.aws_route_table_association.public[1]: Creation complete after 0s [id=rtbassoc-01d68adb55fadde6d][0m
[0m[1mmodule.networking.aws_route_table_association.private[0]: Creation complete after 0s [id=rtbassoc-05304c68df6566c91][0m
[0m[1mmodule.networking.aws_route_table_association.private[2]: Creation complete after 0s [id=rtbassoc-08317de78b2eea4b2][0m
[0m[1mmodule.networking.aws_route_table_association.private[1]: Creation complete after 0s [id=rtbassoc-05fe5b0e971aad751][0m
[0m[1mmodule.networking.aws_security_group.default: Creation complete after 1s [id=sg-0bec0e70186d68a4d][0m
[0m[1mmodule.ec2.aws_instance.bastion[0]: Creating...[0m[0m
[0m[1mmodule.ec2.aws_instance.mon-1[0]: Creating...[0m[0m
[0m[1mmodule.ec2.aws_instance.gitaly-1[0]: Creating...[0m[0m
[0m[1mmodule.ec2.aws_instance.gitaly-1[1]: Creating...[0m[0m
[0m[1mmodule.ec2.aws_instance.praefect-1[0]: Creating...[0m[0m
[0m[1mmodule.rds.aws_db_subnet_group.default: Creation complete after 1s [id=gitlab][0m
[0m[1mmodule.ec2.aws_instance.app-1[0]: Creating...[0m[0m
[0m[1mmodule.elasticache.aws_elasticache_subnet_group.default: Creation complete after 1s [id=gitlab][0m
[0m[1mmodule.elasticache.aws_elasticache_replication_group.gitlab: Creating...[0m[0m
[0m[1mmodule.route53.aws_route53_zone.gitlab: Still creating... [20s elapsed][0m[0m
[0m[1mmodule.networking.aws_nat_gateway.nat: Still creating... [10s elapsed][0m[0m
[0m[1mmodule.eks.aws_eks_cluster.gitlab: Still creating... [10s elapsed][0m[0m
[0m[1mmodule.ec2.aws_instance.bastion[0]: Still creating... [11s elapsed][0m[0m
[0m[1mmodule.ec2.aws_instance.mon-1[0]: Still creating... [11s elapsed][0m[0m
[0m[1mmodule.ec2.aws_instance.gitaly-1[0]: Still creating... [10s elapsed][0m[0m
[0m[1mmodule.ec2.aws_instance.gitaly-1[1]: Still creating... [10s elapsed][0m[0m
[0m[1mmodule.ec2.aws_instance.praefect-1[0]: Still creating... [10s elapsed][0m[0m
[0m[1mmodule.ec2.aws_instance.app-1[0]: Still creating... [10s elapsed][0m[0m
[0m[1mmodule.elasticache.aws_elasticache_replication_group.gitlab: Still creating... [10s elapsed][0m[0m
[0m[1mmodule.ec2.aws_instance.praefect-1[0]: Creation complete after 12s [id=i-02f04159b6bce714e][0m
[0m[1mmodule.lb.aws_elb.gitlab-storage-internal: Creating...[0m[0m
[0m[1mmodule.ec2.aws_instance.bastion[0]: Creation complete after 14s [id=i-03bdab46e096de696][0m
[0m[1mmodule.rds.module.rds.module.db_instance.aws_db_instance.this[0]: Creating...[0m[0m
[0m[1mmodule.ec2.aws_instance.mon-1[0]: Creation complete after 14s [id=i-00bfb9f9393136043][0m
[0m[1mmodule.rds.module.rds-storage.module.db_instance.aws_db_instance.this[0]: Creating...[0m[0m
[0m[1mmodule.ec2.aws_instance.gitaly-1[0]: Creation complete after 13s [id=i-01bfcd9df8f373080][0m
[0m[1mmodule.lb.aws_elb.gitlab-monitoring-internal: Creating...[0m[0m
[0m[1mmodule.ec2.aws_instance.app-1[0]: Creation complete after 13s [id=i-02955ad494a2f4a9c][0m
[0m[1mmodule.lb.aws_elb.gitlab-nlb-public: Creating...[0m[0m
[0m[1mmodule.lb.aws_elb.gitlab-monitoring-internal: Creation complete after 2s [id=gitlab-monitoring][0m
[0m[1mmodule.route53.aws_route53_zone.gitlab: Still creating... [30s elapsed][0m[0m
[0m[1mmodule.lb.aws_elb.gitlab-storage-internal: Creation complete after 4s [id=gitlab-storage-internal][0m
[0m[1mmodule.lb.aws_elb.gitlab-nlb-public: Creation complete after 4s [id=gitlab-nlb-public][0m
[0m[1mmodule.networking.aws_nat_gateway.nat: Still creating... [20s elapsed][0m[0m
[0m[1mmodule.eks.aws_eks_cluster.gitlab: Still creating... [20s elapsed][0m[0m
[0m[1mmodule.ec2.aws_instance.gitaly-1[1]: Still creating... [20s elapsed][0m[0m
[0m[1mmodule.elasticache.aws_elasticache_replication_group.gitlab: Still creating... [20s elapsed][0m[0m
[0m[1mmodule.rds.module.rds.module.db_instance.aws_db_instance.this[0]: Still creating... [10s elapsed][0m[0m
[0m[1mmodule.rds.module.rds-storage.module.db_instance.aws_db_instance.this[0]: Still creating... [10s elapsed][0m[0m
[0m[1mmodule.route53.aws_route53_zone.gitlab: Still creating... [40s elapsed][0m[0m
[0m[1mmodule.networking.aws_nat_gateway.nat: Still creating... [30s elapsed][0m[0m
[0m[1mmodule.eks.aws_eks_cluster.gitlab: Still creating... [30s elapsed][0m[0m
[0m[1mmodule.ec2.aws_instance.gitaly-1[1]: Still creating... [30s elapsed][0m[0m
[0m[1mmodule.elasticache.aws_elasticache_replication_group.gitlab: Still creating... [30s elapsed][0m[0m
[0m[1mmodule.route53.aws_route53_zone.gitlab: Creation complete after 45s [id=Z03784961IK1OBD4ROIC5][0m
[0m[1mmodule.route53.aws_route53_record.pages: Creating...[0m[0m
[0m[1mmodule.route53.aws_route53_record.gui: Creating...[0m[0m
[0m[1mmodule.route53.aws_route53_record.registry: Creating...[0m[0m
[0m[1mmodule.ec2.aws_instance.gitaly-1[1]: Creation complete after 32s [id=i-0d9e40a1adfb968b9][0m
[0m[1mmodule.ansible.local_file.ansible_hosts: Creating...[0m[0m
[0m[1mmodule.ansible.local_file.ansible_hosts: Creation complete after 0s [id=410e4e477aaaf9f4d7e6b87e4ea83be371b180d7][0m
[0m[1mmodule.rds.module.rds.module.db_instance.aws_db_instance.this[0]: Still creating... [20s elapsed][0m[0m
[0m[1mmodule.rds.module.rds-storage.module.db_instance.aws_db_instance.this[0]: Still creating... [20s elapsed][0m[0m
[0m[1mmodule.networking.aws_nat_gateway.nat: Still creating... [40s elapsed][0m[0m
[0m[1mmodule.eks.aws_eks_cluster.gitlab: Still creating... [40s elapsed][0m[0m
[0m[1mmodule.elasticache.aws_elasticache_replication_group.gitlab: Still creating... [40s elapsed][0m[0m
[0m[1mmodule.route53.aws_route53_record.registry: Still creating... [10s elapsed][0m[0m
[0m[1mmodule.route53.aws_route53_record.pages: Still creating... [10s elapsed][0m[0m
[0m[1mmodule.route53.aws_route53_record.gui: Still creating... [10s elapsed][0m[0m
[0m[1mmodule.rds.module.rds.module.db_instance.aws_db_instance.this[0]: Still creating... [30s elapsed][0m[0m
[0m[1mmodule.rds.module.rds-storage.module.db_instance.aws_db_instance.this[0]: Still creating... [30s elapsed][0m[0m
[0m[1mmodule.networking.aws_nat_gateway.nat: Still creating... [50s elapsed][0m[0m
[0m[1mmodule.eks.aws_eks_cluster.gitlab: Still creating... [50s elapsed][0m[0m
[0m[1mmodule.elasticache.aws_elasticache_replication_group.gitlab: Still creating... [50s elapsed][0m[0m
[0m[1mmodule.route53.aws_route53_record.gui: Still creating... [20s elapsed][0m[0m
[0m[1mmodule.route53.aws_route53_record.pages: Still creating... [20s elapsed][0m[0m
[0m[1mmodule.route53.aws_route53_record.registry: Still creating... [20s elapsed][0m[0m
[0m[1mmodule.rds.module.rds.module.db_instance.aws_db_instance.this[0]: Still creating... [40s elapsed][0m[0m
[0m[1mmodule.rds.module.rds-storage.module.db_instance.aws_db_instance.this[0]: Still creating... [40s elapsed][0m[0m
[0m[1mmodule.networking.aws_nat_gateway.nat: Still creating... [1m0s elapsed][0m[0m
[0m[1mmodule.eks.aws_eks_cluster.gitlab: Still creating... [1m0s elapsed][0m[0m
[0m[1mmodule.elasticache.aws_elasticache_replication_group.gitlab: Still creating... [1m0s elapsed][0m[0m
[0m[1mmodule.route53.aws_route53_record.registry: Still creating... [30s elapsed][0m[0m
[0m[1mmodule.route53.aws_route53_record.pages: Still creating... [30s elapsed][0m[0m
[0m[1mmodule.route53.aws_route53_record.gui: Still creating... [30s elapsed][0m[0m
[0m[1mmodule.rds.module.rds.module.db_instance.aws_db_instance.this[0]: Still creating... [50s elapsed][0m[0m
[0m[1mmodule.rds.module.rds-storage.module.db_instance.aws_db_instance.this[0]: Still creating... [50s elapsed][0m[0m
[0m[1mmodule.networking.aws_nat_gateway.nat: Still creating... [1m10s elapsed][0m[0m
[0m[1mmodule.eks.aws_eks_cluster.gitlab: Still creating... [1m10s elapsed][0m[0m
[0m[1mmodule.route53.aws_route53_record.registry: Creation complete after 39s [id=Z03784961IK1OBD4ROIC5_registry_A][0m
[0m[1mmodule.elasticache.aws_elasticache_replication_group.gitlab: Still creating... [1m10s elapsed][0m[0m
[0m[1mmodule.route53.aws_route53_record.gui: Still creating... [40s elapsed][0m[0m
[0m[1mmodule.route53.aws_route53_record.pages: Still creating... [40s elapsed][0m[0m
[0m[1mmodule.rds.module.rds.module.db_instance.aws_db_instance.this[0]: Still creating... [1m0s elapsed][0m[0m
[0m[1mmodule.rds.module.rds-storage.module.db_instance.aws_db_instance.this[0]: Still creating... [1m0s elapsed][0m[0m
[0m[1mmodule.route53.aws_route53_record.gui: Creation complete after 42s [id=Z03784961IK1OBD4ROIC5_gui_A][0m
[0m[1mmodule.route53.aws_route53_record.pages: Creation complete after 42s [id=Z03784961IK1OBD4ROIC5_pages_A][0m
[0m[1mmodule.networking.aws_nat_gateway.nat: Still creating... [1m20s elapsed][0m[0m
[0m[1mmodule.eks.aws_eks_cluster.gitlab: Still creating... [1m20s elapsed][0m[0m
[0m[1mmodule.elasticache.aws_elasticache_replication_group.gitlab: Still creating... [1m20s elapsed][0m[0m
[0m[1mmodule.rds.module.rds.module.db_instance.aws_db_instance.this[0]: Still creating... [1m10s elapsed][0m[0m
[0m[1mmodule.rds.module.rds-storage.module.db_instance.aws_db_instance.this[0]: Still creating... [1m10s elapsed][0m[0m
[0m[1mmodule.networking.aws_nat_gateway.nat: Still creating... [1m30s elapsed][0m[0m
[0m[1mmodule.eks.aws_eks_cluster.gitlab: Still creating... [1m30s elapsed][0m[0m
[0m[1mmodule.elasticache.aws_elasticache_replication_group.gitlab: Still creating... [1m30s elapsed][0m[0m
[0m[1mmodule.rds.module.rds.module.db_instance.aws_db_instance.this[0]: Still creating... [1m20s elapsed][0m[0m
[0m[1mmodule.rds.module.rds-storage.module.db_instance.aws_db_instance.this[0]: Still creating... [1m20s elapsed][0m[0m
[0m[1mmodule.networking.aws_nat_gateway.nat: Creation complete after 1m35s [id=nat-04cd5b31705d4649b][0m
[0m[1mmodule.networking.aws_route.private_nat_gateway: Creating...[0m[0m
[0m[1mmodule.networking.aws_route.private_nat_gateway: Creation complete after 0s [id=r-rtb-0c596442b66ff03171080289494][0m
[0m[1mmodule.eks.aws_eks_cluster.gitlab: Still creating... [1m40s elapsed][0m[0m
[0m[1mmodule.elasticache.aws_elasticache_replication_group.gitlab: Still creating... [1m40s elapsed][0m[0m
[0m[1mmodule.rds.module.rds.module.db_instance.aws_db_instance.this[0]: Still creating... [1m30s elapsed][0m[0m
[0m[1mmodule.rds.module.rds-storage.module.db_instance.aws_db_instance.this[0]: Still creating... [1m30s elapsed][0m[0m
[0m[1mmodule.eks.aws_eks_cluster.gitlab: Still creating... [1m50s elapsed][0m[0m
[0m[1mmodule.elasticache.aws_elasticache_replication_group.gitlab: Still creating... [1m50s elapsed][0m[0m
[0m[1mmodule.rds.module.rds.module.db_instance.aws_db_instance.this[0]: Still creating... [1m40s elapsed][0m[0m
[0m[1mmodule.rds.module.rds-storage.module.db_instance.aws_db_instance.this[0]: Still creating... [1m40s elapsed][0m[0m
[0m[1mmodule.eks.aws_eks_cluster.gitlab: Still creating... [2m0s elapsed][0m[0m
[0m[1mmodule.elasticache.aws_elasticache_replication_group.gitlab: Still creating... [2m0s elapsed][0m[0m
[0m[1mmodule.rds.module.rds.module.db_instance.aws_db_instance.this[0]: Still creating... [1m50s elapsed][0m[0m
[0m[1mmodule.rds.module.rds-storage.module.db_instance.aws_db_instance.this[0]: Still creating... [1m50s elapsed][0m[0m
[0m[1mmodule.eks.aws_eks_cluster.gitlab: Still creating... [2m10s elapsed][0m[0m
[0m[1mmodule.elasticache.aws_elasticache_replication_group.gitlab: Still creating... [2m10s elapsed][0m[0m
[0m[1mmodule.rds.module.rds.module.db_instance.aws_db_instance.this[0]: Still creating... [2m0s elapsed][0m[0m
[0m[1mmodule.rds.module.rds-storage.module.db_instance.aws_db_instance.this[0]: Still creating... [2m0s elapsed][0m[0m
[0m[1mmodule.eks.aws_eks_cluster.gitlab: Still creating... [2m20s elapsed][0m[0m
[0m[1mmodule.elasticache.aws_elasticache_replication_group.gitlab: Still creating... [2m20s elapsed][0m[0m
[0m[1mmodule.rds.module.rds.module.db_instance.aws_db_instance.this[0]: Still creating... [2m10s elapsed][0m[0m
[0m[1mmodule.rds.module.rds-storage.module.db_instance.aws_db_instance.this[0]: Still creating... [2m10s elapsed][0m[0m
[0m[1mmodule.eks.aws_eks_cluster.gitlab: Still creating... [2m30s elapsed][0m[0m
[0m[1mmodule.elasticache.aws_elasticache_replication_group.gitlab: Still creating... [2m30s elapsed][0m[0m
[0m[1mmodule.rds.module.rds.module.db_instance.aws_db_instance.this[0]: Still creating... [2m20s elapsed][0m[0m
[0m[1mmodule.rds.module.rds-storage.module.db_instance.aws_db_instance.this[0]: Still creating... [2m20s elapsed][0m[0m
[0m[1mmodule.eks.aws_eks_cluster.gitlab: Still creating... [2m40s elapsed][0m[0m
[0m[1mmodule.elasticache.aws_elasticache_replication_group.gitlab: Still creating... [2m40s elapsed][0m[0m
[0m[1mmodule.rds.module.rds.module.db_instance.aws_db_instance.this[0]: Still creating... [2m30s elapsed][0m[0m
[0m[1mmodule.rds.module.rds-storage.module.db_instance.aws_db_instance.this[0]: Still creating... [2m30s elapsed][0m[0m
[0m[1mmodule.eks.aws_eks_cluster.gitlab: Still creating... [2m50s elapsed][0m[0m
[0m[1mmodule.elasticache.aws_elasticache_replication_group.gitlab: Still creating... [2m50s elapsed][0m[0m
[0m[1mmodule.rds.module.rds.module.db_instance.aws_db_instance.this[0]: Still creating... [2m40s elapsed][0m[0m
[0m[1mmodule.rds.module.rds-storage.module.db_instance.aws_db_instance.this[0]: Still creating... [2m40s elapsed][0m[0m
[0m[1mmodule.eks.aws_eks_cluster.gitlab: Still creating... [3m0s elapsed][0m[0m
[0m[1mmodule.elasticache.aws_elasticache_replication_group.gitlab: Still creating... [3m0s elapsed][0m[0m
[0m[1mmodule.rds.module.rds.module.db_instance.aws_db_instance.this[0]: Still creating... [2m50s elapsed][0m[0m
[0m[1mmodule.rds.module.rds-storage.module.db_instance.aws_db_instance.this[0]: Still creating... [2m50s elapsed][0m[0m
[0m[1mmodule.eks.aws_eks_cluster.gitlab: Still creating... [3m10s elapsed][0m[0m
[0m[1mmodule.elasticache.aws_elasticache_replication_group.gitlab: Still creating... [3m10s elapsed][0m[0m
[0m[1mmodule.rds.module.rds.module.db_instance.aws_db_instance.this[0]: Still creating... [3m0s elapsed][0m[0m
[0m[1mmodule.rds.module.rds-storage.module.db_instance.aws_db_instance.this[0]: Still creating... [3m0s elapsed][0m[0m
[0m[1mmodule.eks.aws_eks_cluster.gitlab: Still creating... [3m20s elapsed][0m[0m
[0m[1mmodule.elasticache.aws_elasticache_replication_group.gitlab: Still creating... [3m20s elapsed][0m[0m
[0m[1mmodule.rds.module.rds.module.db_instance.aws_db_instance.this[0]: Still creating... [3m10s elapsed][0m[0m
[0m[1mmodule.rds.module.rds-storage.module.db_instance.aws_db_instance.this[0]: Still creating... [3m10s elapsed][0m[0m
[0m[1mmodule.eks.aws_eks_cluster.gitlab: Still creating... [3m30s elapsed][0m[0m
[0m[1mmodule.elasticache.aws_elasticache_replication_group.gitlab: Still creating... [3m30s elapsed][0m[0m
[0m[1mmodule.rds.module.rds.module.db_instance.aws_db_instance.this[0]: Still creating... [3m20s elapsed][0m[0m
[0m[1mmodule.rds.module.rds-storage.module.db_instance.aws_db_instance.this[0]: Still creating... [3m20s elapsed][0m[0m
[0m[1mmodule.eks.aws_eks_cluster.gitlab: Still creating... [3m40s elapsed][0m[0m
[0m[1mmodule.elasticache.aws_elasticache_replication_group.gitlab: Still creating... [3m40s elapsed][0m[0m
[0m[1mmodule.rds.module.rds.module.db_instance.aws_db_instance.this[0]: Still creating... [3m30s elapsed][0m[0m
[0m[1mmodule.rds.module.rds-storage.module.db_instance.aws_db_instance.this[0]: Still creating... [3m30s elapsed][0m[0m
[0m[1mmodule.eks.aws_eks_cluster.gitlab: Still creating... [3m50s elapsed][0m[0m
[0m[1mmodule.elasticache.aws_elasticache_replication_group.gitlab: Still creating... [3m50s elapsed][0m[0m
[0m[1mmodule.rds.module.rds.module.db_instance.aws_db_instance.this[0]: Still creating... [3m40s elapsed][0m[0m
[0m[1mmodule.rds.module.rds-storage.module.db_instance.aws_db_instance.this[0]: Still creating... [3m40s elapsed][0m[0m
[0m[1mmodule.rds.module.rds.module.db_instance.aws_db_instance.this[0]: Creation complete after 3m44s [id=gitlab-db][0m
[0m[1mmodule.eks.aws_eks_cluster.gitlab: Still creating... [4m0s elapsed][0m[0m
[0m[1mmodule.elasticache.aws_elasticache_replication_group.gitlab: Still creating... [4m0s elapsed][0m[0m
[0m[1mmodule.rds.module.rds-storage.module.db_instance.aws_db_instance.this[0]: Still creating... [3m50s elapsed][0m[0m
[0m[1mmodule.eks.aws_eks_cluster.gitlab: Still creating... [4m10s elapsed][0m[0m
[0m[1mmodule.elasticache.aws_elasticache_replication_group.gitlab: Still creating... [4m10s elapsed][0m[0m
[0m[1mmodule.rds.module.rds-storage.module.db_instance.aws_db_instance.this[0]: Still creating... [4m0s elapsed][0m[0m
[0m[1mmodule.eks.aws_eks_cluster.gitlab: Still creating... [4m20s elapsed][0m[0m
[0m[1mmodule.elasticache.aws_elasticache_replication_group.gitlab: Still creating... [4m20s elapsed][0m[0m
[0m[1mmodule.rds.module.rds-storage.module.db_instance.aws_db_instance.this[0]: Still creating... [4m10s elapsed][0m[0m
[0m[1mmodule.eks.aws_eks_cluster.gitlab: Still creating... [4m30s elapsed][0m[0m
[0m[1mmodule.elasticache.aws_elasticache_replication_group.gitlab: Still creating... [4m30s elapsed][0m[0m
[0m[1mmodule.rds.module.rds-storage.module.db_instance.aws_db_instance.this[0]: Still creating... [4m20s elapsed][0m[0m
[0m[1mmodule.eks.aws_eks_cluster.gitlab: Still creating... [4m40s elapsed][0m[0m
[0m[1mmodule.elasticache.aws_elasticache_replication_group.gitlab: Still creating... [4m40s elapsed][0m[0m
[0m[1mmodule.rds.module.rds-storage.module.db_instance.aws_db_instance.this[0]: Still creating... [4m30s elapsed][0m[0m
[0m[1mmodule.eks.aws_eks_cluster.gitlab: Still creating... [4m50s elapsed][0m[0m
[0m[1mmodule.elasticache.aws_elasticache_replication_group.gitlab: Still creating... [4m50s elapsed][0m[0m
[0m[1mmodule.rds.module.rds-storage.module.db_instance.aws_db_instance.this[0]: Still creating... [4m40s elapsed][0m[0m
[0m[1mmodule.eks.aws_eks_cluster.gitlab: Still creating... [5m0s elapsed][0m[0m
[0m[1mmodule.elasticache.aws_elasticache_replication_group.gitlab: Still creating... [5m0s elapsed][0m[0m
[0m[1mmodule.rds.module.rds-storage.module.db_instance.aws_db_instance.this[0]: Still creating... [4m50s elapsed][0m[0m
[0m[1mmodule.eks.aws_eks_cluster.gitlab: Still creating... [5m10s elapsed][0m[0m
[0m[1mmodule.elasticache.aws_elasticache_replication_group.gitlab: Still creating... [5m10s elapsed][0m[0m
[0m[1mmodule.rds.module.rds-storage.module.db_instance.aws_db_instance.this[0]: Still creating... [5m0s elapsed][0m[0m
[0m[1mmodule.eks.aws_eks_cluster.gitlab: Still creating... [5m20s elapsed][0m[0m
[0m[1mmodule.elasticache.aws_elasticache_replication_group.gitlab: Still creating... [5m20s elapsed][0m[0m
[0m[1mmodule.rds.module.rds-storage.module.db_instance.aws_db_instance.this[0]: Still creating... [5m10s elapsed][0m[0m
[0m[1mmodule.eks.aws_eks_cluster.gitlab: Still creating... [5m30s elapsed][0m[0m
[0m[1mmodule.elasticache.aws_elasticache_replication_group.gitlab: Still creating... [5m30s elapsed][0m[0m
[0m[1mmodule.rds.module.rds-storage.module.db_instance.aws_db_instance.this[0]: Still creating... [5m20s elapsed][0m[0m
[0m[1mmodule.eks.aws_eks_cluster.gitlab: Still creating... [5m40s elapsed][0m[0m
[0m[1mmodule.elasticache.aws_elasticache_replication_group.gitlab: Still creating... [5m40s elapsed][0m[0m
[0m[1mmodule.rds.module.rds-storage.module.db_instance.aws_db_instance.this[0]: Still creating... [5m30s elapsed][0m[0m
[0m[1mmodule.eks.aws_eks_cluster.gitlab: Still creating... [5m50s elapsed][0m[0m
[0m[1mmodule.elasticache.aws_elasticache_replication_group.gitlab: Still creating... [5m50s elapsed][0m[0m
[0m[1mmodule.rds.module.rds-storage.module.db_instance.aws_db_instance.this[0]: Still creating... [5m40s elapsed][0m[0m
[0m[1mmodule.eks.aws_eks_cluster.gitlab: Still creating... [6m0s elapsed][0m[0m
[0m[1mmodule.elasticache.aws_elasticache_replication_group.gitlab: Still creating... [6m0s elapsed][0m[0m
[0m[1mmodule.rds.module.rds-storage.module.db_instance.aws_db_instance.this[0]: Still creating... [5m50s elapsed][0m[0m
[0m[1mmodule.eks.aws_eks_cluster.gitlab: Still creating... [6m10s elapsed][0m[0m
[0m[1mmodule.elasticache.aws_elasticache_replication_group.gitlab: Still creating... [6m10s elapsed][0m[0m
[0m[1mmodule.rds.module.rds-storage.module.db_instance.aws_db_instance.this[0]: Still creating... [6m0s elapsed][0m[0m
[0m[1mmodule.eks.aws_eks_cluster.gitlab: Still creating... [6m20s elapsed][0m[0m
[0m[1mmodule.elasticache.aws_elasticache_replication_group.gitlab: Still creating... [6m20s elapsed][0m[0m
[0m[1mmodule.rds.module.rds-storage.module.db_instance.aws_db_instance.this[0]: Still creating... [6m10s elapsed][0m[0m
[0m[1mmodule.elasticache.aws_elasticache_replication_group.gitlab: Creation complete after 6m26s [id=gitlab][0m
[0m[1mmodule.eks.aws_eks_cluster.gitlab: Still creating... [6m30s elapsed][0m[0m
[0m[1mmodule.rds.module.rds-storage.module.db_instance.aws_db_instance.this[0]: Still creating... [6m20s elapsed][0m[0m
[0m[1mmodule.eks.aws_eks_cluster.gitlab: Still creating... [6m40s elapsed][0m[0m
[0m[1mmodule.rds.module.rds-storage.module.db_instance.aws_db_instance.this[0]: Still creating... [6m30s elapsed][0m[0m
[0m[1mmodule.eks.aws_eks_cluster.gitlab: Still creating... [6m50s elapsed][0m[0m
[0m[1mmodule.rds.module.rds-storage.module.db_instance.aws_db_instance.this[0]: Still creating... [6m40s elapsed][0m[0m
[0m[1mmodule.eks.aws_eks_cluster.gitlab: Still creating... [7m0s elapsed][0m[0m
[0m[1mmodule.rds.module.rds-storage.module.db_instance.aws_db_instance.this[0]: Still creating... [6m50s elapsed][0m[0m
[0m[1mmodule.eks.aws_eks_cluster.gitlab: Still creating... [7m10s elapsed][0m[0m
[0m[1mmodule.rds.module.rds-storage.module.db_instance.aws_db_instance.this[0]: Still creating... [7m0s elapsed][0m[0m
[0m[1mmodule.eks.aws_eks_cluster.gitlab: Still creating... [7m20s elapsed][0m[0m
[0m[1mmodule.rds.module.rds-storage.module.db_instance.aws_db_instance.this[0]: Still creating... [7m10s elapsed][0m[0m
[0m[1mmodule.eks.aws_eks_cluster.gitlab: Still creating... [7m30s elapsed][0m[0m
[0m[1mmodule.rds.module.rds-storage.module.db_instance.aws_db_instance.this[0]: Still creating... [7m20s elapsed][0m[0m
[0m[1mmodule.eks.aws_eks_cluster.gitlab: Still creating... [7m40s elapsed][0m[0m
[0m[1mmodule.rds.module.rds-storage.module.db_instance.aws_db_instance.this[0]: Still creating... [7m30s elapsed][0m[0m
[0m[1mmodule.eks.aws_eks_cluster.gitlab: Still creating... [7m50s elapsed][0m[0m
[0m[1mmodule.rds.module.rds-storage.module.db_instance.aws_db_instance.this[0]: Still creating... [7m40s elapsed][0m[0m
[0m[1mmodule.eks.aws_eks_cluster.gitlab: Still creating... [8m0s elapsed][0m[0m
[0m[1mmodule.rds.module.rds-storage.module.db_instance.aws_db_instance.this[0]: Still creating... [7m50s elapsed][0m[0m
[0m[1mmodule.eks.aws_eks_cluster.gitlab: Still creating... [8m10s elapsed][0m[0m
[0m[1mmodule.rds.module.rds-storage.module.db_instance.aws_db_instance.this[0]: Still creating... [8m0s elapsed][0m[0m
[0m[1mmodule.eks.aws_eks_cluster.gitlab: Still creating... [8m20s elapsed][0m[0m
[0m[1mmodule.rds.module.rds-storage.module.db_instance.aws_db_instance.this[0]: Still creating... [8m10s elapsed][0m[0m
[0m[1mmodule.eks.aws_eks_cluster.gitlab: Still creating... [8m30s elapsed][0m[0m
[0m[1mmodule.rds.module.rds-storage.module.db_instance.aws_db_instance.this[0]: Still creating... [8m20s elapsed][0m[0m
[0m[1mmodule.eks.aws_eks_cluster.gitlab: Still creating... [8m40s elapsed][0m[0m
[0m[1mmodule.rds.module.rds-storage.module.db_instance.aws_db_instance.this[0]: Still creating... [8m30s elapsed][0m[0m
[0m[1mmodule.eks.aws_eks_cluster.gitlab: Still creating... [8m50s elapsed][0m[0m
[0m[1mmodule.rds.module.rds-storage.module.db_instance.aws_db_instance.this[0]: Still creating... [8m40s elapsed][0m[0m
[0m[1mmodule.eks.aws_eks_cluster.gitlab: Still creating... [9m0s elapsed][0m[0m
[0m[1mmodule.rds.module.rds-storage.module.db_instance.aws_db_instance.this[0]: Still creating... [8m50s elapsed][0m[0m
[0m[1mmodule.eks.aws_eks_cluster.gitlab: Still creating... [9m10s elapsed][0m[0m
[0m[1mmodule.rds.module.rds-storage.module.db_instance.aws_db_instance.this[0]: Still creating... [9m0s elapsed][0m[0m
[0m[1mmodule.eks.aws_eks_cluster.gitlab: Still creating... [9m20s elapsed][0m[0m
[0m[1mmodule.rds.module.rds-storage.module.db_instance.aws_db_instance.this[0]: Still creating... [9m10s elapsed][0m[0m
[0m[1mmodule.eks.aws_eks_cluster.gitlab: Still creating... [9m30s elapsed][0m[0m
[0m[1mmodule.rds.module.rds-storage.module.db_instance.aws_db_instance.this[0]: Still creating... [9m20s elapsed][0m[0m
[0m[1mmodule.eks.aws_eks_cluster.gitlab: Still creating... [9m40s elapsed][0m[0m
[0m[1mmodule.rds.module.rds-storage.module.db_instance.aws_db_instance.this[0]: Still creating... [9m30s elapsed][0m[0m
[0m[1mmodule.eks.aws_eks_cluster.gitlab: Still creating... [9m50s elapsed][0m[0m
[0m[1mmodule.rds.module.rds-storage.module.db_instance.aws_db_instance.this[0]: Still creating... [9m40s elapsed][0m[0m
[0m[1mmodule.eks.aws_eks_cluster.gitlab: Creation complete after 9m55s [id=gitlab-eks][0m
[0m[1mmodule.eks.aws_eks_node_group.gitlab: Creating...[0m[0m
[0m[1mmodule.rds.module.rds-storage.module.db_instance.aws_db_instance.this[0]: Still creating... [9m50s elapsed][0m[0m
[0m[1mmodule.eks.aws_eks_node_group.gitlab: Still creating... [10s elapsed][0m[0m
[0m[1mmodule.rds.module.rds-storage.module.db_instance.aws_db_instance.this[0]: Still creating... [10m0s elapsed][0m[0m
[0m[1mmodule.eks.aws_eks_node_group.gitlab: Still creating... [20s elapsed][0m[0m
[0m[1mmodule.rds.module.rds-storage.module.db_instance.aws_db_instance.this[0]: Still creating... [10m10s elapsed][0m[0m
[0m[1mmodule.eks.aws_eks_node_group.gitlab: Still creating... [30s elapsed][0m[0m
[0m[1mmodule.rds.module.rds-storage.module.db_instance.aws_db_instance.this[0]: Still creating... [10m20s elapsed][0m[0m
[0m[1mmodule.eks.aws_eks_node_group.gitlab: Still creating... [40s elapsed][0m[0m
[0m[1mmodule.rds.module.rds-storage.module.db_instance.aws_db_instance.this[0]: Still creating... [10m30s elapsed][0m[0m
[0m[1mmodule.eks.aws_eks_node_group.gitlab: Still creating... [50s elapsed][0m[0m
[0m[1mmodule.rds.module.rds-storage.module.db_instance.aws_db_instance.this[0]: Still creating... [10m40s elapsed][0m[0m
[0m[1mmodule.eks.aws_eks_node_group.gitlab: Still creating... [1m0s elapsed][0m[0m
[0m[1mmodule.rds.module.rds-storage.module.db_instance.aws_db_instance.this[0]: Still creating... [10m50s elapsed][0m[0m
[0m[1mmodule.eks.aws_eks_node_group.gitlab: Still creating... [1m10s elapsed][0m[0m
[0m[1mmodule.rds.module.rds-storage.module.db_instance.aws_db_instance.this[0]: Still creating... [11m0s elapsed][0m[0m
[0m[1mmodule.eks.aws_eks_node_group.gitlab: Still creating... [1m20s elapsed][0m[0m
[0m[1mmodule.rds.module.rds-storage.module.db_instance.aws_db_instance.this[0]: Still creating... [11m10s elapsed][0m[0m
[0m[1mmodule.eks.aws_eks_node_group.gitlab: Still creating... [1m30s elapsed][0m[0m
[0m[1mmodule.rds.module.rds-storage.module.db_instance.aws_db_instance.this[0]: Still creating... [11m20s elapsed][0m[0m
[0m[1mmodule.eks.aws_eks_node_group.gitlab: Still creating... [1m40s elapsed][0m[0m
[0m[1mmodule.rds.module.rds-storage.module.db_instance.aws_db_instance.this[0]: Still creating... [11m30s elapsed][0m[0m
[0m[1mmodule.eks.aws_eks_node_group.gitlab: Still creating... [1m50s elapsed][0m[0m
[0m[1mmodule.rds.module.rds-storage.module.db_instance.aws_db_instance.this[0]: Still creating... [11m40s elapsed][0m[0m
[0m[1mmodule.eks.aws_eks_node_group.gitlab: Still creating... [2m0s elapsed][0m[0m
[0m[1mmodule.rds.module.rds-storage.module.db_instance.aws_db_instance.this[0]: Still creating... [11m50s elapsed][0m[0m
[0m[1mmodule.eks.aws_eks_node_group.gitlab: Still creating... [2m10s elapsed][0m[0m
[0m[1mmodule.rds.module.rds-storage.module.db_instance.aws_db_instance.this[0]: Still creating... [12m0s elapsed][0m[0m
[0m[1mmodule.eks.aws_eks_node_group.gitlab: Still creating... [2m20s elapsed][0m[0m
[0m[1mmodule.rds.module.rds-storage.module.db_instance.aws_db_instance.this[0]: Still creating... [12m10s elapsed][0m[0m
[0m[1mmodule.eks.aws_eks_node_group.gitlab: Still creating... [2m30s elapsed][0m[0m
[0m[1mmodule.rds.module.rds-storage.module.db_instance.aws_db_instance.this[0]: Still creating... [12m20s elapsed][0m[0m
[0m[1mmodule.eks.aws_eks_node_group.gitlab: Still creating... [2m40s elapsed][0m[0m
[0m[1mmodule.eks.aws_eks_node_group.gitlab: Creation complete after 2m47s [id=gitlab-eks:default][0m
[0m[1mmodule.rds.module.rds-storage.module.db_instance.aws_db_instance.this[0]: Still creating... [12m30s elapsed][0m[0m
[0m[1mmodule.rds.module.rds-storage.module.db_instance.aws_db_instance.this[0]: Still creating... [12m40s elapsed][0m[0m
[0m[1mmodule.rds.module.rds-storage.module.db_instance.aws_db_instance.this[0]: Still creating... [12m50s elapsed][0m[0m
[0m[1mmodule.rds.module.rds-storage.module.db_instance.aws_db_instance.this[0]: Still creating... [13m0s elapsed][0m[0m
[0m[1mmodule.rds.module.rds-storage.module.db_instance.aws_db_instance.this[0]: Creation complete after 13m5s [id=gitlab-storage][0m
[0m[1mmodule.ansible.local_file.ansible_vars: Creating...[0m[0m
[0m[1mmodule.ansible.local_file.ansible_vars: Creation complete after 0s [id=226c2762d0a867f82820808d776401cda11cec3f][0m
[0m[1m[32m
Apply complete! Resources: 62 added, 0 changed, 0 destroyed.
[0m[0m[1m[32m
Outputs:

[0mapp-1-private-dns = [
  "ip-172-19-6-120.ec2.internal",
]
application_elb = "gitlab-nlb-public-1503835970.us-east-1.elb.amazonaws.com"
bastion-public-dns = "ec2-34-203-220-188.compute-1.amazonaws.com"
eks-cert = <sensitive>
eks-url = "https://09BFFFA109F9B65A53BA9FF83312C5E3.gr7.us-east-1.eks.amazonaws.com"
elasticache_endpoint = "master.gitlab.axzort.use1.cache.amazonaws.com"
gitaly-1-private-dns = [
  "ip-172-19-55-43.ec2.internal",
  "ip-172-19-61-88.ec2.internal",
]
gitlab-gui = "gui.gitlab.sandbox783.opentlc.com"
gitlab_database_endpoint = "gitlab-db.ckyusic6q7tq.us-east-1.rds.amazonaws.com"
gitlab_database_password = <sensitive>
mon-1-private-dns = [
  "ip-172-19-52-162.ec2.internal",
]
monitoring_elb = "internal-gitlab-monitoring-1619640413.us-east-1.elb.amazonaws.com"
praefect-1-private-dns = [
  "ip-172-19-60-148.ec2.internal",
]
praefect_database_endpoint = "gitlab-storage.ckyusic6q7tq.us-east-1.rds.amazonaws.com"
praefect_database_password = <sensitive>
storage_elb = "internal-gitlab-storage-internal-1908506134.us-east-1.elb.amazonaws.com"
[0m[1mmodule.s3.aws_s3_bucket.registry: Refreshing state... [id=gitlab-registry-vish][0m
[0m[1mmodule.s3.aws_s3_bucket.artifacts: Refreshing state... [id=gitlab-artifacts-vish][0m
[0m[1mmodule.s3.aws_s3_bucket.diffs: Refreshing state... [id=gitlab-diffs-vish][0m
[0m[1mmodule.ec2.aws_key_pair.gitlab: Refreshing state... [id=gitlab][0m
[0m[1mmodule.eks.aws_iam_role.eks-role: Refreshing state... [id=eks-cluster][0m
[0m[1mmodule.ec2.aws_iam_role.all_role: Refreshing state... [id=test_role][0m
[0m[1mmodule.s3.aws_s3_bucket.lfs: Refreshing state... [id=gitlab-lfs-vish][0m
[0m[1mmodule.networking.aws_vpc.vpc: Refreshing state... [id=vpc-069703d9cb5d2c075][0m
[0m[1mmodule.s3.aws_s3_bucket.uploads: Refreshing state... [id=gitlab-uploads-vish][0m
[0m[1mmodule.eks.aws_iam_role.eks-node-role: Refreshing state... [id=eks-node-role][0m
[0m[1mmodule.s3.aws_s3_bucket.app: Refreshing state... [id=gitlab-app-vish][0m
[0m[1mmodule.ec2.aws_iam_policy.all_policy: Refreshing state... [id=arn:aws:iam::472403309745:policy/test-policy][0m
[0m[1mmodule.route53.aws_route53_zone.gitlab: Refreshing state... [id=Z03784961IK1OBD4ROIC5][0m
[0m[1mmodule.s3.aws_s3_bucket.backup: Refreshing state... [id=gitlab-backup-vish][0m
[0m[1mmodule.eks.aws_iam_role_policy_attachment.eks-AmazonEKSVPCResourceController: Refreshing state... [id=eks-cluster-20210722221020755000000003][0m
[0m[1mmodule.eks.aws_iam_role_policy_attachment.eks-AmazonEKSClusterPolicy: Refreshing state... [id=eks-cluster-20210722221020509600000002][0m
[0m[1mmodule.ec2.aws_iam_instance_profile.all_profile: Refreshing state... [id=mon_ec2_profile][0m
[0m[1mmodule.eks.aws_iam_role_policy_attachment.eks-node-AmazonEKSWorkerNodePolicy: Refreshing state... [id=eks-node-role-20210722221021231100000005][0m
[0m[1mmodule.eks.aws_iam_role_policy_attachment.eks-node-AmazonEC2ContainerRegistryReadOnly: Refreshing state... [id=eks-node-role-20210722221021282400000006][0m
[0m[1mmodule.eks.aws_iam_role_policy_attachment.eks-node-AmazonEKS_CNI_Policy: Refreshing state... [id=eks-node-role-20210722221022365600000007][0m
[0m[1mmodule.ec2.aws_iam_role_policy_attachment.test-attach: Refreshing state... [id=test_role-20210722221021137200000004][0m
[0m[1mmodule.networking.aws_route_table.public: Refreshing state... [id=rtb-0ab288ff3db0fb195][0m
[0m[1mmodule.networking.aws_route_table.private: Refreshing state... [id=rtb-0c596442b66ff0317][0m
[0m[1mmodule.networking.aws_internet_gateway.ig: Refreshing state... [id=igw-0158813283edf0aa1][0m
[0m[1mmodule.networking.aws_security_group.default: Refreshing state... [id=sg-0bec0e70186d68a4d][0m
[0m[1mmodule.networking.aws_subnet.public_subnet[1]: Refreshing state... [id=subnet-0c6503d4bcc532e43][0m
[0m[1mmodule.networking.aws_subnet.public_subnet[0]: Refreshing state... [id=subnet-02de8337f92f62592][0m
[0m[1mmodule.networking.aws_subnet.private_subnet[2]: Refreshing state... [id=subnet-09f33b658716d9004][0m
[0m[1mmodule.networking.aws_subnet.private_subnet[0]: Refreshing state... [id=subnet-00ecb7c20a2bbc331][0m
[0m[1mmodule.networking.aws_subnet.private_subnet[1]: Refreshing state... [id=subnet-0b73225a535b45df6][0m
[0m[1mmodule.networking.aws_eip.nat_eip: Refreshing state... [id=eipalloc-0bbe1e6229059ccd7][0m
[0m[1mmodule.networking.aws_subnet.public_subnet[2]: Refreshing state... [id=subnet-090e7a2adb251ea7a][0m
[0m[1mmodule.networking.aws_route.public_internet_gateway: Refreshing state... [id=r-rtb-0ab288ff3db0fb1951080289494][0m
[0m[1mmodule.networking.aws_route_table_association.public[1]: Refreshing state... [id=rtbassoc-01d68adb55fadde6d][0m
[0m[1mmodule.networking.aws_route_table_association.public[0]: Refreshing state... [id=rtbassoc-035aac14888a400b2][0m
[0m[1mmodule.networking.aws_route_table_association.public[2]: Refreshing state... [id=rtbassoc-0052d9ac00c5a9769][0m
[0m[1mmodule.ec2.aws_instance.bastion[0]: Refreshing state... [id=i-03bdab46e096de696][0m
[0m[1mmodule.ec2.aws_instance.app-1[0]: Refreshing state... [id=i-02955ad494a2f4a9c][0m
[0m[1mmodule.networking.aws_route_table_association.private[1]: Refreshing state... [id=rtbassoc-05fe5b0e971aad751][0m
[0m[1mmodule.networking.aws_route_table_association.private[2]: Refreshing state... [id=rtbassoc-08317de78b2eea4b2][0m
[0m[1mmodule.networking.aws_route_table_association.private[0]: Refreshing state... [id=rtbassoc-05304c68df6566c91][0m
[0m[1mmodule.elasticache.aws_elasticache_subnet_group.default: Refreshing state... [id=gitlab][0m
[0m[1mmodule.ec2.aws_instance.mon-1[0]: Refreshing state... [id=i-00bfb9f9393136043][0m
[0m[1mmodule.ec2.aws_instance.gitaly-1[0]: Refreshing state... [id=i-01bfcd9df8f373080][0m
[0m[1mmodule.eks.aws_eks_cluster.gitlab: Refreshing state... [id=gitlab-eks][0m
[0m[1mmodule.ec2.aws_instance.gitaly-1[1]: Refreshing state... [id=i-0d9e40a1adfb968b9][0m
[0m[1mmodule.rds.aws_db_subnet_group.default: Refreshing state... [id=gitlab][0m
[0m[1mmodule.networking.aws_nat_gateway.nat: Refreshing state... [id=nat-04cd5b31705d4649b][0m
[0m[1mmodule.ec2.aws_instance.praefect-1[0]: Refreshing state... [id=i-02f04159b6bce714e][0m
[0m[1mmodule.elasticache.aws_elasticache_replication_group.gitlab: Refreshing state... [id=gitlab][0m
[0m[1mmodule.networking.aws_route.private_nat_gateway: Refreshing state... [id=r-rtb-0c596442b66ff03171080289494][0m
[0m[1mmodule.rds.module.rds.module.db_instance.aws_db_instance.this[0]: Refreshing state... [id=gitlab-db][0m
[0m[1mmodule.rds.module.rds-storage.module.db_instance.aws_db_instance.this[0]: Refreshing state... [id=gitlab-storage][0m
[0m[1mmodule.eks.aws_eks_node_group.gitlab: Refreshing state... [id=gitlab-eks:default][0m
[0m[1mmodule.lb.aws_elb.gitlab-nlb-public: Refreshing state... [id=gitlab-nlb-public][0m
[0m[1mmodule.lb.aws_elb.gitlab-storage-internal: Refreshing state... [id=gitlab-storage-internal][0m
[0m[1mmodule.lb.aws_elb.gitlab-monitoring-internal: Refreshing state... [id=gitlab-monitoring][0m
[0m[1mmodule.ansible.local_file.ansible_hosts: Refreshing state... [id=410e4e477aaaf9f4d7e6b87e4ea83be371b180d7][0m
[0m[1mmodule.route53.aws_route53_record.registry: Refreshing state... [id=Z03784961IK1OBD4ROIC5_registry_A][0m
[0m[1mmodule.route53.aws_route53_record.pages: Refreshing state... [id=Z03784961IK1OBD4ROIC5_pages_A][0m
[0m[1mmodule.route53.aws_route53_record.gui: Refreshing state... [id=Z03784961IK1OBD4ROIC5_gui_A][0m
[0m[1mmodule.ansible.local_file.ansible_vars: Refreshing state... [id=226c2762d0a867f82820808d776401cda11cec3f][0m
[0m
[1m[36mNote:[0m[1m Objects have changed outside of Terraform[0m

[0mTerraform detected the following changes made outside of Terraform since the
last "terraform apply":

[1m  # module.rds.module.rds.module.db_instance.aws_db_instance.this[0][0m has been changed[0m[0m
[0m  [33m~[0m[0m resource "aws_db_instance" "this" {
      [32m+[0m [0m[1m[0menabled_cloudwatch_logs_exports[0m[0m       = []
        [1m[0mid[0m[0m                                    = "gitlab-db"
        [1m[0mname[0m[0m                                  = "gitlabpg"
      [32m+[0m [0m[1m[0msecurity_group_names[0m[0m                  = []
        [1m[0mtags[0m[0m                                  = {
            "Name" = "gitlab-db"
        }
        [90m# (45 unchanged attributes hidden)[0m[0m

        [90m# (1 unchanged block hidden)[0m[0m
    }
[1m  # module.s3.aws_s3_bucket.artifacts[0m has been changed[0m[0m
[0m  [33m~[0m[0m resource "aws_s3_bucket" "artifacts" {
        [1m[0mid[0m[0m                          = "gitlab-artifacts-vish"
      [32m+[0m [0m[1m[0mtags[0m[0m                        = {}
        [90m# (10 unchanged attributes hidden)[0m[0m

        [90m# (1 unchanged block hidden)[0m[0m
    }
[1m  # module.s3.aws_s3_bucket.backup[0m has been changed[0m[0m
[0m  [33m~[0m[0m resource "aws_s3_bucket" "backup" {
        [1m[0mid[0m[0m                          = "gitlab-backup-vish"
      [32m+[0m [0m[1m[0mtags[0m[0m                        = {}
        [90m# (10 unchanged attributes hidden)[0m[0m

        [90m# (1 unchanged block hidden)[0m[0m
    }
[1m  # module.s3.aws_s3_bucket.diffs[0m has been changed[0m[0m
[0m  [33m~[0m[0m resource "aws_s3_bucket" "diffs" {
        [1m[0mid[0m[0m                          = "gitlab-diffs-vish"
      [32m+[0m [0m[1m[0mtags[0m[0m                        = {}
        [90m# (10 unchanged attributes hidden)[0m[0m

        [90m# (1 unchanged block hidden)[0m[0m
    }
[1m  # module.s3.aws_s3_bucket.lfs[0m has been changed[0m[0m
[0m  [33m~[0m[0m resource "aws_s3_bucket" "lfs" {
        [1m[0mid[0m[0m                          = "gitlab-lfs-vish"
      [32m+[0m [0m[1m[0mtags[0m[0m                        = {}
        [90m# (10 unchanged attributes hidden)[0m[0m

        [90m# (1 unchanged block hidden)[0m[0m
    }
[1m  # module.s3.aws_s3_bucket.registry[0m has been changed[0m[0m
[0m  [33m~[0m[0m resource "aws_s3_bucket" "registry" {
        [1m[0mid[0m[0m                          = "gitlab-registry-vish"
      [32m+[0m [0m[1m[0mtags[0m[0m                        = {}
        [90m# (10 unchanged attributes hidden)[0m[0m

        [90m# (1 unchanged block hidden)[0m[0m
    }
[1m  # module.s3.aws_s3_bucket.uploads[0m has been changed[0m[0m
[0m  [33m~[0m[0m resource "aws_s3_bucket" "uploads" {
        [1m[0mid[0m[0m                          = "gitlab-uploads-vish"
      [32m+[0m [0m[1m[0mtags[0m[0m                        = {}
        [90m# (10 unchanged attributes hidden)[0m[0m

        [90m# (1 unchanged block hidden)[0m[0m
    }
[1m  # module.s3.aws_s3_bucket.app[0m has been changed[0m[0m
[0m  [33m~[0m[0m resource "aws_s3_bucket" "app" {
        [1m[0mid[0m[0m                          = "gitlab-app-vish"
      [32m+[0m [0m[1m[0mtags[0m[0m                        = {}
        [90m# (10 unchanged attributes hidden)[0m[0m

        [90m# (1 unchanged block hidden)[0m[0m
    }
[1m  # module.ec2.aws_iam_policy.all_policy[0m has been changed[0m[0m
[0m  [33m~[0m[0m resource "aws_iam_policy" "all_policy" {
        [1m[0mid[0m[0m          = "arn:aws:iam::472403309745:policy/test-policy"
        [1m[0mname[0m[0m        = "test-policy"
      [32m+[0m [0m[1m[0mtags[0m[0m        = {}
        [90m# (6 unchanged attributes hidden)[0m[0m
    }
[1m  # module.ec2.aws_key_pair.gitlab[0m has been changed[0m[0m
[0m  [33m~[0m[0m resource "aws_key_pair" "gitlab" {
        [1m[0mid[0m[0m          = "gitlab"
      [32m+[0m [0m[1m[0mtags[0m[0m        = {}
        [90m# (6 unchanged attributes hidden)[0m[0m
    }
[1m  # module.ec2.aws_instance.gitaly-1[0][0m has been changed[0m[0m
[0m  [33m~[0m[0m resource "aws_instance" "gitaly-1" {
        [1m[0mid[0m[0m                                   = "i-01bfcd9df8f373080"
        [1m[0mtags[0m[0m                                 = {
            "app"  = "gitlab"
            "role" = "gitaly"
        }
        [90m# (27 unchanged attributes hidden)[0m[0m






      [33m~[0m [0mroot_block_device {
          [32m+[0m [0m[1m[0mtags[0m[0m                  = {}
            [90m# (8 unchanged attributes hidden)[0m[0m
        }
        [90m# (5 unchanged blocks hidden)[0m[0m
    }
[1m  # module.ec2.aws_instance.gitaly-1[1][0m has been changed[0m[0m
[0m  [33m~[0m[0m resource "aws_instance" "gitaly-1" {
        [1m[0mid[0m[0m                                   = "i-0d9e40a1adfb968b9"
        [1m[0mtags[0m[0m                                 = {
            "app"  = "gitlab"
            "role" = "gitaly"
        }
        [90m# (27 unchanged attributes hidden)[0m[0m






      [33m~[0m [0mroot_block_device {
          [32m+[0m [0m[1m[0mtags[0m[0m                  = {}
            [90m# (8 unchanged attributes hidden)[0m[0m
        }
        [90m# (5 unchanged blocks hidden)[0m[0m
    }
[1m  # module.ec2.aws_iam_instance_profile.all_profile[0m has been changed[0m[0m
[0m  [33m~[0m[0m resource "aws_iam_instance_profile" "all_profile" {
        [1m[0mid[0m[0m          = "mon_ec2_profile"
        [1m[0mname[0m[0m        = "mon_ec2_profile"
      [32m+[0m [0m[1m[0mtags[0m[0m        = {}
        [90m# (6 unchanged attributes hidden)[0m[0m
    }
[1m  # module.ec2.aws_instance.praefect-1[0][0m has been changed[0m[0m
[0m  [33m~[0m[0m resource "aws_instance" "praefect-1" {
        [1m[0mid[0m[0m                                   = "i-02f04159b6bce714e"
        [1m[0mtags[0m[0m                                 = {
            "app"  = "gitlab"
            "role" = "praefect"
        }
        [90m# (27 unchanged attributes hidden)[0m[0m





      [33m~[0m [0mroot_block_device {
          [32m+[0m [0m[1m[0mtags[0m[0m                  = {}
            [90m# (8 unchanged attributes hidden)[0m[0m
        }
        [90m# (4 unchanged blocks hidden)[0m[0m
    }
[1m  # module.ec2.aws_iam_role.all_role[0m has been changed[0m[0m
[0m  [33m~[0m[0m resource "aws_iam_role" "all_role" {
        [1m[0mid[0m[0m                    = "test_role"
      [33m~[0m [0m[1m[0mmanaged_policy_arns[0m[0m   = [
          [32m+[0m [0m"arn:aws:iam::472403309745:policy/test-policy",
        ]
        [1m[0mname[0m[0m                  = "test_role"
      [32m+[0m [0m[1m[0mtags[0m[0m                  = {}
        [90m# (8 unchanged attributes hidden)[0m[0m

        [90m# (1 unchanged block hidden)[0m[0m
    }
[1m  # module.ec2.aws_instance.bastion[0][0m has been changed[0m[0m
[0m  [33m~[0m[0m resource "aws_instance" "bastion" {
        [1m[0mid[0m[0m                                   = "i-03bdab46e096de696"
      [32m+[0m [0m[1m[0mtags[0m[0m                                 = {}
        [90m# (29 unchanged attributes hidden)[0m[0m





      [33m~[0m [0mroot_block_device {
          [32m+[0m [0m[1m[0mtags[0m[0m                  = {}
            [90m# (8 unchanged attributes hidden)[0m[0m
        }
        [90m# (4 unchanged blocks hidden)[0m[0m
    }
[1m  # module.ec2.aws_instance.mon-1[0][0m has been changed[0m[0m
[0m  [33m~[0m[0m resource "aws_instance" "mon-1" {
        [1m[0mid[0m[0m                                   = "i-00bfb9f9393136043"
        [1m[0mtags[0m[0m                                 = {
            "app"  = "gitlab"
            "role" = "monitoring"
        }
        [90m# (28 unchanged attributes hidden)[0m[0m






      [33m~[0m [0mroot_block_device {
          [32m+[0m [0m[1m[0mtags[0m[0m                  = {}
            [90m# (8 unchanged attributes hidden)[0m[0m
        }
        [90m# (5 unchanged blocks hidden)[0m[0m
    }
[1m  # module.ec2.aws_instance.app-1[0][0m has been changed[0m[0m
[0m  [33m~[0m[0m resource "aws_instance" "app-1" {
        [1m[0mid[0m[0m                                   = "i-02955ad494a2f4a9c"
        [1m[0mtags[0m[0m                                 = {
            "app"  = "gitlab"
            "role" = "application"
        }
        [90m# (29 unchanged attributes hidden)[0m[0m




      [33m~[0m [0mroot_block_device {
          [32m+[0m [0m[1m[0mtags[0m[0m                  = {}
            [90m# (8 unchanged attributes hidden)[0m[0m
        }
        [90m# (3 unchanged blocks hidden)[0m[0m
    }
[1m  # module.elasticache.aws_elasticache_subnet_group.default[0m has been changed[0m[0m
[0m  [33m~[0m[0m resource "aws_elasticache_subnet_group" "default" {
        [1m[0mid[0m[0m          = "gitlab"
        [1m[0mname[0m[0m        = "gitlab"
      [32m+[0m [0m[1m[0mtags[0m[0m        = {}
        [90m# (4 unchanged attributes hidden)[0m[0m
    }
[1m  # module.elasticache.aws_elasticache_replication_group.gitlab[0m has been changed[0m[0m
[0m  [33m~[0m[0m resource "aws_elasticache_replication_group" "gitlab" {
        [1m[0mid[0m[0m                            = "gitlab"
      [32m+[0m [0m[1m[0mtags[0m[0m                          = {}
        [90m# (27 unchanged attributes hidden)[0m[0m

        [90m# (1 unchanged block hidden)[0m[0m
    }
[1m  # module.rds.aws_db_subnet_group.default[0m has been changed[0m[0m
[0m  [33m~[0m[0m resource "aws_db_subnet_group" "default" {
        [1m[0mid[0m[0m          = "gitlab"
        [1m[0mname[0m[0m        = "gitlab"
      [32m+[0m [0m[1m[0mtags[0m[0m        = {}
        [90m# (4 unchanged attributes hidden)[0m[0m
    }
[1m  # module.route53.aws_route53_record.pages[0m has been changed[0m[0m
[0m  [33m~[0m[0m resource "aws_route53_record" "pages" {
        [1m[0mid[0m[0m      = "Z03784961IK1OBD4ROIC5_pages_A"
        [1m[0mname[0m[0m    = "pages"
      [32m+[0m [0m[1m[0mrecords[0m[0m = []
      [32m+[0m [0m[1m[0mttl[0m[0m     = 0
        [90m# (3 unchanged attributes hidden)[0m[0m

        [90m# (1 unchanged block hidden)[0m[0m
    }
[1m  # module.route53.aws_route53_record.registry[0m has been changed[0m[0m
[0m  [33m~[0m[0m resource "aws_route53_record" "registry" {
        [1m[0mid[0m[0m      = "Z03784961IK1OBD4ROIC5_registry_A"
        [1m[0mname[0m[0m    = "registry"
      [32m+[0m [0m[1m[0mrecords[0m[0m = []
      [32m+[0m [0m[1m[0mttl[0m[0m     = 0
        [90m# (3 unchanged attributes hidden)[0m[0m

        [90m# (1 unchanged block hidden)[0m[0m
    }
[1m  # module.route53.aws_route53_zone.gitlab[0m has been changed[0m[0m
[0m  [33m~[0m[0m resource "aws_route53_zone" "gitlab" {
        [1m[0mid[0m[0m            = "Z03784961IK1OBD4ROIC5"
        [1m[0mname[0m[0m          = "gitlab.sandbox783.opentlc.com"
      [32m+[0m [0m[1m[0mtags[0m[0m          = {}
        [90m# (5 unchanged attributes hidden)[0m[0m
    }
[1m  # module.route53.aws_route53_record.gui[0m has been changed[0m[0m
[0m  [33m~[0m[0m resource "aws_route53_record" "gui" {
        [1m[0mid[0m[0m      = "Z03784961IK1OBD4ROIC5_gui_A"
        [1m[0mname[0m[0m    = "gui"
      [32m+[0m [0m[1m[0mrecords[0m[0m = []
      [32m+[0m [0m[1m[0mttl[0m[0m     = 0
        [90m# (3 unchanged attributes hidden)[0m[0m

        [90m# (1 unchanged block hidden)[0m[0m
    }
[1m  # module.eks.aws_iam_role.eks-role[0m has been changed[0m[0m
[0m  [33m~[0m[0m resource "aws_iam_role" "eks-role" {
        [1m[0mid[0m[0m                    = "eks-cluster"
      [33m~[0m [0m[1m[0mmanaged_policy_arns[0m[0m   = [
          [32m+[0m [0m"arn:aws:iam::aws:policy/AmazonEKSClusterPolicy",
          [32m+[0m [0m"arn:aws:iam::aws:policy/AmazonEKSVPCResourceController",
        ]
        [1m[0mname[0m[0m                  = "eks-cluster"
      [32m+[0m [0m[1m[0mtags[0m[0m                  = {}
        [90m# (8 unchanged attributes hidden)[0m[0m

        [90m# (1 unchanged block hidden)[0m[0m
    }
[1m  # module.eks.aws_iam_role.eks-node-role[0m has been changed[0m[0m
[0m  [33m~[0m[0m resource "aws_iam_role" "eks-node-role" {
        [1m[0mid[0m[0m                    = "eks-node-role"
      [33m~[0m [0m[1m[0mmanaged_policy_arns[0m[0m   = [
          [32m+[0m [0m"arn:aws:iam::aws:policy/AmazonEC2ContainerRegistryReadOnly",
          [32m+[0m [0m"arn:aws:iam::aws:policy/AmazonEKSWorkerNodePolicy",
          [32m+[0m [0m"arn:aws:iam::aws:policy/AmazonEKS_CNI_Policy",
        ]
        [1m[0mname[0m[0m                  = "eks-node-role"
      [32m+[0m [0m[1m[0mtags[0m[0m                  = {}
        [90m# (8 unchanged attributes hidden)[0m[0m

        [90m# (1 unchanged block hidden)[0m[0m
    }
[1m  # module.eks.aws_eks_cluster.gitlab[0m has been changed[0m[0m
[0m  [33m~[0m[0m resource "aws_eks_cluster" "gitlab" {
      [32m+[0m [0m[1m[0menabled_cluster_log_types[0m[0m = []
        [1m[0mid[0m[0m                        = "gitlab-eks"
        [1m[0mname[0m[0m                      = "gitlab-eks"
      [32m+[0m [0m[1m[0mtags[0m[0m                      = {}
        [90m# (10 unchanged attributes hidden)[0m[0m


      [33m~[0m [0mvpc_config {
          [32m+[0m [0m[1m[0msecurity_group_ids[0m[0m        = []
            [90m# (6 unchanged attributes hidden)[0m[0m
        }
        [90m# (1 unchanged block hidden)[0m[0m
    }
[1m  # module.eks.aws_eks_node_group.gitlab[0m has been changed[0m[0m
[0m  [33m~[0m[0m resource "aws_eks_node_group" "gitlab" {
        [1m[0mid[0m[0m              = "gitlab-eks:default"
      [32m+[0m [0m[1m[0mlabels[0m[0m          = {}
      [32m+[0m [0m[1m[0mtags[0m[0m            = {}
        [90m# (14 unchanged attributes hidden)[0m[0m

        [90m# (1 unchanged block hidden)[0m[0m
    }
[1m  # module.rds.module.rds-storage.module.db_instance.aws_db_instance.this[0][0m has been changed[0m[0m
[0m  [33m~[0m[0m resource "aws_db_instance" "this" {
      [32m+[0m [0m[1m[0menabled_cloudwatch_logs_exports[0m[0m       = []
        [1m[0mid[0m[0m                                    = "gitlab-storage"
        [1m[0mname[0m[0m                                  = "praefect"
      [32m+[0m [0m[1m[0msecurity_group_names[0m[0m                  = []
        [1m[0mtags[0m[0m                                  = {
            "Name" = "gitlab-storage"
        }
        [90m# (45 unchanged attributes hidden)[0m[0m

        [90m# (1 unchanged block hidden)[0m[0m
    }
[1m  # module.lb.aws_elb.gitlab-monitoring-internal[0m has been changed[0m[0m
[0m  [33m~[0m[0m resource "aws_elb" "gitlab-monitoring-internal" {
        [1m[0mid[0m[0m                          = "gitlab-monitoring"
        [1m[0mname[0m[0m                        = "gitlab-monitoring"
        [1m[0mtags[0m[0m                        = {
            "Name" = "gitlab-monitoring-internal"
            "app"  = "gitlab"
        }
        [90m# (15 unchanged attributes hidden)[0m[0m


      [31m-[0m [0mlistener {
          [31m-[0m [0m[1m[0minstance_port[0m[0m     = 9090 [90m->[0m [0m[90mnull[0m[0m
          [31m-[0m [0m[1m[0minstance_protocol[0m[0m = "TCP" [90m->[0m [0m[90mnull[0m[0m
          [31m-[0m [0m[1m[0mlb_port[0m[0m           = 9090 [90m->[0m [0m[90mnull[0m[0m
          [31m-[0m [0m[1m[0mlb_protocol[0m[0m       = "TCP" [90m->[0m [0m[90mnull[0m[0m
        }
      [32m+[0m [0mlistener {
          [32m+[0m [0m[1m[0minstance_port[0m[0m     = 9090
          [32m+[0m [0m[1m[0minstance_protocol[0m[0m = "tcp"
          [32m+[0m [0m[1m[0mlb_port[0m[0m           = 9090
          [32m+[0m [0m[1m[0mlb_protocol[0m[0m       = "tcp"
        }
        [90m# (1 unchanged block hidden)[0m[0m
    }
[1m  # module.lb.aws_elb.gitlab-nlb-public[0m has been changed[0m[0m
[0m  [33m~[0m[0m resource "aws_elb" "gitlab-nlb-public" {
        [1m[0mid[0m[0m                          = "gitlab-nlb-public"
        [1m[0mname[0m[0m                        = "gitlab-nlb-public"
        [1m[0mtags[0m[0m                        = {
            "Name" = "gitlab-nlb-public"
            "app"  = "gitlab"
        }
        [90m# (15 unchanged attributes hidden)[0m[0m


      [31m-[0m [0mlistener {
          [31m-[0m [0m[1m[0minstance_port[0m[0m     = 22 [90m->[0m [0m[90mnull[0m[0m
          [31m-[0m [0m[1m[0minstance_protocol[0m[0m = "TCP" [90m->[0m [0m[90mnull[0m[0m
          [31m-[0m [0m[1m[0mlb_port[0m[0m           = 22 [90m->[0m [0m[90mnull[0m[0m
          [31m-[0m [0m[1m[0mlb_protocol[0m[0m       = "TCP" [90m->[0m [0m[90mnull[0m[0m
        }
      [32m+[0m [0mlistener {
          [32m+[0m [0m[1m[0minstance_port[0m[0m     = 22
          [32m+[0m [0m[1m[0minstance_protocol[0m[0m = "tcp"
          [32m+[0m [0m[1m[0mlb_port[0m[0m           = 22
          [32m+[0m [0m[1m[0mlb_protocol[0m[0m       = "tcp"
        }
      [31m-[0m [0mlistener {
          [31m-[0m [0m[1m[0minstance_port[0m[0m     = 80 [90m->[0m [0m[90mnull[0m[0m
          [31m-[0m [0m[1m[0minstance_protocol[0m[0m = "TCP" [90m->[0m [0m[90mnull[0m[0m
          [31m-[0m [0m[1m[0mlb_port[0m[0m           = 443 [90m->[0m [0m[90mnull[0m[0m
          [31m-[0m [0m[1m[0mlb_protocol[0m[0m       = "TCP" [90m->[0m [0m[90mnull[0m[0m
        }
      [31m-[0m [0mlistener {
          [31m-[0m [0m[1m[0minstance_port[0m[0m     = 80 [90m->[0m [0m[90mnull[0m[0m
          [31m-[0m [0m[1m[0minstance_protocol[0m[0m = "TCP" [90m->[0m [0m[90mnull[0m[0m
          [31m-[0m [0m[1m[0mlb_port[0m[0m           = 80 [90m->[0m [0m[90mnull[0m[0m
          [31m-[0m [0m[1m[0mlb_protocol[0m[0m       = "TCP" [90m->[0m [0m[90mnull[0m[0m
        }
      [32m+[0m [0mlistener {
          [32m+[0m [0m[1m[0minstance_port[0m[0m     = 80
          [32m+[0m [0m[1m[0minstance_protocol[0m[0m = "tcp"
          [32m+[0m [0m[1m[0mlb_port[0m[0m           = 443
          [32m+[0m [0m[1m[0mlb_protocol[0m[0m       = "tcp"
        }
      [32m+[0m [0mlistener {
          [32m+[0m [0m[1m[0minstance_port[0m[0m     = 80
          [32m+[0m [0m[1m[0minstance_protocol[0m[0m = "tcp"
          [32m+[0m [0m[1m[0mlb_port[0m[0m           = 80
          [32m+[0m [0m[1m[0mlb_protocol[0m[0m       = "tcp"
        }
        [90m# (1 unchanged block hidden)[0m[0m
    }
[1m  # module.lb.aws_elb.gitlab-storage-internal[0m has been changed[0m[0m
[0m  [33m~[0m[0m resource "aws_elb" "gitlab-storage-internal" {
        [1m[0mid[0m[0m                          = "gitlab-storage-internal"
        [1m[0mname[0m[0m                        = "gitlab-storage-internal"
        [1m[0mtags[0m[0m                        = {
            "Name" = "gitlab-storage-internal"
            "app"  = "gitlab"
        }
        [90m# (15 unchanged attributes hidden)[0m[0m


      [31m-[0m [0mlistener {
          [31m-[0m [0m[1m[0minstance_port[0m[0m     = 2305 [90m->[0m [0m[90mnull[0m[0m
          [31m-[0m [0m[1m[0minstance_protocol[0m[0m = "TCP" [90m->[0m [0m[90mnull[0m[0m
          [31m-[0m [0m[1m[0mlb_port[0m[0m           = 2305 [90m->[0m [0m[90mnull[0m[0m
          [31m-[0m [0m[1m[0mlb_protocol[0m[0m       = "TCP" [90m->[0m [0m[90mnull[0m[0m
        }
      [32m+[0m [0mlistener {
          [32m+[0m [0m[1m[0minstance_port[0m[0m     = 2305
          [32m+[0m [0m[1m[0minstance_protocol[0m[0m = "tcp"
          [32m+[0m [0m[1m[0mlb_port[0m[0m           = 2305
          [32m+[0m [0m[1m[0mlb_protocol[0m[0m       = "tcp"
        }
        [90m# (1 unchanged block hidden)[0m[0m
    }
[1m  # module.networking.aws_route_table.public[0m has been changed[0m[0m
[0m  [33m~[0m[0m resource "aws_route_table" "public" {
        [1m[0mid[0m[0m               = "rtb-0ab288ff3db0fb195"
      [33m~[0m [0m[1m[0mroute[0m[0m            = [
          [32m+[0m [0m{
              [32m+[0m [0mcarrier_gateway_id         = ""
              [32m+[0m [0mcidr_block                 = "0.0.0.0/0"
              [32m+[0m [0mdestination_prefix_list_id = ""
              [32m+[0m [0megress_only_gateway_id     = ""
              [32m+[0m [0mgateway_id                 = "igw-0158813283edf0aa1"
              [32m+[0m [0minstance_id                = ""
              [32m+[0m [0mipv6_cidr_block            = ""
              [32m+[0m [0mlocal_gateway_id           = ""
              [32m+[0m [0mnat_gateway_id             = ""
              [32m+[0m [0mnetwork_interface_id       = ""
              [32m+[0m [0mtransit_gateway_id         = ""
              [32m+[0m [0mvpc_endpoint_id            = ""
              [32m+[0m [0mvpc_peering_connection_id  = ""
            },
        ]
        [1m[0mtags[0m[0m             = {
            "Environment" = "dev"
            "Name"        = "dev-public-route-table"
        }
        [90m# (5 unchanged attributes hidden)[0m[0m
    }
[1m  # module.networking.aws_eip.nat_eip[0m has been changed[0m[0m
[0m  [33m~[0m[0m resource "aws_eip" "nat_eip" {
      [32m+[0m [0m[1m[0massociation_id[0m[0m       = "eipassoc-097e20bce78906712"
        [1m[0mid[0m[0m                   = "eipalloc-0bbe1e6229059ccd7"
      [32m+[0m [0m[1m[0mnetwork_interface[0m[0m    = "eni-09fe8d7fd91b64671"
      [32m+[0m [0m[1m[0mprivate_dns[0m[0m          = "ip-172-19-15-240.ec2.internal"
      [32m+[0m [0m[1m[0mprivate_ip[0m[0m           = "172.19.15.240"
      [32m+[0m [0m[1m[0mtags[0m[0m                 = {}
        [90m# (7 unchanged attributes hidden)[0m[0m
    }
[1m  # module.networking.aws_route_table.private[0m has been changed[0m[0m
[0m  [33m~[0m[0m resource "aws_route_table" "private" {
        [1m[0mid[0m[0m               = "rtb-0c596442b66ff0317"
      [33m~[0m [0m[1m[0mroute[0m[0m            = [
          [32m+[0m [0m{
              [32m+[0m [0mcarrier_gateway_id         = ""
              [32m+[0m [0mcidr_block                 = "0.0.0.0/0"
              [32m+[0m [0mdestination_prefix_list_id = ""
              [32m+[0m [0megress_only_gateway_id     = ""
              [32m+[0m [0mgateway_id                 = ""
              [32m+[0m [0minstance_id                = ""
              [32m+[0m [0mipv6_cidr_block            = ""
              [32m+[0m [0mlocal_gateway_id           = ""
              [32m+[0m [0mnat_gateway_id             = "nat-04cd5b31705d4649b"
              [32m+[0m [0mnetwork_interface_id       = ""
              [32m+[0m [0mtransit_gateway_id         = ""
              [32m+[0m [0mvpc_endpoint_id            = ""
              [32m+[0m [0mvpc_peering_connection_id  = ""
            },
        ]
        [1m[0mtags[0m[0m             = {
            "Environment" = "dev"
            "Name"        = "dev-private-route-table"
        }
        [90m# (5 unchanged attributes hidden)[0m[0m
    }

Unless you have made equivalent changes to your configuration, or ignored the
relevant attributes using ignore_changes, the following plan may include
actions to undo or respond to these changes.
[90m
─────────────────────────────────────────────────────────────────────────────[0m

Terraform used the selected providers to generate the following execution
plan. Resource actions are indicated with the following symbols:
  [33m~[0m update in-place
[0m
Terraform will perform the following actions:

[1m  # module.lb.aws_elb.gitlab-nlb-public[0m will be updated in-place[0m[0m
[0m  [33m~[0m[0m resource "aws_elb" "gitlab-nlb-public" {
        [1m[0mid[0m[0m                          = "gitlab-nlb-public"
        [1m[0mname[0m[0m                        = "gitlab-nlb-public"
      [33m~[0m [0m[1m[0msubnets[0m[0m                     = [
          [31m-[0m [0m"subnet-0c6503d4bcc532e43",
            [90m# (1 unchanged element hidden)[0m[0m
        ]
        [1m[0mtags[0m[0m                        = {
            "Name" = "gitlab-nlb-public"
            "app"  = "gitlab"
        }
        [90m# (14 unchanged attributes hidden)[0m[0m


        [90m# (4 unchanged blocks hidden)[0m[0m
    }

[0m[1mPlan:[0m 0 to add, 1 to change, 0 to destroy.
[0m[0m[1mmodule.lb.aws_elb.gitlab-nlb-public: Modifying... [id=gitlab-nlb-public][0m[0m
[0m[1mmodule.lb.aws_elb.gitlab-nlb-public: Modifications complete after 1s [id=gitlab-nlb-public][0m
[0m[1m[32m
Apply complete! Resources: 0 added, 1 changed, 0 destroyed.
[0m[0m[1m[32m
Outputs:

[0mapp-1-private-dns = [
  "ip-172-19-6-120.ec2.internal",
]
application_elb = "gitlab-nlb-public-1503835970.us-east-1.elb.amazonaws.com"
bastion-public-dns = "ec2-34-203-220-188.compute-1.amazonaws.com"
eks-cert = <sensitive>
eks-url = "https://09BFFFA109F9B65A53BA9FF83312C5E3.gr7.us-east-1.eks.amazonaws.com"
elasticache_endpoint = "master.gitlab.axzort.use1.cache.amazonaws.com"
gitaly-1-private-dns = [
  "ip-172-19-55-43.ec2.internal",
  "ip-172-19-61-88.ec2.internal",
]
gitlab-gui = "gui.gitlab.sandbox783.opentlc.com"
gitlab_database_endpoint = "gitlab-db.ckyusic6q7tq.us-east-1.rds.amazonaws.com"
gitlab_database_password = <sensitive>
mon-1-private-dns = [
  "ip-172-19-52-162.ec2.internal",
]
monitoring_elb = "internal-gitlab-monitoring-1619640413.us-east-1.elb.amazonaws.com"
praefect-1-private-dns = [
  "ip-172-19-60-148.ec2.internal",
]
praefect_database_endpoint = "gitlab-storage.ckyusic6q7tq.us-east-1.rds.amazonaws.com"
praefect_database_password = <sensitive>
storage_elb = "internal-gitlab-storage-internal-1908506134.us-east-1.elb.amazonaws.com"
